// !$*UTF8*$!
{
	archiveVersion = 1;
	classes = {
	};
	objectVersion = 55;
	objects = {

/* Begin PBXBuildFile section */
		4E96995627B13DD100C4CF8E /* DataProvider.swift in Sources */ = {isa = PBXBuildFile; fileRef = 4E96995327B13DD100C4CF8E /* DataProvider.swift */; };
		4E96995727B13DD100C4CF8E /* APILogger.swift in Sources */ = {isa = PBXBuildFile; fileRef = 4E96995427B13DD100C4CF8E /* APILogger.swift */; };
		4E96995827B13DD100C4CF8E /* APIRequestInterceptor.swift in Sources */ = {isa = PBXBuildFile; fileRef = 4E96995527B13DD100C4CF8E /* APIRequestInterceptor.swift */; };
		4E96997D27B1BF2200C4CF8E /* AppDelegate.swift in Sources */ = {isa = PBXBuildFile; fileRef = 4E96997C27B1BF2200C4CF8E /* AppDelegate.swift */; };
		4E96997F27B1BF3200C4CF8E /* AppDelegate+IQKeyboardManager.swift in Sources */ = {isa = PBXBuildFile; fileRef = 4E96997E27B1BF3200C4CF8E /* AppDelegate+IQKeyboardManager.swift */; };
		4E96998427B1BF7E00C4CF8E /* ScreenSize.swift in Sources */ = {isa = PBXBuildFile; fileRef = 4E96998127B1BF7E00C4CF8E /* ScreenSize.swift */; };
		4E96998527B1BF7E00C4CF8E /* Closures.swift in Sources */ = {isa = PBXBuildFile; fileRef = 4E96998227B1BF7E00C4CF8E /* Closures.swift */; };
		4E96998627B1BF7E00C4CF8E /* DateFormats.swift in Sources */ = {isa = PBXBuildFile; fileRef = 4E96998327B1BF7E00C4CF8E /* DateFormats.swift */; };
		4E96998927B1BF9300C4CF8E /* AlertUtility.swift in Sources */ = {isa = PBXBuildFile; fileRef = 4E96998727B1BF9300C4CF8E /* AlertUtility.swift */; };
		4E96998A27B1BF9300C4CF8E /* Extensions+UITextfield.swift in Sources */ = {isa = PBXBuildFile; fileRef = 4E96998827B1BF9300C4CF8E /* Extensions+UITextfield.swift */; };
		4E9699A027B1BFB600C4CF8E /* UIFont+Extensions.swift in Sources */ = {isa = PBXBuildFile; fileRef = 4E96998C27B1BFB600C4CF8E /* UIFont+Extensions.swift */; };
		4E9699A127B1BFB600C4CF8E /* Nunito-ExtraBold.ttf in Resources */ = {isa = PBXBuildFile; fileRef = 4E96998D27B1BFB600C4CF8E /* Nunito-ExtraBold.ttf */; };
		4E9699A227B1BFB600C4CF8E /* Nunito-SemiBold.ttf in Resources */ = {isa = PBXBuildFile; fileRef = 4E96998E27B1BFB600C4CF8E /* Nunito-SemiBold.ttf */; };
		4E9699A327B1BFB600C4CF8E /* Nunito-Bold.ttf in Resources */ = {isa = PBXBuildFile; fileRef = 4E96998F27B1BFB600C4CF8E /* Nunito-Bold.ttf */; };
		4E9699A427B1BFB600C4CF8E /* Fonts.swift in Sources */ = {isa = PBXBuildFile; fileRef = 4E96999027B1BFB600C4CF8E /* Fonts.swift */; };
		4E9699A527B1BFB600C4CF8E /* Modules.strings in Resources */ = {isa = PBXBuildFile; fileRef = 4E96999227B1BFB600C4CF8E /* Modules.strings */; };
		4E9699A627B1BFB600C4CF8E /* Componenets.strings in Resources */ = {isa = PBXBuildFile; fileRef = 4E96999327B1BFB600C4CF8E /* Componenets.strings */; };
		4E9699A727B1BFB600C4CF8E /* General.strings in Resources */ = {isa = PBXBuildFile; fileRef = 4E96999427B1BFB600C4CF8E /* General.strings */; };
		4E9699A827B1BFB600C4CF8E /* StringConstants.swift in Sources */ = {isa = PBXBuildFile; fileRef = 4E96999527B1BFB600C4CF8E /* StringConstants.swift */; };
		4E9699A927B1BFB600C4CF8E /* Error.strings in Resources */ = {isa = PBXBuildFile; fileRef = 4E96999627B1BFB600C4CF8E /* Error.strings */; };
		4E9699AA27B1BFB600C4CF8E /* Placeholder.strings in Resources */ = {isa = PBXBuildFile; fileRef = 4E96999727B1BFB600C4CF8E /* Placeholder.strings */; };
		4E9699AB27B1BFB600C4CF8E /* Assets.swift in Sources */ = {isa = PBXBuildFile; fileRef = 4E96999927B1BFB600C4CF8E /* Assets.swift */; };
		4E9699AC27B1BFB600C4CF8E /* UIImage+Icons.swift in Sources */ = {isa = PBXBuildFile; fileRef = 4E96999A27B1BFB600C4CF8E /* UIImage+Icons.swift */; };
		4E9699AD27B1BFB600C4CF8E /* Colors.xcassets in Resources */ = {isa = PBXBuildFile; fileRef = 4E96999B27B1BFB600C4CF8E /* Colors.xcassets */; };
		4E9699AE27B1BFB600C4CF8E /* UIImage+Images.swift in Sources */ = {isa = PBXBuildFile; fileRef = 4E96999C27B1BFB600C4CF8E /* UIImage+Images.swift */; };
		4E9699AF27B1BFB600C4CF8E /* Icons.xcassets in Resources */ = {isa = PBXBuildFile; fileRef = 4E96999D27B1BFB600C4CF8E /* Icons.xcassets */; };
		4E9699B027B1BFB600C4CF8E /* UIColor+Colors.swift in Sources */ = {isa = PBXBuildFile; fileRef = 4E96999E27B1BFB600C4CF8E /* UIColor+Colors.swift */; };
		4E9699B127B1BFB600C4CF8E /* Images.xcassets in Resources */ = {isa = PBXBuildFile; fileRef = 4E96999F27B1BFB600C4CF8E /* Images.xcassets */; };
		4E9699C027B1BFD200C4CF8E /* ModalTransition.swift in Sources */ = {isa = PBXBuildFile; fileRef = 4E9699B327B1BFD200C4CF8E /* ModalTransition.swift */; };
		4E9699C127B1BFD200C4CF8E /* PlaceOnWindowTransition.swift in Sources */ = {isa = PBXBuildFile; fileRef = 4E9699B427B1BFD200C4CF8E /* PlaceOnWindowTransition.swift */; };
		4E9699C227B1BFD200C4CF8E /* Transition.swift in Sources */ = {isa = PBXBuildFile; fileRef = 4E9699B527B1BFD200C4CF8E /* Transition.swift */; };
		4E9699C327B1BFD200C4CF8E /* PushTransition.swift in Sources */ = {isa = PBXBuildFile; fileRef = 4E9699B627B1BFD200C4CF8E /* PushTransition.swift */; };
		4E9699C427B1BFD200C4CF8E /* Animator.swift in Sources */ = {isa = PBXBuildFile; fileRef = 4E9699B827B1BFD200C4CF8E /* Animator.swift */; };
		4E9699C527B1BFD200C4CF8E /* Router.swift in Sources */ = {isa = PBXBuildFile; fileRef = 4E9699B927B1BFD200C4CF8E /* Router.swift */; };
		4E9699C627B1BFD200C4CF8E /* UnfollowAlertViewRoute.swift in Sources */ = {isa = PBXBuildFile; fileRef = 4E9699BB27B1BFD200C4CF8E /* UnfollowAlertViewRoute.swift */; };
		4E9699C727B1BFD200C4CF8E /* ShareSheetRoute.swift in Sources */ = {isa = PBXBuildFile; fileRef = 4E9699BC27B1BFD200C4CF8E /* ShareSheetRoute.swift */; };
		4E9699C827B1BFD200C4CF8E /* CommentEditDeleteAlertViewRoute.swift in Sources */ = {isa = PBXBuildFile; fileRef = 4E9699BD27B1BFD200C4CF8E /* CommentEditDeleteAlertViewRoute.swift */; };
		4E9699C927B1BFD200C4CF8E /* AppRouter.swift in Sources */ = {isa = PBXBuildFile; fileRef = 4E9699BF27B1BFD200C4CF8E /* AppRouter.swift */; };
		4E9699E927B1BFF400C4CF8E /* HomeRoute.swift in Sources */ = {isa = PBXBuildFile; fileRef = 4E9699CC27B1BFF400C4CF8E /* HomeRoute.swift */; };
		4E9699EA27B1BFF400C4CF8E /* HomeViewModel.swift in Sources */ = {isa = PBXBuildFile; fileRef = 4E9699CD27B1BFF400C4CF8E /* HomeViewModel.swift */; };
		4E9699EB27B1BFF400C4CF8E /* HomeCell.swift in Sources */ = {isa = PBXBuildFile; fileRef = 4E9699CE27B1BFF400C4CF8E /* HomeCell.swift */; };
		4E9699EC27B1BFF400C4CF8E /* HomeCellModel.swift in Sources */ = {isa = PBXBuildFile; fileRef = 4E9699CF27B1BFF400C4CF8E /* HomeCellModel.swift */; };
		4E9699ED27B1BFF400C4CF8E /* HomeViewController.swift in Sources */ = {isa = PBXBuildFile; fileRef = 4E9699D027B1BFF400C4CF8E /* HomeViewController.swift */; };
		4E9699EE27B1BFF400C4CF8E /* HomeRouter.swift in Sources */ = {isa = PBXBuildFile; fileRef = 4E9699D127B1BFF400C4CF8E /* HomeRouter.swift */; };
		4E9699EF27B1BFF400C4CF8E /* RegisterRouter.swift in Sources */ = {isa = PBXBuildFile; fileRef = 4E9699D427B1BFF400C4CF8E /* RegisterRouter.swift */; };
		4E9699F027B1BFF400C4CF8E /* RegisterRoute.swift in Sources */ = {isa = PBXBuildFile; fileRef = 4E9699D527B1BFF400C4CF8E /* RegisterRoute.swift */; };
		4E9699F127B1BFF400C4CF8E /* RegisterViewController.swift in Sources */ = {isa = PBXBuildFile; fileRef = 4E9699D627B1BFF400C4CF8E /* RegisterViewController.swift */; };
		4E9699F227B1BFF400C4CF8E /* RegisterViewModel.swift in Sources */ = {isa = PBXBuildFile; fileRef = 4E9699D727B1BFF400C4CF8E /* RegisterViewModel.swift */; };
		4E9699F327B1BFF400C4CF8E /* PasswordResetViewModel.swift in Sources */ = {isa = PBXBuildFile; fileRef = 4E9699D927B1BFF400C4CF8E /* PasswordResetViewModel.swift */; };
		4E9699F427B1BFF400C4CF8E /* PasswordResetRoute.swift in Sources */ = {isa = PBXBuildFile; fileRef = 4E9699DA27B1BFF400C4CF8E /* PasswordResetRoute.swift */; };
		4E9699F527B1BFF400C4CF8E /* PasswordResetViewController.swift in Sources */ = {isa = PBXBuildFile; fileRef = 4E9699DB27B1BFF400C4CF8E /* PasswordResetViewController.swift */; };
		4E9699F627B1BFF400C4CF8E /* PasswordResetRouter.swift in Sources */ = {isa = PBXBuildFile; fileRef = 4E9699DC27B1BFF400C4CF8E /* PasswordResetRouter.swift */; };
		4E9699F727B1BFF400C4CF8E /* LoginViewModel.swift in Sources */ = {isa = PBXBuildFile; fileRef = 4E9699DE27B1BFF400C4CF8E /* LoginViewModel.swift */; };
		4E9699F827B1BFF400C4CF8E /* LoginViewController.swift in Sources */ = {isa = PBXBuildFile; fileRef = 4E9699DF27B1BFF400C4CF8E /* LoginViewController.swift */; };
		4E9699F927B1BFF400C4CF8E /* LoginRoute.swift in Sources */ = {isa = PBXBuildFile; fileRef = 4E9699E027B1BFF400C4CF8E /* LoginRoute.swift */; };
		4E9699FA27B1BFF400C4CF8E /* LoginRouter.swift in Sources */ = {isa = PBXBuildFile; fileRef = 4E9699E127B1BFF400C4CF8E /* LoginRouter.swift */; };
		4E9699FB27B1BFF400C4CF8E /* MainTabBarController.swift in Sources */ = {isa = PBXBuildFile; fileRef = 4E9699E327B1BFF400C4CF8E /* MainTabBarController.swift */; };
		4E9699FC27B1BFF400C4CF8E /* MainTabBarRoute.swift in Sources */ = {isa = PBXBuildFile; fileRef = 4E9699E427B1BFF400C4CF8E /* MainTabBarRoute.swift */; };
		4E9699FD27B1BFF400C4CF8E /* BaseViewController.swift in Sources */ = {isa = PBXBuildFile; fileRef = 4E9699E627B1BFF400C4CF8E /* BaseViewController.swift */; };
		4E9699FE27B1BFF400C4CF8E /* BaseViewModel.swift in Sources */ = {isa = PBXBuildFile; fileRef = 4E9699E727B1BFF400C4CF8E /* BaseViewModel.swift */; };
		4E9699FF27B1BFF400C4CF8E /* MainNavigationController.swift in Sources */ = {isa = PBXBuildFile; fileRef = 4E9699E827B1BFF400C4CF8E /* MainNavigationController.swift */; };
		4E969A0727B1C01800C4CF8E /* Validation.swift in Sources */ = {isa = PBXBuildFile; fileRef = 4E969A0127B1C01800C4CF8E /* Validation.swift */; };
		4E969A0827B1C01800C4CF8E /* ButtonFactory.swift in Sources */ = {isa = PBXBuildFile; fileRef = 4E969A0527B1C01800C4CF8E /* ButtonFactory.swift */; };
		4EAEE99927B083A9001D4A86 /* Assets.xcassets in Resources */ = {isa = PBXBuildFile; fileRef = 4EAEE99827B083A9001D4A86 /* Assets.xcassets */; };
		4EAEE99C27B083A9001D4A86 /* LaunchScreen.storyboard in Resources */ = {isa = PBXBuildFile; fileRef = 4EAEE99A27B083A9001D4A86 /* LaunchScreen.storyboard */; };
		4EAEE9A727B083A9001D4A86 /* NoteMVVMRTests.swift in Sources */ = {isa = PBXBuildFile; fileRef = 4EAEE9A627B083A9001D4A86 /* NoteMVVMRTests.swift */; };
		4EAEE9B127B083A9001D4A86 /* NoteMVVMRUITests.swift in Sources */ = {isa = PBXBuildFile; fileRef = 4EAEE9B027B083A9001D4A86 /* NoteMVVMRUITests.swift */; };
		4EAEE9B327B083A9001D4A86 /* NoteMVVMRUITestsLaunchTests.swift in Sources */ = {isa = PBXBuildFile; fileRef = 4EAEE9B227B083A9001D4A86 /* NoteMVVMRUITestsLaunchTests.swift */; };
		4EAEEAFE27B08AE5001D4A86 /* DataProvider.framework in Frameworks */ = {isa = PBXBuildFile; fileRef = 4EAEEAFD27B08AE5001D4A86 /* DataProvider.framework */; };
		4EAEEAFF27B08AE5001D4A86 /* DataProvider.framework in Embed Frameworks */ = {isa = PBXBuildFile; fileRef = 4EAEEAFD27B08AE5001D4A86 /* DataProvider.framework */; settings = {ATTRIBUTES = (CodeSignOnCopy, RemoveHeadersOnCopy, ); }; };
		6F16BFF61E749766EA288895 /* Pods_NoteMVVMR_NoteMVVMRUITests.framework in Frameworks */ = {isa = PBXBuildFile; fileRef = E7C3F48527752B2378E0CC1C /* Pods_NoteMVVMR_NoteMVVMRUITests.framework */; };
		9A6B0EB30E4F665A7E20AB9A /* Pods_NoteMVVMR.framework in Frameworks */ = {isa = PBXBuildFile; fileRef = 067CF4C11E5AE31C71B2FDA0 /* Pods_NoteMVVMR.framework */; };
		C181400872DDD5C675CB9F5D /* Pods_NoteMVVMRTests.framework in Frameworks */ = {isa = PBXBuildFile; fileRef = 0818181B719BBA3FE4C08DF5 /* Pods_NoteMVVMRTests.framework */; };
/* End PBXBuildFile section */

/* Begin PBXContainerItemProxy section */
		4EAEE9A327B083A9001D4A86 /* PBXContainerItemProxy */ = {
			isa = PBXContainerItemProxy;
			containerPortal = 4EAEE98427B083A7001D4A86 /* Project object */;
			proxyType = 1;
			remoteGlobalIDString = 4EAEE98B27B083A7001D4A86;
			remoteInfo = NoteMVVMR;
		};
		4EAEE9AD27B083A9001D4A86 /* PBXContainerItemProxy */ = {
			isa = PBXContainerItemProxy;
			containerPortal = 4EAEE98427B083A7001D4A86 /* Project object */;
			proxyType = 1;
			remoteGlobalIDString = 4EAEE98B27B083A7001D4A86;
			remoteInfo = NoteMVVMR;
		};
/* End PBXContainerItemProxy section */

/* Begin PBXCopyFilesBuildPhase section */
		4EAEEB0027B08AE5001D4A86 /* Embed Frameworks */ = {
			isa = PBXCopyFilesBuildPhase;
			buildActionMask = 2147483647;
			dstPath = "";
			dstSubfolderSpec = 10;
			files = (
				4EAEEAFF27B08AE5001D4A86 /* DataProvider.framework in Embed Frameworks */,
			);
			name = "Embed Frameworks";
			runOnlyForDeploymentPostprocessing = 0;
		};
/* End PBXCopyFilesBuildPhase section */

/* Begin PBXFileReference section */
		02DF4BB9265B2E07F1A9B1CF /* Pods-NoteMVVMR-NoteMVVMRUITests.debug.xcconfig */ = {isa = PBXFileReference; includeInIndex = 1; lastKnownFileType = text.xcconfig; name = "Pods-NoteMVVMR-NoteMVVMRUITests.debug.xcconfig"; path = "Target Support Files/Pods-NoteMVVMR-NoteMVVMRUITests/Pods-NoteMVVMR-NoteMVVMRUITests.debug.xcconfig"; sourceTree = "<group>"; };
		067CF4C11E5AE31C71B2FDA0 /* Pods_NoteMVVMR.framework */ = {isa = PBXFileReference; explicitFileType = wrapper.framework; includeInIndex = 0; path = Pods_NoteMVVMR.framework; sourceTree = BUILT_PRODUCTS_DIR; };
		0818181B719BBA3FE4C08DF5 /* Pods_NoteMVVMRTests.framework */ = {isa = PBXFileReference; explicitFileType = wrapper.framework; includeInIndex = 0; path = Pods_NoteMVVMRTests.framework; sourceTree = BUILT_PRODUCTS_DIR; };
		2EAE4FBE4E6E47C816E10D9E /* Pods-NoteMVVMRTests.release.xcconfig */ = {isa = PBXFileReference; includeInIndex = 1; lastKnownFileType = text.xcconfig; name = "Pods-NoteMVVMRTests.release.xcconfig"; path = "Target Support Files/Pods-NoteMVVMRTests/Pods-NoteMVVMRTests.release.xcconfig"; sourceTree = "<group>"; };
		3768E22604B499C1E2E529F5 /* Pods-NoteMVVMR.debug.xcconfig */ = {isa = PBXFileReference; includeInIndex = 1; lastKnownFileType = text.xcconfig; name = "Pods-NoteMVVMR.debug.xcconfig"; path = "Target Support Files/Pods-NoteMVVMR/Pods-NoteMVVMR.debug.xcconfig"; sourceTree = "<group>"; };
		4E96995327B13DD100C4CF8E /* DataProvider.swift */ = {isa = PBXFileReference; fileEncoding = 4; lastKnownFileType = sourcecode.swift; path = DataProvider.swift; sourceTree = "<group>"; };
		4E96995427B13DD100C4CF8E /* APILogger.swift */ = {isa = PBXFileReference; fileEncoding = 4; lastKnownFileType = sourcecode.swift; path = APILogger.swift; sourceTree = "<group>"; };
		4E96995527B13DD100C4CF8E /* APIRequestInterceptor.swift */ = {isa = PBXFileReference; fileEncoding = 4; lastKnownFileType = sourcecode.swift; path = APIRequestInterceptor.swift; sourceTree = "<group>"; };
		4E96997C27B1BF2200C4CF8E /* AppDelegate.swift */ = {isa = PBXFileReference; fileEncoding = 4; lastKnownFileType = sourcecode.swift; name = AppDelegate.swift; path = NoteMVVMR/AppDelegate/AppDelegate.swift; sourceTree = SOURCE_ROOT; };
		4E96997E27B1BF3200C4CF8E /* AppDelegate+IQKeyboardManager.swift */ = {isa = PBXFileReference; fileEncoding = 4; lastKnownFileType = sourcecode.swift; name = "AppDelegate+IQKeyboardManager.swift"; path = "NoteMVVMR/AppDelegate/AppDelegate+IQKeyboardManager.swift"; sourceTree = SOURCE_ROOT; };
		4E96998127B1BF7E00C4CF8E /* ScreenSize.swift */ = {isa = PBXFileReference; fileEncoding = 4; lastKnownFileType = sourcecode.swift; name = ScreenSize.swift; path = NoteMVVMR/Constants/ScreenSize.swift; sourceTree = SOURCE_ROOT; };
		4E96998227B1BF7E00C4CF8E /* Closures.swift */ = {isa = PBXFileReference; fileEncoding = 4; lastKnownFileType = sourcecode.swift; name = Closures.swift; path = NoteMVVMR/Constants/Closures.swift; sourceTree = SOURCE_ROOT; };
		4E96998327B1BF7E00C4CF8E /* DateFormats.swift */ = {isa = PBXFileReference; fileEncoding = 4; lastKnownFileType = sourcecode.swift; name = DateFormats.swift; path = NoteMVVMR/Constants/DateFormats.swift; sourceTree = SOURCE_ROOT; };
		4E96998727B1BF9300C4CF8E /* AlertUtility.swift */ = {isa = PBXFileReference; fileEncoding = 4; lastKnownFileType = sourcecode.swift; name = AlertUtility.swift; path = NoteMVVMR/Extensions/AlertUtility.swift; sourceTree = SOURCE_ROOT; };
		4E96998827B1BF9300C4CF8E /* Extensions+UITextfield.swift */ = {isa = PBXFileReference; fileEncoding = 4; lastKnownFileType = sourcecode.swift; name = "Extensions+UITextfield.swift"; path = "NoteMVVMR/Extensions/Extensions+UITextfield.swift"; sourceTree = SOURCE_ROOT; };
		4E96998C27B1BFB600C4CF8E /* UIFont+Extensions.swift */ = {isa = PBXFileReference; fileEncoding = 4; lastKnownFileType = sourcecode.swift; path = "UIFont+Extensions.swift"; sourceTree = "<group>"; };
		4E96998D27B1BFB600C4CF8E /* Nunito-ExtraBold.ttf */ = {isa = PBXFileReference; lastKnownFileType = file; path = "Nunito-ExtraBold.ttf"; sourceTree = "<group>"; };
		4E96998E27B1BFB600C4CF8E /* Nunito-SemiBold.ttf */ = {isa = PBXFileReference; lastKnownFileType = file; path = "Nunito-SemiBold.ttf"; sourceTree = "<group>"; };
		4E96998F27B1BFB600C4CF8E /* Nunito-Bold.ttf */ = {isa = PBXFileReference; lastKnownFileType = file; path = "Nunito-Bold.ttf"; sourceTree = "<group>"; };
		4E96999027B1BFB600C4CF8E /* Fonts.swift */ = {isa = PBXFileReference; fileEncoding = 4; lastKnownFileType = sourcecode.swift; path = Fonts.swift; sourceTree = "<group>"; };
		4E96999227B1BFB600C4CF8E /* Modules.strings */ = {isa = PBXFileReference; fileEncoding = 4; lastKnownFileType = text.plist.strings; path = Modules.strings; sourceTree = "<group>"; };
		4E96999327B1BFB600C4CF8E /* Componenets.strings */ = {isa = PBXFileReference; fileEncoding = 4; lastKnownFileType = text.plist.strings; path = Componenets.strings; sourceTree = "<group>"; };
		4E96999427B1BFB600C4CF8E /* General.strings */ = {isa = PBXFileReference; fileEncoding = 4; lastKnownFileType = text.plist.strings; path = General.strings; sourceTree = "<group>"; };
		4E96999527B1BFB600C4CF8E /* StringConstants.swift */ = {isa = PBXFileReference; fileEncoding = 4; lastKnownFileType = sourcecode.swift; path = StringConstants.swift; sourceTree = "<group>"; };
		4E96999627B1BFB600C4CF8E /* Error.strings */ = {isa = PBXFileReference; fileEncoding = 4; lastKnownFileType = text.plist.strings; path = Error.strings; sourceTree = "<group>"; };
		4E96999727B1BFB600C4CF8E /* Placeholder.strings */ = {isa = PBXFileReference; fileEncoding = 4; lastKnownFileType = text.plist.strings; path = Placeholder.strings; sourceTree = "<group>"; };
		4E96999927B1BFB600C4CF8E /* Assets.swift */ = {isa = PBXFileReference; fileEncoding = 4; lastKnownFileType = sourcecode.swift; path = Assets.swift; sourceTree = "<group>"; };
		4E96999A27B1BFB600C4CF8E /* UIImage+Icons.swift */ = {isa = PBXFileReference; fileEncoding = 4; lastKnownFileType = sourcecode.swift; path = "UIImage+Icons.swift"; sourceTree = "<group>"; };
		4E96999B27B1BFB600C4CF8E /* Colors.xcassets */ = {isa = PBXFileReference; lastKnownFileType = folder.assetcatalog; path = Colors.xcassets; sourceTree = "<group>"; };
		4E96999C27B1BFB600C4CF8E /* UIImage+Images.swift */ = {isa = PBXFileReference; fileEncoding = 4; lastKnownFileType = sourcecode.swift; path = "UIImage+Images.swift"; sourceTree = "<group>"; };
		4E96999D27B1BFB600C4CF8E /* Icons.xcassets */ = {isa = PBXFileReference; lastKnownFileType = folder.assetcatalog; path = Icons.xcassets; sourceTree = "<group>"; };
		4E96999E27B1BFB600C4CF8E /* UIColor+Colors.swift */ = {isa = PBXFileReference; fileEncoding = 4; lastKnownFileType = sourcecode.swift; path = "UIColor+Colors.swift"; sourceTree = "<group>"; };
		4E96999F27B1BFB600C4CF8E /* Images.xcassets */ = {isa = PBXFileReference; lastKnownFileType = folder.assetcatalog; path = Images.xcassets; sourceTree = "<group>"; };
		4E9699B327B1BFD200C4CF8E /* ModalTransition.swift */ = {isa = PBXFileReference; fileEncoding = 4; lastKnownFileType = sourcecode.swift; path = ModalTransition.swift; sourceTree = "<group>"; };
		4E9699B427B1BFD200C4CF8E /* PlaceOnWindowTransition.swift */ = {isa = PBXFileReference; fileEncoding = 4; lastKnownFileType = sourcecode.swift; path = PlaceOnWindowTransition.swift; sourceTree = "<group>"; };
		4E9699B527B1BFD200C4CF8E /* Transition.swift */ = {isa = PBXFileReference; fileEncoding = 4; lastKnownFileType = sourcecode.swift; path = Transition.swift; sourceTree = "<group>"; };
		4E9699B627B1BFD200C4CF8E /* PushTransition.swift */ = {isa = PBXFileReference; fileEncoding = 4; lastKnownFileType = sourcecode.swift; path = PushTransition.swift; sourceTree = "<group>"; };
		4E9699B827B1BFD200C4CF8E /* Animator.swift */ = {isa = PBXFileReference; fileEncoding = 4; lastKnownFileType = sourcecode.swift; path = Animator.swift; sourceTree = "<group>"; };
		4E9699B927B1BFD200C4CF8E /* Router.swift */ = {isa = PBXFileReference; fileEncoding = 4; lastKnownFileType = sourcecode.swift; path = Router.swift; sourceTree = "<group>"; };
		4E9699BB27B1BFD200C4CF8E /* UnfollowAlertViewRoute.swift */ = {isa = PBXFileReference; fileEncoding = 4; lastKnownFileType = sourcecode.swift; path = UnfollowAlertViewRoute.swift; sourceTree = "<group>"; };
		4E9699BC27B1BFD200C4CF8E /* ShareSheetRoute.swift */ = {isa = PBXFileReference; fileEncoding = 4; lastKnownFileType = sourcecode.swift; path = ShareSheetRoute.swift; sourceTree = "<group>"; };
		4E9699BD27B1BFD200C4CF8E /* CommentEditDeleteAlertViewRoute.swift */ = {isa = PBXFileReference; fileEncoding = 4; lastKnownFileType = sourcecode.swift; path = CommentEditDeleteAlertViewRoute.swift; sourceTree = "<group>"; };
		4E9699BF27B1BFD200C4CF8E /* AppRouter.swift */ = {isa = PBXFileReference; fileEncoding = 4; lastKnownFileType = sourcecode.swift; path = AppRouter.swift; sourceTree = "<group>"; };
		4E9699CC27B1BFF400C4CF8E /* HomeRoute.swift */ = {isa = PBXFileReference; fileEncoding = 4; lastKnownFileType = sourcecode.swift; path = HomeRoute.swift; sourceTree = "<group>"; };
		4E9699CD27B1BFF400C4CF8E /* HomeViewModel.swift */ = {isa = PBXFileReference; fileEncoding = 4; lastKnownFileType = sourcecode.swift; path = HomeViewModel.swift; sourceTree = "<group>"; };
		4E9699CE27B1BFF400C4CF8E /* HomeCell.swift */ = {isa = PBXFileReference; fileEncoding = 4; lastKnownFileType = sourcecode.swift; path = HomeCell.swift; sourceTree = "<group>"; };
		4E9699CF27B1BFF400C4CF8E /* HomeCellModel.swift */ = {isa = PBXFileReference; fileEncoding = 4; lastKnownFileType = sourcecode.swift; path = HomeCellModel.swift; sourceTree = "<group>"; };
		4E9699D027B1BFF400C4CF8E /* HomeViewController.swift */ = {isa = PBXFileReference; fileEncoding = 4; lastKnownFileType = sourcecode.swift; path = HomeViewController.swift; sourceTree = "<group>"; };
		4E9699D127B1BFF400C4CF8E /* HomeRouter.swift */ = {isa = PBXFileReference; fileEncoding = 4; lastKnownFileType = sourcecode.swift; path = HomeRouter.swift; sourceTree = "<group>"; };
		4E9699D427B1BFF400C4CF8E /* RegisterRouter.swift */ = {isa = PBXFileReference; fileEncoding = 4; lastKnownFileType = sourcecode.swift; path = RegisterRouter.swift; sourceTree = "<group>"; };
		4E9699D527B1BFF400C4CF8E /* RegisterRoute.swift */ = {isa = PBXFileReference; fileEncoding = 4; lastKnownFileType = sourcecode.swift; path = RegisterRoute.swift; sourceTree = "<group>"; };
		4E9699D627B1BFF400C4CF8E /* RegisterViewController.swift */ = {isa = PBXFileReference; fileEncoding = 4; lastKnownFileType = sourcecode.swift; path = RegisterViewController.swift; sourceTree = "<group>"; };
		4E9699D727B1BFF400C4CF8E /* RegisterViewModel.swift */ = {isa = PBXFileReference; fileEncoding = 4; lastKnownFileType = sourcecode.swift; path = RegisterViewModel.swift; sourceTree = "<group>"; };
		4E9699D927B1BFF400C4CF8E /* PasswordResetViewModel.swift */ = {isa = PBXFileReference; fileEncoding = 4; lastKnownFileType = sourcecode.swift; path = PasswordResetViewModel.swift; sourceTree = "<group>"; };
		4E9699DA27B1BFF400C4CF8E /* PasswordResetRoute.swift */ = {isa = PBXFileReference; fileEncoding = 4; lastKnownFileType = sourcecode.swift; path = PasswordResetRoute.swift; sourceTree = "<group>"; };
		4E9699DB27B1BFF400C4CF8E /* PasswordResetViewController.swift */ = {isa = PBXFileReference; fileEncoding = 4; lastKnownFileType = sourcecode.swift; path = PasswordResetViewController.swift; sourceTree = "<group>"; };
		4E9699DC27B1BFF400C4CF8E /* PasswordResetRouter.swift */ = {isa = PBXFileReference; fileEncoding = 4; lastKnownFileType = sourcecode.swift; path = PasswordResetRouter.swift; sourceTree = "<group>"; };
		4E9699DE27B1BFF400C4CF8E /* LoginViewModel.swift */ = {isa = PBXFileReference; fileEncoding = 4; lastKnownFileType = sourcecode.swift; path = LoginViewModel.swift; sourceTree = "<group>"; };
		4E9699DF27B1BFF400C4CF8E /* LoginViewController.swift */ = {isa = PBXFileReference; fileEncoding = 4; lastKnownFileType = sourcecode.swift; path = LoginViewController.swift; sourceTree = "<group>"; };
		4E9699E027B1BFF400C4CF8E /* LoginRoute.swift */ = {isa = PBXFileReference; fileEncoding = 4; lastKnownFileType = sourcecode.swift; path = LoginRoute.swift; sourceTree = "<group>"; };
		4E9699E127B1BFF400C4CF8E /* LoginRouter.swift */ = {isa = PBXFileReference; fileEncoding = 4; lastKnownFileType = sourcecode.swift; path = LoginRouter.swift; sourceTree = "<group>"; };
		4E9699E327B1BFF400C4CF8E /* MainTabBarController.swift */ = {isa = PBXFileReference; fileEncoding = 4; lastKnownFileType = sourcecode.swift; path = MainTabBarController.swift; sourceTree = "<group>"; };
		4E9699E427B1BFF400C4CF8E /* MainTabBarRoute.swift */ = {isa = PBXFileReference; fileEncoding = 4; lastKnownFileType = sourcecode.swift; path = MainTabBarRoute.swift; sourceTree = "<group>"; };
		4E9699E627B1BFF400C4CF8E /* BaseViewController.swift */ = {isa = PBXFileReference; fileEncoding = 4; lastKnownFileType = sourcecode.swift; path = BaseViewController.swift; sourceTree = "<group>"; };
		4E9699E727B1BFF400C4CF8E /* BaseViewModel.swift */ = {isa = PBXFileReference; fileEncoding = 4; lastKnownFileType = sourcecode.swift; path = BaseViewModel.swift; sourceTree = "<group>"; };
		4E9699E827B1BFF400C4CF8E /* MainNavigationController.swift */ = {isa = PBXFileReference; fileEncoding = 4; lastKnownFileType = sourcecode.swift; path = MainNavigationController.swift; sourceTree = "<group>"; };
		4E969A0127B1C01800C4CF8E /* Validation.swift */ = {isa = PBXFileReference; fileEncoding = 4; lastKnownFileType = sourcecode.swift; path = Validation.swift; sourceTree = "<group>"; };
		4E969A0527B1C01800C4CF8E /* ButtonFactory.swift */ = {isa = PBXFileReference; fileEncoding = 4; lastKnownFileType = sourcecode.swift; path = ButtonFactory.swift; sourceTree = "<group>"; };
		4E969A4027B1C66600C4CF8E /* NoteMVVMR-Bridging-Header.h */ = {isa = PBXFileReference; fileEncoding = 4; lastKnownFileType = sourcecode.c.h; path = "NoteMVVMR-Bridging-Header.h"; sourceTree = "<group>"; };
		4EAEE98C27B083A7001D4A86 /* NoteMVVMR.app */ = {isa = PBXFileReference; explicitFileType = wrapper.application; includeInIndex = 0; path = NoteMVVMR.app; sourceTree = BUILT_PRODUCTS_DIR; };
		4EAEE99827B083A9001D4A86 /* Assets.xcassets */ = {isa = PBXFileReference; lastKnownFileType = folder.assetcatalog; path = Assets.xcassets; sourceTree = "<group>"; };
		4EAEE99B27B083A9001D4A86 /* Base */ = {isa = PBXFileReference; lastKnownFileType = file.storyboard; name = Base; path = Base.lproj/LaunchScreen.storyboard; sourceTree = "<group>"; };
		4EAEE99D27B083A9001D4A86 /* Info.plist */ = {isa = PBXFileReference; lastKnownFileType = text.plist.xml; path = Info.plist; sourceTree = "<group>"; };
		4EAEE9A227B083A9001D4A86 /* NoteMVVMRTests.xctest */ = {isa = PBXFileReference; explicitFileType = wrapper.cfbundle; includeInIndex = 0; path = NoteMVVMRTests.xctest; sourceTree = BUILT_PRODUCTS_DIR; };
		4EAEE9A627B083A9001D4A86 /* NoteMVVMRTests.swift */ = {isa = PBXFileReference; lastKnownFileType = sourcecode.swift; path = NoteMVVMRTests.swift; sourceTree = "<group>"; };
		4EAEE9AC27B083A9001D4A86 /* NoteMVVMRUITests.xctest */ = {isa = PBXFileReference; explicitFileType = wrapper.cfbundle; includeInIndex = 0; path = NoteMVVMRUITests.xctest; sourceTree = BUILT_PRODUCTS_DIR; };
		4EAEE9B027B083A9001D4A86 /* NoteMVVMRUITests.swift */ = {isa = PBXFileReference; lastKnownFileType = sourcecode.swift; path = NoteMVVMRUITests.swift; sourceTree = "<group>"; };
		4EAEE9B227B083A9001D4A86 /* NoteMVVMRUITestsLaunchTests.swift */ = {isa = PBXFileReference; lastKnownFileType = sourcecode.swift; path = NoteMVVMRUITestsLaunchTests.swift; sourceTree = "<group>"; };
		4EAEEAFD27B08AE5001D4A86 /* DataProvider.framework */ = {isa = PBXFileReference; explicitFileType = wrapper.framework; path = DataProvider.framework; sourceTree = BUILT_PRODUCTS_DIR; };
		4EAEEB0127B08B76001D4A86 /* DataProviderTests.xctest */ = {isa = PBXFileReference; explicitFileType = wrapper.cfbundle; path = DataProviderTests.xctest; sourceTree = BUILT_PRODUCTS_DIR; };
		75C526F617727CBC940D794B /* Pods-NoteMVVMR.release.xcconfig */ = {isa = PBXFileReference; includeInIndex = 1; lastKnownFileType = text.xcconfig; name = "Pods-NoteMVVMR.release.xcconfig"; path = "Target Support Files/Pods-NoteMVVMR/Pods-NoteMVVMR.release.xcconfig"; sourceTree = "<group>"; };
		8DA9215F0A78F67EF42E2711 /* Pods-NoteMVVMR-NoteMVVMRUITests.release.xcconfig */ = {isa = PBXFileReference; includeInIndex = 1; lastKnownFileType = text.xcconfig; name = "Pods-NoteMVVMR-NoteMVVMRUITests.release.xcconfig"; path = "Target Support Files/Pods-NoteMVVMR-NoteMVVMRUITests/Pods-NoteMVVMR-NoteMVVMRUITests.release.xcconfig"; sourceTree = "<group>"; };
		C152771B28DEFA0631843281 /* Pods-NoteMVVMRTests.debug.xcconfig */ = {isa = PBXFileReference; includeInIndex = 1; lastKnownFileType = text.xcconfig; name = "Pods-NoteMVVMRTests.debug.xcconfig"; path = "Target Support Files/Pods-NoteMVVMRTests/Pods-NoteMVVMRTests.debug.xcconfig"; sourceTree = "<group>"; };
		E7C3F48527752B2378E0CC1C /* Pods_NoteMVVMR_NoteMVVMRUITests.framework */ = {isa = PBXFileReference; explicitFileType = wrapper.framework; includeInIndex = 0; path = Pods_NoteMVVMR_NoteMVVMRUITests.framework; sourceTree = BUILT_PRODUCTS_DIR; };
/* End PBXFileReference section */

/* Begin PBXFrameworksBuildPhase section */
		4EAEE98927B083A7001D4A86 /* Frameworks */ = {
			isa = PBXFrameworksBuildPhase;
			buildActionMask = 2147483647;
			files = (
				4EAEEAFE27B08AE5001D4A86 /* DataProvider.framework in Frameworks */,
				9A6B0EB30E4F665A7E20AB9A /* Pods_NoteMVVMR.framework in Frameworks */,
			);
			runOnlyForDeploymentPostprocessing = 0;
		};
		4EAEE99F27B083A9001D4A86 /* Frameworks */ = {
			isa = PBXFrameworksBuildPhase;
			buildActionMask = 2147483647;
			files = (
				C181400872DDD5C675CB9F5D /* Pods_NoteMVVMRTests.framework in Frameworks */,
			);
			runOnlyForDeploymentPostprocessing = 0;
		};
		4EAEE9A927B083A9001D4A86 /* Frameworks */ = {
			isa = PBXFrameworksBuildPhase;
			buildActionMask = 2147483647;
			files = (
				6F16BFF61E749766EA288895 /* Pods_NoteMVVMR_NoteMVVMRUITests.framework in Frameworks */,
			);
			runOnlyForDeploymentPostprocessing = 0;
		};
/* End PBXFrameworksBuildPhase section */

/* Begin PBXGroup section */
		4E96995227B13DD100C4CF8E /* DataProvider */ = {
			isa = PBXGroup;
			children = (
				4E96995327B13DD100C4CF8E /* DataProvider.swift */,
				4E96995427B13DD100C4CF8E /* APILogger.swift */,
				4E96995527B13DD100C4CF8E /* APIRequestInterceptor.swift */,
			);
			path = DataProvider;
			sourceTree = "<group>";
		};
		4E96998B27B1BFB600C4CF8E /* Fonts */ = {
			isa = PBXGroup;
			children = (
				4E96998C27B1BFB600C4CF8E /* UIFont+Extensions.swift */,
				4E96998D27B1BFB600C4CF8E /* Nunito-ExtraBold.ttf */,
				4E96998E27B1BFB600C4CF8E /* Nunito-SemiBold.ttf */,
				4E96998F27B1BFB600C4CF8E /* Nunito-Bold.ttf */,
				4E96999027B1BFB600C4CF8E /* Fonts.swift */,
			);
			name = Fonts;
			path = NoteMVVMR/Resources/Fonts;
			sourceTree = SOURCE_ROOT;
		};
		4E96999127B1BFB600C4CF8E /* Strings */ = {
			isa = PBXGroup;
			children = (
				4E96999227B1BFB600C4CF8E /* Modules.strings */,
				4E96999327B1BFB600C4CF8E /* Componenets.strings */,
				4E96999427B1BFB600C4CF8E /* General.strings */,
				4E96999527B1BFB600C4CF8E /* StringConstants.swift */,
				4E96999627B1BFB600C4CF8E /* Error.strings */,
				4E96999727B1BFB600C4CF8E /* Placeholder.strings */,
			);
			name = Strings;
			path = NoteMVVMR/Resources/Strings;
			sourceTree = SOURCE_ROOT;
		};
		4E96999827B1BFB600C4CF8E /* Assets */ = {
			isa = PBXGroup;
			children = (
				4E96999927B1BFB600C4CF8E /* Assets.swift */,
				4E96999A27B1BFB600C4CF8E /* UIImage+Icons.swift */,
				4E96999B27B1BFB600C4CF8E /* Colors.xcassets */,
				4E96999C27B1BFB600C4CF8E /* UIImage+Images.swift */,
				4E96999D27B1BFB600C4CF8E /* Icons.xcassets */,
				4E96999E27B1BFB600C4CF8E /* UIColor+Colors.swift */,
				4E96999F27B1BFB600C4CF8E /* Images.xcassets */,
			);
			name = Assets;
			path = NoteMVVMR/Resources/Assets;
			sourceTree = SOURCE_ROOT;
		};
		4E9699B227B1BFD200C4CF8E /* Transitions */ = {
			isa = PBXGroup;
			children = (
				4E9699B327B1BFD200C4CF8E /* ModalTransition.swift */,
				4E9699B427B1BFD200C4CF8E /* PlaceOnWindowTransition.swift */,
				4E9699B527B1BFD200C4CF8E /* Transition.swift */,
				4E9699B627B1BFD200C4CF8E /* PushTransition.swift */,
			);
			name = Transitions;
			path = NoteMVVMR/Routing/Transitions;
			sourceTree = SOURCE_ROOT;
		};
		4E9699B727B1BFD200C4CF8E /* Core */ = {
			isa = PBXGroup;
			children = (
				4E9699B827B1BFD200C4CF8E /* Animator.swift */,
				4E9699B927B1BFD200C4CF8E /* Router.swift */,
			);
			name = Core;
			path = NoteMVVMR/Routing/Core;
			sourceTree = SOURCE_ROOT;
		};
		4E9699BA27B1BFD200C4CF8E /* Routes */ = {
			isa = PBXGroup;
			children = (
				4E9699BB27B1BFD200C4CF8E /* UnfollowAlertViewRoute.swift */,
				4E9699BC27B1BFD200C4CF8E /* ShareSheetRoute.swift */,
				4E9699BD27B1BFD200C4CF8E /* CommentEditDeleteAlertViewRoute.swift */,
			);
			name = Routes;
			path = NoteMVVMR/Routing/Routes;
			sourceTree = SOURCE_ROOT;
		};
		4E9699BE27B1BFD200C4CF8E /* Routers */ = {
			isa = PBXGroup;
			children = (
				4E9699BF27B1BFD200C4CF8E /* AppRouter.swift */,
			);
			name = Routers;
			path = NoteMVVMR/Routing/Routers;
			sourceTree = SOURCE_ROOT;
		};
		4E9699CA27B1BFF400C4CF8E /* Scenes */ = {
			isa = PBXGroup;
			children = (
				4E9699CB27B1BFF400C4CF8E /* Home */,
				4E9699D227B1BFF400C4CF8E /* Auth */,
				4E9699E227B1BFF400C4CF8E /* Main */,
				4E9699E527B1BFF400C4CF8E /* Base */,
			);
			path = Scenes;
			sourceTree = "<group>";
		};
		4E9699CB27B1BFF400C4CF8E /* Home */ = {
			isa = PBXGroup;
			children = (
				4E9699CC27B1BFF400C4CF8E /* HomeRoute.swift */,
				4E9699CD27B1BFF400C4CF8E /* HomeViewModel.swift */,
				4E9699CE27B1BFF400C4CF8E /* HomeCell.swift */,
				4E9699CF27B1BFF400C4CF8E /* HomeCellModel.swift */,
				4E9699D027B1BFF400C4CF8E /* HomeViewController.swift */,
				4E9699D127B1BFF400C4CF8E /* HomeRouter.swift */,
			);
			path = Home;
			sourceTree = "<group>";
		};
		4E9699D227B1BFF400C4CF8E /* Auth */ = {
			isa = PBXGroup;
			children = (
				4E9699D327B1BFF400C4CF8E /* Register */,
				4E9699D827B1BFF400C4CF8E /* PasswordReset */,
				4E9699DD27B1BFF400C4CF8E /* Login */,
			);
			path = Auth;
			sourceTree = "<group>";
		};
		4E9699D327B1BFF400C4CF8E /* Register */ = {
			isa = PBXGroup;
			children = (
				4E9699D427B1BFF400C4CF8E /* RegisterRouter.swift */,
				4E9699D527B1BFF400C4CF8E /* RegisterRoute.swift */,
				4E9699D627B1BFF400C4CF8E /* RegisterViewController.swift */,
				4E9699D727B1BFF400C4CF8E /* RegisterViewModel.swift */,
			);
			path = Register;
			sourceTree = "<group>";
		};
		4E9699D827B1BFF400C4CF8E /* PasswordReset */ = {
			isa = PBXGroup;
			children = (
				4E9699D927B1BFF400C4CF8E /* PasswordResetViewModel.swift */,
				4E9699DA27B1BFF400C4CF8E /* PasswordResetRoute.swift */,
				4E9699DB27B1BFF400C4CF8E /* PasswordResetViewController.swift */,
				4E9699DC27B1BFF400C4CF8E /* PasswordResetRouter.swift */,
			);
			path = PasswordReset;
			sourceTree = "<group>";
		};
		4E9699DD27B1BFF400C4CF8E /* Login */ = {
			isa = PBXGroup;
			children = (
				4E9699DE27B1BFF400C4CF8E /* LoginViewModel.swift */,
				4E9699DF27B1BFF400C4CF8E /* LoginViewController.swift */,
				4E9699E027B1BFF400C4CF8E /* LoginRoute.swift */,
				4E9699E127B1BFF400C4CF8E /* LoginRouter.swift */,
			);
			path = Login;
			sourceTree = "<group>";
		};
		4E9699E227B1BFF400C4CF8E /* Main */ = {
			isa = PBXGroup;
			children = (
				4E9699E327B1BFF400C4CF8E /* MainTabBarController.swift */,
				4E9699E427B1BFF400C4CF8E /* MainTabBarRoute.swift */,
			);
			path = Main;
			sourceTree = "<group>";
		};
		4E9699E527B1BFF400C4CF8E /* Base */ = {
			isa = PBXGroup;
			children = (
				4E9699E627B1BFF400C4CF8E /* BaseViewController.swift */,
				4E9699E727B1BFF400C4CF8E /* BaseViewModel.swift */,
				4E9699E827B1BFF400C4CF8E /* MainNavigationController.swift */,
			);
			path = Base;
			sourceTree = "<group>";
		};
		4E969A0027B1C01800C4CF8E /* Validation */ = {
			isa = PBXGroup;
			children = (
				4E969A0127B1C01800C4CF8E /* Validation.swift */,
			);
			path = Validation;
			sourceTree = "<group>";
		};
		4E969A0227B1C01800C4CF8E /* UIComponents */ = {
			isa = PBXGroup;
			children = (
				4E969A0327B1C01800C4CF8E /* UIButton */,
				4E969A0427B1C01800C4CF8E /* Factory */,
				4E969A0627B1C01800C4CF8E /* UITextField */,
			);
			path = UIComponents;
			sourceTree = "<group>";
		};
		4E969A0327B1C01800C4CF8E /* UIButton */ = {
			isa = PBXGroup;
			children = (
			);
			path = UIButton;
			sourceTree = "<group>";
		};
		4E969A0427B1C01800C4CF8E /* Factory */ = {
			isa = PBXGroup;
			children = (
				4E969A0527B1C01800C4CF8E /* ButtonFactory.swift */,
			);
			path = Factory;
			sourceTree = "<group>";
		};
		4E969A0627B1C01800C4CF8E /* UITextField */ = {
			isa = PBXGroup;
			children = (
			);
			path = UITextField;
			sourceTree = "<group>";
		};
		4E969A3E27B1C66600C4CF8E /* Configurations */ = {
			isa = PBXGroup;
			children = (
				4E969A3F27B1C66600C4CF8E /* BridgingHeader */,
			);
			path = Configurations;
			sourceTree = "<group>";
		};
		4E969A3F27B1C66600C4CF8E /* BridgingHeader */ = {
			isa = PBXGroup;
			children = (
				4E969A4027B1C66600C4CF8E /* NoteMVVMR-Bridging-Header.h */,
			);
			path = BridgingHeader;
			sourceTree = "<group>";
		};
		4EAEE98327B083A7001D4A86 = {
			isa = PBXGroup;
			children = (
				4EAEE98E27B083A7001D4A86 /* NoteMVVMR */,
				4EAEE9A527B083A9001D4A86 /* NoteMVVMRTests */,
				4EAEE9AF27B083A9001D4A86 /* NoteMVVMRUITests */,
				4EAEE98D27B083A7001D4A86 /* Products */,
				DE64E45F84ACFF9A875A38CF /* Pods */,
				BC26178D7CC24CD77E2BA519 /* Frameworks */,
			);
			sourceTree = "<group>";
		};
		4EAEE98D27B083A7001D4A86 /* Products */ = {
			isa = PBXGroup;
			children = (
				4EAEE98C27B083A7001D4A86 /* NoteMVVMR.app */,
				4EAEE9A227B083A9001D4A86 /* NoteMVVMRTests.xctest */,
				4EAEE9AC27B083A9001D4A86 /* NoteMVVMRUITests.xctest */,
			);
			name = Products;
			sourceTree = "<group>";
		};
		4EAEE98E27B083A7001D4A86 /* NoteMVVMR */ = {
			isa = PBXGroup;
			children = (
				4E96995227B13DD100C4CF8E /* DataProvider */,
				4EAEEAB727B0850C001D4A86 /* AppDelegate */,
				4E969A3E27B1C66600C4CF8E /* Configurations */,
				4EAEEABB27B0850C001D4A86 /* Constants */,
				4EAEEABF27B0850C001D4A86 /* Extensions */,
				4EAEEA6D27B08505001D4A86 /* Resources */,
				4EAEEA5E27B08504001D4A86 /* Routing */,
				4E969A0227B1C01800C4CF8E /* UIComponents */,
				4E969A0027B1C01800C4CF8E /* Validation */,
				4E9699CA27B1BFF400C4CF8E /* Scenes */,
				4EAEE99827B083A9001D4A86 /* Assets.xcassets */,
				4EAEE99A27B083A9001D4A86 /* LaunchScreen.storyboard */,
				4EAEE99D27B083A9001D4A86 /* Info.plist */,
			);
			path = NoteMVVMR;
			sourceTree = "<group>";
		};
		4EAEE9A527B083A9001D4A86 /* NoteMVVMRTests */ = {
			isa = PBXGroup;
			children = (
				4EAEE9A627B083A9001D4A86 /* NoteMVVMRTests.swift */,
			);
			path = NoteMVVMRTests;
			sourceTree = "<group>";
		};
		4EAEE9AF27B083A9001D4A86 /* NoteMVVMRUITests */ = {
			isa = PBXGroup;
			children = (
				4EAEE9B027B083A9001D4A86 /* NoteMVVMRUITests.swift */,
				4EAEE9B227B083A9001D4A86 /* NoteMVVMRUITestsLaunchTests.swift */,
			);
			path = NoteMVVMRUITests;
			sourceTree = "<group>";
		};
		4EAEEA5E27B08504001D4A86 /* Routing */ = {
			isa = PBXGroup;
			children = (
				4E9699B727B1BFD200C4CF8E /* Core */,
				4E9699BE27B1BFD200C4CF8E /* Routers */,
				4E9699BA27B1BFD200C4CF8E /* Routes */,
				4E9699B227B1BFD200C4CF8E /* Transitions */,
			);
			path = Routing;
			sourceTree = SOURCE_ROOT;
		};
		4EAEEA6D27B08505001D4A86 /* Resources */ = {
			isa = PBXGroup;
			children = (
				4E96999827B1BFB600C4CF8E /* Assets */,
				4E96998B27B1BFB600C4CF8E /* Fonts */,
				4E96999127B1BFB600C4CF8E /* Strings */,
			);
			path = Resources;
			sourceTree = SOURCE_ROOT;
		};
		4EAEEAB727B0850C001D4A86 /* AppDelegate */ = {
			isa = PBXGroup;
			children = (
				4E96997E27B1BF3200C4CF8E /* AppDelegate+IQKeyboardManager.swift */,
				4E96997C27B1BF2200C4CF8E /* AppDelegate.swift */,
			);
			path = AppDelegate;
			sourceTree = SOURCE_ROOT;
		};
		4EAEEABB27B0850C001D4A86 /* Constants */ = {
			isa = PBXGroup;
			children = (
				4E96998227B1BF7E00C4CF8E /* Closures.swift */,
				4E96998327B1BF7E00C4CF8E /* DateFormats.swift */,
				4E96998127B1BF7E00C4CF8E /* ScreenSize.swift */,
			);
			path = Constants;
			sourceTree = SOURCE_ROOT;
		};
		4EAEEABF27B0850C001D4A86 /* Extensions */ = {
			isa = PBXGroup;
			children = (
				4E96998727B1BF9300C4CF8E /* AlertUtility.swift */,
				4E96998827B1BF9300C4CF8E /* Extensions+UITextfield.swift */,
			);
			path = Extensions;
			sourceTree = SOURCE_ROOT;
		};
		BC26178D7CC24CD77E2BA519 /* Frameworks */ = {
			isa = PBXGroup;
			children = (
				4EAEEB0127B08B76001D4A86 /* DataProviderTests.xctest */,
				4EAEEAFD27B08AE5001D4A86 /* DataProvider.framework */,
				067CF4C11E5AE31C71B2FDA0 /* Pods_NoteMVVMR.framework */,
				E7C3F48527752B2378E0CC1C /* Pods_NoteMVVMR_NoteMVVMRUITests.framework */,
				0818181B719BBA3FE4C08DF5 /* Pods_NoteMVVMRTests.framework */,
			);
			name = Frameworks;
			sourceTree = "<group>";
		};
		DE64E45F84ACFF9A875A38CF /* Pods */ = {
			isa = PBXGroup;
			children = (
				3768E22604B499C1E2E529F5 /* Pods-NoteMVVMR.debug.xcconfig */,
				75C526F617727CBC940D794B /* Pods-NoteMVVMR.release.xcconfig */,
				02DF4BB9265B2E07F1A9B1CF /* Pods-NoteMVVMR-NoteMVVMRUITests.debug.xcconfig */,
				8DA9215F0A78F67EF42E2711 /* Pods-NoteMVVMR-NoteMVVMRUITests.release.xcconfig */,
				C152771B28DEFA0631843281 /* Pods-NoteMVVMRTests.debug.xcconfig */,
				2EAE4FBE4E6E47C816E10D9E /* Pods-NoteMVVMRTests.release.xcconfig */,
			);
			path = Pods;
			sourceTree = "<group>";
		};
/* End PBXGroup section */

/* Begin PBXNativeTarget section */
		4EAEE98B27B083A7001D4A86 /* NoteMVVMR */ = {
			isa = PBXNativeTarget;
			buildConfigurationList = 4EAEE9B627B083A9001D4A86 /* Build configuration list for PBXNativeTarget "NoteMVVMR" */;
			buildPhases = (
				6EFDD506F2B764486F7642CC /* [CP] Check Pods Manifest.lock */,
				4EAEE98827B083A7001D4A86 /* Sources */,
				4EAEE98927B083A7001D4A86 /* Frameworks */,
				4EAEE98A27B083A7001D4A86 /* Resources */,
				4EAEEB0027B08AE5001D4A86 /* Embed Frameworks */,
				7A37DB20BAC46D6C2B1AD1F7 /* [CP] Embed Pods Frameworks */,
			);
			buildRules = (
			);
			dependencies = (
			);
			name = NoteMVVMR;
			productName = NoteMVVMR;
			productReference = 4EAEE98C27B083A7001D4A86 /* NoteMVVMR.app */;
			productType = "com.apple.product-type.application";
		};
		4EAEE9A127B083A9001D4A86 /* NoteMVVMRTests */ = {
			isa = PBXNativeTarget;
			buildConfigurationList = 4EAEE9B927B083A9001D4A86 /* Build configuration list for PBXNativeTarget "NoteMVVMRTests" */;
			buildPhases = (
				80ABD8177BF29F687CC5DB75 /* [CP] Check Pods Manifest.lock */,
				4EAEE99E27B083A9001D4A86 /* Sources */,
				4EAEE99F27B083A9001D4A86 /* Frameworks */,
				4EAEE9A027B083A9001D4A86 /* Resources */,
			);
			buildRules = (
			);
			dependencies = (
				4EAEE9A427B083A9001D4A86 /* PBXTargetDependency */,
			);
			name = NoteMVVMRTests;
			productName = NoteMVVMRTests;
			productReference = 4EAEE9A227B083A9001D4A86 /* NoteMVVMRTests.xctest */;
			productType = "com.apple.product-type.bundle.unit-test";
		};
		4EAEE9AB27B083A9001D4A86 /* NoteMVVMRUITests */ = {
			isa = PBXNativeTarget;
			buildConfigurationList = 4EAEE9BC27B083A9001D4A86 /* Build configuration list for PBXNativeTarget "NoteMVVMRUITests" */;
			buildPhases = (
				1DDA563F4CC885E8291F9237 /* [CP] Check Pods Manifest.lock */,
				4EAEE9A827B083A9001D4A86 /* Sources */,
				4EAEE9A927B083A9001D4A86 /* Frameworks */,
				4EAEE9AA27B083A9001D4A86 /* Resources */,
				FEC8DDBE789E8C368ECC8663 /* [CP] Embed Pods Frameworks */,
			);
			buildRules = (
			);
			dependencies = (
				4EAEE9AE27B083A9001D4A86 /* PBXTargetDependency */,
			);
			name = NoteMVVMRUITests;
			productName = NoteMVVMRUITests;
			productReference = 4EAEE9AC27B083A9001D4A86 /* NoteMVVMRUITests.xctest */;
			productType = "com.apple.product-type.bundle.ui-testing";
		};
/* End PBXNativeTarget section */

/* Begin PBXProject section */
		4EAEE98427B083A7001D4A86 /* Project object */ = {
			isa = PBXProject;
			attributes = {
				BuildIndependentTargetsInParallel = 1;
				LastSwiftUpdateCheck = 1320;
				LastUpgradeCheck = 1320;
				TargetAttributes = {
					4EAEE98B27B083A7001D4A86 = {
						CreatedOnToolsVersion = 13.2.1;
						LastSwiftMigration = 1320;
					};
					4EAEE9A127B083A9001D4A86 = {
						CreatedOnToolsVersion = 13.2.1;
						TestTargetID = 4EAEE98B27B083A7001D4A86;
					};
					4EAEE9AB27B083A9001D4A86 = {
						CreatedOnToolsVersion = 13.2.1;
						TestTargetID = 4EAEE98B27B083A7001D4A86;
					};
				};
			};
			buildConfigurationList = 4EAEE98727B083A7001D4A86 /* Build configuration list for PBXProject "NoteMVVMR" */;
			compatibilityVersion = "Xcode 13.0";
			developmentRegion = en;
			hasScannedForEncodings = 0;
			knownRegions = (
				en,
				Base,
			);
			mainGroup = 4EAEE98327B083A7001D4A86;
			productRefGroup = 4EAEE98D27B083A7001D4A86 /* Products */;
			projectDirPath = "";
			projectRoot = "";
			targets = (
				4EAEE98B27B083A7001D4A86 /* NoteMVVMR */,
				4EAEE9A127B083A9001D4A86 /* NoteMVVMRTests */,
				4EAEE9AB27B083A9001D4A86 /* NoteMVVMRUITests */,
			);
		};
/* End PBXProject section */

/* Begin PBXResourcesBuildPhase section */
		4EAEE98A27B083A7001D4A86 /* Resources */ = {
			isa = PBXResourcesBuildPhase;
			buildActionMask = 2147483647;
			files = (
				4EAEE99C27B083A9001D4A86 /* LaunchScreen.storyboard in Resources */,
				4E9699A327B1BFB600C4CF8E /* Nunito-Bold.ttf in Resources */,
				4E9699B127B1BFB600C4CF8E /* Images.xcassets in Resources */,
				4E9699A227B1BFB600C4CF8E /* Nunito-SemiBold.ttf in Resources */,
				4EAEE99927B083A9001D4A86 /* Assets.xcassets in Resources */,
				4E9699AD27B1BFB600C4CF8E /* Colors.xcassets in Resources */,
				4E9699A727B1BFB600C4CF8E /* General.strings in Resources */,
				4E9699AA27B1BFB600C4CF8E /* Placeholder.strings in Resources */,
				4E9699AF27B1BFB600C4CF8E /* Icons.xcassets in Resources */,
				4E9699A927B1BFB600C4CF8E /* Error.strings in Resources */,
				4E9699A627B1BFB600C4CF8E /* Componenets.strings in Resources */,
				4E9699A527B1BFB600C4CF8E /* Modules.strings in Resources */,
				4E9699A127B1BFB600C4CF8E /* Nunito-ExtraBold.ttf in Resources */,
			);
			runOnlyForDeploymentPostprocessing = 0;
		};
		4EAEE9A027B083A9001D4A86 /* Resources */ = {
			isa = PBXResourcesBuildPhase;
			buildActionMask = 2147483647;
			files = (
			);
			runOnlyForDeploymentPostprocessing = 0;
		};
		4EAEE9AA27B083A9001D4A86 /* Resources */ = {
			isa = PBXResourcesBuildPhase;
			buildActionMask = 2147483647;
			files = (
			);
			runOnlyForDeploymentPostprocessing = 0;
		};
/* End PBXResourcesBuildPhase section */

/* Begin PBXShellScriptBuildPhase section */
		1DDA563F4CC885E8291F9237 /* [CP] Check Pods Manifest.lock */ = {
			isa = PBXShellScriptBuildPhase;
			buildActionMask = 2147483647;
			files = (
			);
			inputFileListPaths = (
			);
			inputPaths = (
				"${PODS_PODFILE_DIR_PATH}/Podfile.lock",
				"${PODS_ROOT}/Manifest.lock",
			);
			name = "[CP] Check Pods Manifest.lock";
			outputFileListPaths = (
			);
			outputPaths = (
				"$(DERIVED_FILE_DIR)/Pods-NoteMVVMR-NoteMVVMRUITests-checkManifestLockResult.txt",
			);
			runOnlyForDeploymentPostprocessing = 0;
			shellPath = /bin/sh;
			shellScript = "diff \"${PODS_PODFILE_DIR_PATH}/Podfile.lock\" \"${PODS_ROOT}/Manifest.lock\" > /dev/null\nif [ $? != 0 ] ; then\n    # print error to STDERR\n    echo \"error: The sandbox is not in sync with the Podfile.lock. Run 'pod install' or update your CocoaPods installation.\" >&2\n    exit 1\nfi\n# This output is used by Xcode 'outputs' to avoid re-running this script phase.\necho \"SUCCESS\" > \"${SCRIPT_OUTPUT_FILE_0}\"\n";
			showEnvVarsInLog = 0;
		};
		6EFDD506F2B764486F7642CC /* [CP] Check Pods Manifest.lock */ = {
			isa = PBXShellScriptBuildPhase;
			buildActionMask = 2147483647;
			files = (
			);
			inputFileListPaths = (
			);
			inputPaths = (
				"${PODS_PODFILE_DIR_PATH}/Podfile.lock",
				"${PODS_ROOT}/Manifest.lock",
			);
			name = "[CP] Check Pods Manifest.lock";
			outputFileListPaths = (
			);
			outputPaths = (
				"$(DERIVED_FILE_DIR)/Pods-NoteMVVMR-checkManifestLockResult.txt",
			);
			runOnlyForDeploymentPostprocessing = 0;
			shellPath = /bin/sh;
			shellScript = "diff \"${PODS_PODFILE_DIR_PATH}/Podfile.lock\" \"${PODS_ROOT}/Manifest.lock\" > /dev/null\nif [ $? != 0 ] ; then\n    # print error to STDERR\n    echo \"error: The sandbox is not in sync with the Podfile.lock. Run 'pod install' or update your CocoaPods installation.\" >&2\n    exit 1\nfi\n# This output is used by Xcode 'outputs' to avoid re-running this script phase.\necho \"SUCCESS\" > \"${SCRIPT_OUTPUT_FILE_0}\"\n";
			showEnvVarsInLog = 0;
		};
		7A37DB20BAC46D6C2B1AD1F7 /* [CP] Embed Pods Frameworks */ = {
			isa = PBXShellScriptBuildPhase;
			buildActionMask = 2147483647;
			files = (
			);
			inputFileListPaths = (
				"${PODS_ROOT}/Target Support Files/Pods-NoteMVVMR/Pods-NoteMVVMR-frameworks-${CONFIGURATION}-input-files.xcfilelist",
			);
			name = "[CP] Embed Pods Frameworks";
			outputFileListPaths = (
				"${PODS_ROOT}/Target Support Files/Pods-NoteMVVMR/Pods-NoteMVVMR-frameworks-${CONFIGURATION}-output-files.xcfilelist",
			);
			runOnlyForDeploymentPostprocessing = 0;
			shellPath = /bin/sh;
			shellScript = "\"${PODS_ROOT}/Target Support Files/Pods-NoteMVVMR/Pods-NoteMVVMR-frameworks.sh\"\n";
			showEnvVarsInLog = 0;
		};
		80ABD8177BF29F687CC5DB75 /* [CP] Check Pods Manifest.lock */ = {
			isa = PBXShellScriptBuildPhase;
			buildActionMask = 2147483647;
			files = (
			);
			inputFileListPaths = (
			);
			inputPaths = (
				"${PODS_PODFILE_DIR_PATH}/Podfile.lock",
				"${PODS_ROOT}/Manifest.lock",
			);
			name = "[CP] Check Pods Manifest.lock";
			outputFileListPaths = (
			);
			outputPaths = (
				"$(DERIVED_FILE_DIR)/Pods-NoteMVVMRTests-checkManifestLockResult.txt",
			);
			runOnlyForDeploymentPostprocessing = 0;
			shellPath = /bin/sh;
			shellScript = "diff \"${PODS_PODFILE_DIR_PATH}/Podfile.lock\" \"${PODS_ROOT}/Manifest.lock\" > /dev/null\nif [ $? != 0 ] ; then\n    # print error to STDERR\n    echo \"error: The sandbox is not in sync with the Podfile.lock. Run 'pod install' or update your CocoaPods installation.\" >&2\n    exit 1\nfi\n# This output is used by Xcode 'outputs' to avoid re-running this script phase.\necho \"SUCCESS\" > \"${SCRIPT_OUTPUT_FILE_0}\"\n";
			showEnvVarsInLog = 0;
		};
		FEC8DDBE789E8C368ECC8663 /* [CP] Embed Pods Frameworks */ = {
			isa = PBXShellScriptBuildPhase;
			buildActionMask = 2147483647;
			files = (
			);
			inputFileListPaths = (
				"${PODS_ROOT}/Target Support Files/Pods-NoteMVVMR-NoteMVVMRUITests/Pods-NoteMVVMR-NoteMVVMRUITests-frameworks-${CONFIGURATION}-input-files.xcfilelist",
			);
			name = "[CP] Embed Pods Frameworks";
			outputFileListPaths = (
				"${PODS_ROOT}/Target Support Files/Pods-NoteMVVMR-NoteMVVMRUITests/Pods-NoteMVVMR-NoteMVVMRUITests-frameworks-${CONFIGURATION}-output-files.xcfilelist",
			);
			runOnlyForDeploymentPostprocessing = 0;
			shellPath = /bin/sh;
			shellScript = "\"${PODS_ROOT}/Target Support Files/Pods-NoteMVVMR-NoteMVVMRUITests/Pods-NoteMVVMR-NoteMVVMRUITests-frameworks.sh\"\n";
			showEnvVarsInLog = 0;
		};
/* End PBXShellScriptBuildPhase section */

/* Begin PBXSourcesBuildPhase section */
		4EAEE98827B083A7001D4A86 /* Sources */ = {
			isa = PBXSourcesBuildPhase;
			buildActionMask = 2147483647;
			files = (
				4E96998927B1BF9300C4CF8E /* AlertUtility.swift in Sources */,
				4E9699F127B1BFF400C4CF8E /* RegisterViewController.swift in Sources */,
				4E9699ED27B1BFF400C4CF8E /* HomeViewController.swift in Sources */,
				4E96995727B13DD100C4CF8E /* APILogger.swift in Sources */,
				4E9699C427B1BFD200C4CF8E /* Animator.swift in Sources */,
				4E9699C027B1BFD200C4CF8E /* ModalTransition.swift in Sources */,
				4E9699C227B1BFD200C4CF8E /* Transition.swift in Sources */,
				4E96995827B13DD100C4CF8E /* APIRequestInterceptor.swift in Sources */,
				4E9699C127B1BFD200C4CF8E /* PlaceOnWindowTransition.swift in Sources */,
				4E96998527B1BF7E00C4CF8E /* Closures.swift in Sources */,
				4E9699FD27B1BFF400C4CF8E /* BaseViewController.swift in Sources */,
				4E9699C727B1BFD200C4CF8E /* ShareSheetRoute.swift in Sources */,
				4E9699EB27B1BFF400C4CF8E /* HomeCell.swift in Sources */,
				4E9699FB27B1BFF400C4CF8E /* MainTabBarController.swift in Sources */,
				4E96997F27B1BF3200C4CF8E /* AppDelegate+IQKeyboardManager.swift in Sources */,
				4E9699AC27B1BFB600C4CF8E /* UIImage+Icons.swift in Sources */,
				4E9699F627B1BFF400C4CF8E /* PasswordResetRouter.swift in Sources */,
				4E969A0827B1C01800C4CF8E /* ButtonFactory.swift in Sources */,
				4E9699FE27B1BFF400C4CF8E /* BaseViewModel.swift in Sources */,
				4E9699F427B1BFF400C4CF8E /* PasswordResetRoute.swift in Sources */,
				4E9699A027B1BFB600C4CF8E /* UIFont+Extensions.swift in Sources */,
				4E9699A827B1BFB600C4CF8E /* StringConstants.swift in Sources */,
				4E9699C627B1BFD200C4CF8E /* UnfollowAlertViewRoute.swift in Sources */,
				4E9699C927B1BFD200C4CF8E /* AppRouter.swift in Sources */,
				4E969A0727B1C01800C4CF8E /* Validation.swift in Sources */,
				4E9699F727B1BFF400C4CF8E /* LoginViewModel.swift in Sources */,
				4E9699EE27B1BFF400C4CF8E /* HomeRouter.swift in Sources */,
				4E9699F927B1BFF400C4CF8E /* LoginRoute.swift in Sources */,
				4E9699F027B1BFF400C4CF8E /* RegisterRoute.swift in Sources */,
				4E9699EC27B1BFF400C4CF8E /* HomeCellModel.swift in Sources */,
				4E9699FF27B1BFF400C4CF8E /* MainNavigationController.swift in Sources */,
				4E9699B027B1BFB600C4CF8E /* UIColor+Colors.swift in Sources */,
				4E9699F327B1BFF400C4CF8E /* PasswordResetViewModel.swift in Sources */,
				4E96998A27B1BF9300C4CF8E /* Extensions+UITextfield.swift in Sources */,
				4E9699EA27B1BFF400C4CF8E /* HomeViewModel.swift in Sources */,
				4E9699F527B1BFF400C4CF8E /* PasswordResetViewController.swift in Sources */,
				4E9699E927B1BFF400C4CF8E /* HomeRoute.swift in Sources */,
				4E9699AE27B1BFB600C4CF8E /* UIImage+Images.swift in Sources */,
				4E9699FC27B1BFF400C4CF8E /* MainTabBarRoute.swift in Sources */,
				4E9699F227B1BFF400C4CF8E /* RegisterViewModel.swift in Sources */,
				4E96995627B13DD100C4CF8E /* DataProvider.swift in Sources */,
				4E9699C527B1BFD200C4CF8E /* Router.swift in Sources */,
				4E96998427B1BF7E00C4CF8E /* ScreenSize.swift in Sources */,
				4E9699C327B1BFD200C4CF8E /* PushTransition.swift in Sources */,
				4E9699AB27B1BFB600C4CF8E /* Assets.swift in Sources */,
				4E96998627B1BF7E00C4CF8E /* DateFormats.swift in Sources */,
				4E9699C827B1BFD200C4CF8E /* CommentEditDeleteAlertViewRoute.swift in Sources */,
				4E9699F827B1BFF400C4CF8E /* LoginViewController.swift in Sources */,
				4E9699A427B1BFB600C4CF8E /* Fonts.swift in Sources */,
				4E96997D27B1BF2200C4CF8E /* AppDelegate.swift in Sources */,
				4E9699FA27B1BFF400C4CF8E /* LoginRouter.swift in Sources */,
				4E9699EF27B1BFF400C4CF8E /* RegisterRouter.swift in Sources */,
			);
			runOnlyForDeploymentPostprocessing = 0;
		};
		4EAEE99E27B083A9001D4A86 /* Sources */ = {
			isa = PBXSourcesBuildPhase;
			buildActionMask = 2147483647;
			files = (
				4EAEE9A727B083A9001D4A86 /* NoteMVVMRTests.swift in Sources */,
			);
			runOnlyForDeploymentPostprocessing = 0;
		};
		4EAEE9A827B083A9001D4A86 /* Sources */ = {
			isa = PBXSourcesBuildPhase;
			buildActionMask = 2147483647;
			files = (
				4EAEE9B127B083A9001D4A86 /* NoteMVVMRUITests.swift in Sources */,
				4EAEE9B327B083A9001D4A86 /* NoteMVVMRUITestsLaunchTests.swift in Sources */,
			);
			runOnlyForDeploymentPostprocessing = 0;
		};
/* End PBXSourcesBuildPhase section */

/* Begin PBXTargetDependency section */
		4EAEE9A427B083A9001D4A86 /* PBXTargetDependency */ = {
			isa = PBXTargetDependency;
			target = 4EAEE98B27B083A7001D4A86 /* NoteMVVMR */;
			targetProxy = 4EAEE9A327B083A9001D4A86 /* PBXContainerItemProxy */;
		};
		4EAEE9AE27B083A9001D4A86 /* PBXTargetDependency */ = {
			isa = PBXTargetDependency;
			target = 4EAEE98B27B083A7001D4A86 /* NoteMVVMR */;
			targetProxy = 4EAEE9AD27B083A9001D4A86 /* PBXContainerItemProxy */;
		};
/* End PBXTargetDependency section */

/* Begin PBXVariantGroup section */
		4EAEE99A27B083A9001D4A86 /* LaunchScreen.storyboard */ = {
			isa = PBXVariantGroup;
			children = (
				4EAEE99B27B083A9001D4A86 /* Base */,
			);
			name = LaunchScreen.storyboard;
			sourceTree = "<group>";
		};
/* End PBXVariantGroup section */

/* Begin XCBuildConfiguration section */
		4EAEE9B427B083A9001D4A86 /* Debug */ = {
			isa = XCBuildConfiguration;
			buildSettings = {
				ALWAYS_SEARCH_USER_PATHS = NO;
				CLANG_ANALYZER_NONNULL = YES;
				CLANG_ANALYZER_NUMBER_OBJECT_CONVERSION = YES_AGGRESSIVE;
				CLANG_CXX_LANGUAGE_STANDARD = "gnu++17";
				CLANG_CXX_LIBRARY = "libc++";
				CLANG_ENABLE_MODULES = YES;
				CLANG_ENABLE_OBJC_ARC = YES;
				CLANG_ENABLE_OBJC_WEAK = YES;
				CLANG_WARN_BLOCK_CAPTURE_AUTORELEASING = YES;
				CLANG_WARN_BOOL_CONVERSION = YES;
				CLANG_WARN_COMMA = YES;
				CLANG_WARN_CONSTANT_CONVERSION = YES;
				CLANG_WARN_DEPRECATED_OBJC_IMPLEMENTATIONS = YES;
				CLANG_WARN_DIRECT_OBJC_ISA_USAGE = YES_ERROR;
				CLANG_WARN_DOCUMENTATION_COMMENTS = YES;
				CLANG_WARN_EMPTY_BODY = YES;
				CLANG_WARN_ENUM_CONVERSION = YES;
				CLANG_WARN_INFINITE_RECURSION = YES;
				CLANG_WARN_INT_CONVERSION = YES;
				CLANG_WARN_NON_LITERAL_NULL_CONVERSION = YES;
				CLANG_WARN_OBJC_IMPLICIT_RETAIN_SELF = YES;
				CLANG_WARN_OBJC_LITERAL_CONVERSION = YES;
				CLANG_WARN_OBJC_ROOT_CLASS = YES_ERROR;
				CLANG_WARN_QUOTED_INCLUDE_IN_FRAMEWORK_HEADER = YES;
				CLANG_WARN_RANGE_LOOP_ANALYSIS = YES;
				CLANG_WARN_STRICT_PROTOTYPES = YES;
				CLANG_WARN_SUSPICIOUS_MOVE = YES;
				CLANG_WARN_UNGUARDED_AVAILABILITY = YES_AGGRESSIVE;
				CLANG_WARN_UNREACHABLE_CODE = YES;
				CLANG_WARN__DUPLICATE_METHOD_MATCH = YES;
				COPY_PHASE_STRIP = NO;
				DEBUG_INFORMATION_FORMAT = dwarf;
				ENABLE_STRICT_OBJC_MSGSEND = YES;
				ENABLE_TESTABILITY = YES;
				GCC_C_LANGUAGE_STANDARD = gnu11;
				GCC_DYNAMIC_NO_PIC = NO;
				GCC_NO_COMMON_BLOCKS = YES;
				GCC_OPTIMIZATION_LEVEL = 0;
				GCC_PREPROCESSOR_DEFINITIONS = (
					"DEBUG=1",
					"$(inherited)",
				);
				GCC_WARN_64_TO_32_BIT_CONVERSION = YES;
				GCC_WARN_ABOUT_RETURN_TYPE = YES_ERROR;
				GCC_WARN_UNDECLARED_SELECTOR = YES;
				GCC_WARN_UNINITIALIZED_AUTOS = YES_AGGRESSIVE;
				GCC_WARN_UNUSED_FUNCTION = YES;
				GCC_WARN_UNUSED_VARIABLE = YES;
				IPHONEOS_DEPLOYMENT_TARGET = 15.2;
				MTL_ENABLE_DEBUG_INFO = INCLUDE_SOURCE;
				MTL_FAST_MATH = YES;
				ONLY_ACTIVE_ARCH = YES;
				SDKROOT = iphoneos;
				SWIFT_ACTIVE_COMPILATION_CONDITIONS = DEBUG;
				SWIFT_OPTIMIZATION_LEVEL = "-Onone";
			};
			name = Debug;
		};
		4EAEE9B527B083A9001D4A86 /* Release */ = {
			isa = XCBuildConfiguration;
			buildSettings = {
				ALWAYS_SEARCH_USER_PATHS = NO;
				CLANG_ANALYZER_NONNULL = YES;
				CLANG_ANALYZER_NUMBER_OBJECT_CONVERSION = YES_AGGRESSIVE;
				CLANG_CXX_LANGUAGE_STANDARD = "gnu++17";
				CLANG_CXX_LIBRARY = "libc++";
				CLANG_ENABLE_MODULES = YES;
				CLANG_ENABLE_OBJC_ARC = YES;
				CLANG_ENABLE_OBJC_WEAK = YES;
				CLANG_WARN_BLOCK_CAPTURE_AUTORELEASING = YES;
				CLANG_WARN_BOOL_CONVERSION = YES;
				CLANG_WARN_COMMA = YES;
				CLANG_WARN_CONSTANT_CONVERSION = YES;
				CLANG_WARN_DEPRECATED_OBJC_IMPLEMENTATIONS = YES;
				CLANG_WARN_DIRECT_OBJC_ISA_USAGE = YES_ERROR;
				CLANG_WARN_DOCUMENTATION_COMMENTS = YES;
				CLANG_WARN_EMPTY_BODY = YES;
				CLANG_WARN_ENUM_CONVERSION = YES;
				CLANG_WARN_INFINITE_RECURSION = YES;
				CLANG_WARN_INT_CONVERSION = YES;
				CLANG_WARN_NON_LITERAL_NULL_CONVERSION = YES;
				CLANG_WARN_OBJC_IMPLICIT_RETAIN_SELF = YES;
				CLANG_WARN_OBJC_LITERAL_CONVERSION = YES;
				CLANG_WARN_OBJC_ROOT_CLASS = YES_ERROR;
				CLANG_WARN_QUOTED_INCLUDE_IN_FRAMEWORK_HEADER = YES;
				CLANG_WARN_RANGE_LOOP_ANALYSIS = YES;
				CLANG_WARN_STRICT_PROTOTYPES = YES;
				CLANG_WARN_SUSPICIOUS_MOVE = YES;
				CLANG_WARN_UNGUARDED_AVAILABILITY = YES_AGGRESSIVE;
				CLANG_WARN_UNREACHABLE_CODE = YES;
				CLANG_WARN__DUPLICATE_METHOD_MATCH = YES;
				COPY_PHASE_STRIP = NO;
				DEBUG_INFORMATION_FORMAT = "dwarf-with-dsym";
				ENABLE_NS_ASSERTIONS = NO;
				ENABLE_STRICT_OBJC_MSGSEND = YES;
				GCC_C_LANGUAGE_STANDARD = gnu11;
				GCC_NO_COMMON_BLOCKS = YES;
				GCC_WARN_64_TO_32_BIT_CONVERSION = YES;
				GCC_WARN_ABOUT_RETURN_TYPE = YES_ERROR;
				GCC_WARN_UNDECLARED_SELECTOR = YES;
				GCC_WARN_UNINITIALIZED_AUTOS = YES_AGGRESSIVE;
				GCC_WARN_UNUSED_FUNCTION = YES;
				GCC_WARN_UNUSED_VARIABLE = YES;
				IPHONEOS_DEPLOYMENT_TARGET = 15.2;
				MTL_ENABLE_DEBUG_INFO = NO;
				MTL_FAST_MATH = YES;
				SDKROOT = iphoneos;
				SWIFT_COMPILATION_MODE = wholemodule;
				SWIFT_OPTIMIZATION_LEVEL = "-O";
				VALIDATE_PRODUCT = YES;
			};
			name = Release;
		};
		4EAEE9B727B083A9001D4A86 /* Debug */ = {
			isa = XCBuildConfiguration;
			baseConfigurationReference = 3768E22604B499C1E2E529F5 /* Pods-NoteMVVMR.debug.xcconfig */;
			buildSettings = {
				ASSETCATALOG_COMPILER_APPICON_NAME = AppIcon;
				ASSETCATALOG_COMPILER_GLOBAL_ACCENT_COLOR_NAME = AccentColor;
				CLANG_ENABLE_MODULES = YES;
				CODE_SIGN_STYLE = Automatic;
				CURRENT_PROJECT_VERSION = 1;
				DEVELOPMENT_TEAM = 68W3SBSH6G;
				GENERATE_INFOPLIST_FILE = YES;
				INFOPLIST_FILE = NoteMVVMR/Info.plist;
				INFOPLIST_KEY_UIApplicationSupportsIndirectInputEvents = YES;
				INFOPLIST_KEY_UILaunchStoryboardName = LaunchScreen;
				INFOPLIST_KEY_UISupportedInterfaceOrientations_iPad = "UIInterfaceOrientationPortrait UIInterfaceOrientationPortraitUpsideDown UIInterfaceOrientationLandscapeLeft UIInterfaceOrientationLandscapeRight";
				INFOPLIST_KEY_UISupportedInterfaceOrientations_iPhone = "UIInterfaceOrientationPortrait UIInterfaceOrientationLandscapeLeft UIInterfaceOrientationLandscapeRight";
				IPHONEOS_DEPLOYMENT_TARGET = 15.2;
				LD_RUNPATH_SEARCH_PATHS = (
					"$(inherited)",
					"@executable_path/Frameworks",
				);
				MARKETING_VERSION = 1.0;
				PRODUCT_BUNDLE_IDENTIFIER = amber.NoteMVVMR;
				PRODUCT_NAME = "$(TARGET_NAME)";
				SWIFT_EMIT_LOC_STRINGS = YES;
				SWIFT_OBJC_BRIDGING_HEADER = "NoteMVVMR/Configurations/BridgingHeader/NoteMVVMR-Bridging-Header.h";
				SWIFT_OPTIMIZATION_LEVEL = "-Onone";
				SWIFT_VERSION = 5.0;
				TARGETED_DEVICE_FAMILY = "1,2";
			};
			name = Debug;
		};
		4EAEE9B827B083A9001D4A86 /* Release */ = {
			isa = XCBuildConfiguration;
			baseConfigurationReference = 75C526F617727CBC940D794B /* Pods-NoteMVVMR.release.xcconfig */;
			buildSettings = {
				ASSETCATALOG_COMPILER_APPICON_NAME = AppIcon;
				ASSETCATALOG_COMPILER_GLOBAL_ACCENT_COLOR_NAME = AccentColor;
				CLANG_ENABLE_MODULES = YES;
				CODE_SIGN_STYLE = Automatic;
				CURRENT_PROJECT_VERSION = 1;
				DEVELOPMENT_TEAM = 68W3SBSH6G;
				GENERATE_INFOPLIST_FILE = YES;
				INFOPLIST_FILE = NoteMVVMR/Info.plist;
				INFOPLIST_KEY_UIApplicationSupportsIndirectInputEvents = YES;
				INFOPLIST_KEY_UILaunchStoryboardName = LaunchScreen;
				INFOPLIST_KEY_UISupportedInterfaceOrientations_iPad = "UIInterfaceOrientationPortrait UIInterfaceOrientationPortraitUpsideDown UIInterfaceOrientationLandscapeLeft UIInterfaceOrientationLandscapeRight";
				INFOPLIST_KEY_UISupportedInterfaceOrientations_iPhone = "UIInterfaceOrientationPortrait UIInterfaceOrientationLandscapeLeft UIInterfaceOrientationLandscapeRight";
				IPHONEOS_DEPLOYMENT_TARGET = 15.2;
				LD_RUNPATH_SEARCH_PATHS = (
					"$(inherited)",
					"@executable_path/Frameworks",
				);
				MARKETING_VERSION = 1.0;
				PRODUCT_BUNDLE_IDENTIFIER = amber.NoteMVVMR;
				PRODUCT_NAME = "$(TARGET_NAME)";
				SWIFT_EMIT_LOC_STRINGS = YES;
				SWIFT_OBJC_BRIDGING_HEADER = "NoteMVVMR/Configurations/BridgingHeader/NoteMVVMR-Bridging-Header.h";
				SWIFT_VERSION = 5.0;
				TARGETED_DEVICE_FAMILY = "1,2";
			};
			name = Release;
		};
		4EAEE9BA27B083A9001D4A86 /* Debug */ = {
			isa = XCBuildConfiguration;
			baseConfigurationReference = C152771B28DEFA0631843281 /* Pods-NoteMVVMRTests.debug.xcconfig */;
			buildSettings = {
				ALWAYS_EMBED_SWIFT_STANDARD_LIBRARIES = YES;
				BUNDLE_LOADER = "$(TEST_HOST)";
				CODE_SIGN_STYLE = Automatic;
				CURRENT_PROJECT_VERSION = 1;
				DEVELOPMENT_TEAM = 68W3SBSH6G;
				GENERATE_INFOPLIST_FILE = YES;
				IPHONEOS_DEPLOYMENT_TARGET = 15.2;
				MARKETING_VERSION = 1.0;
				PRODUCT_BUNDLE_IDENTIFIER = amber.NoteMVVMRTests;
				PRODUCT_NAME = "$(TARGET_NAME)";
				SWIFT_EMIT_LOC_STRINGS = NO;
				SWIFT_VERSION = 5.0;
				TARGETED_DEVICE_FAMILY = "1,2";
				TEST_HOST = "$(BUILT_PRODUCTS_DIR)/NoteMVVMR.app/NoteMVVMR";
			};
			name = Debug;
		};
		4EAEE9BB27B083A9001D4A86 /* Release */ = {
			isa = XCBuildConfiguration;
			baseConfigurationReference = 2EAE4FBE4E6E47C816E10D9E /* Pods-NoteMVVMRTests.release.xcconfig */;
			buildSettings = {
				ALWAYS_EMBED_SWIFT_STANDARD_LIBRARIES = YES;
				BUNDLE_LOADER = "$(TEST_HOST)";
				CODE_SIGN_STYLE = Automatic;
				CURRENT_PROJECT_VERSION = 1;
				DEVELOPMENT_TEAM = 68W3SBSH6G;
				GENERATE_INFOPLIST_FILE = YES;
				IPHONEOS_DEPLOYMENT_TARGET = 15.2;
				MARKETING_VERSION = 1.0;
				PRODUCT_BUNDLE_IDENTIFIER = amber.NoteMVVMRTests;
				PRODUCT_NAME = "$(TARGET_NAME)";
				SWIFT_EMIT_LOC_STRINGS = NO;
				SWIFT_VERSION = 5.0;
				TARGETED_DEVICE_FAMILY = "1,2";
				TEST_HOST = "$(BUILT_PRODUCTS_DIR)/NoteMVVMR.app/NoteMVVMR";
			};
			name = Release;
		};
		4EAEE9BD27B083A9001D4A86 /* Debug */ = {
			isa = XCBuildConfiguration;
			baseConfigurationReference = 02DF4BB9265B2E07F1A9B1CF /* Pods-NoteMVVMR-NoteMVVMRUITests.debug.xcconfig */;
			buildSettings = {
				ALWAYS_EMBED_SWIFT_STANDARD_LIBRARIES = YES;
				CODE_SIGN_STYLE = Automatic;
				CURRENT_PROJECT_VERSION = 1;
				DEVELOPMENT_TEAM = 68W3SBSH6G;
				GENERATE_INFOPLIST_FILE = YES;
				MARKETING_VERSION = 1.0;
				PRODUCT_BUNDLE_IDENTIFIER = amber.NoteMVVMRUITests;
				PRODUCT_NAME = "$(TARGET_NAME)";
				SWIFT_EMIT_LOC_STRINGS = NO;
				SWIFT_VERSION = 5.0;
				TARGETED_DEVICE_FAMILY = "1,2";
				TEST_TARGET_NAME = NoteMVVMR;
			};
			name = Debug;
		};
		4EAEE9BE27B083A9001D4A86 /* Release */ = {
			isa = XCBuildConfiguration;
			baseConfigurationReference = 8DA9215F0A78F67EF42E2711 /* Pods-NoteMVVMR-NoteMVVMRUITests.release.xcconfig */;
			buildSettings = {
				ALWAYS_EMBED_SWIFT_STANDARD_LIBRARIES = YES;
				CODE_SIGN_STYLE = Automatic;
				CURRENT_PROJECT_VERSION = 1;
				DEVELOPMENT_TEAM = 68W3SBSH6G;
				GENERATE_INFOPLIST_FILE = YES;
				MARKETING_VERSION = 1.0;
				PRODUCT_BUNDLE_IDENTIFIER = amber.NoteMVVMRUITests;
				PRODUCT_NAME = "$(TARGET_NAME)";
				SWIFT_EMIT_LOC_STRINGS = NO;
				SWIFT_VERSION = 5.0;
				TARGETED_DEVICE_FAMILY = "1,2";
				TEST_TARGET_NAME = NoteMVVMR;
			};
			name = Release;
		};
/* End XCBuildConfiguration section */

/* Begin XCConfigurationList section */
		4EAEE98727B083A7001D4A86 /* Build configuration list for PBXProject "NoteMVVMR" */ = {
			isa = XCConfigurationList;
			buildConfigurations = (
				4EAEE9B427B083A9001D4A86 /* Debug */,
				4EAEE9B527B083A9001D4A86 /* Release */,
			);
			defaultConfigurationIsVisible = 0;
			defaultConfigurationName = Release;
		};
		4EAEE9B627B083A9001D4A86 /* Build configuration list for PBXNativeTarget "NoteMVVMR" */ = {
			isa = XCConfigurationList;
			buildConfigurations = (
				4EAEE9B727B083A9001D4A86 /* Debug */,
				4EAEE9B827B083A9001D4A86 /* Release */,
			);
			defaultConfigurationIsVisible = 0;
			defaultConfigurationName = Release;
		};
		4EAEE9B927B083A9001D4A86 /* Build configuration list for PBXNativeTarget "NoteMVVMRTests" */ = {
			isa = XCConfigurationList;
			buildConfigurations = (
				4EAEE9BA27B083A9001D4A86 /* Debug */,
				4EAEE9BB27B083A9001D4A86 /* Release */,
			);
			defaultConfigurationIsVisible = 0;
			defaultConfigurationName = Release;
		};
		4EAEE9BC27B083A9001D4A86 /* Build configuration list for PBXNativeTarget "NoteMVVMRUITests" */ = {
			isa = XCConfigurationList;
			buildConfigurations = (
				4EAEE9BD27B083A9001D4A86 /* Debug */,
				4EAEE9BE27B083A9001D4A86 /* Release */,
			);
			defaultConfigurationIsVisible = 0;
			defaultConfigurationName = Release;
		};
/* End XCConfigurationList section */
	};
	rootObject = 4EAEE98427B083A7001D4A86 /* Project object */;
}
