// !$*UTF8*$!
{
	archiveVersion = 1;
	classes = {
	};
	objectVersion = 55;
	objects = {

/* Begin PBXBuildFile section */
		29F50A8966CB526693017127 /* Pods_NoteMVVMRTests.framework in Frameworks */ = {isa = PBXBuildFile; fileRef = 9209839F23B5FDB724A63122 /* Pods_NoteMVVMRTests.framework */; };
		4E33051B27C194C000E8F43A /* PasswordResetMessageRouter.swift in Sources */ = {isa = PBXBuildFile; fileRef = 4E33051827C194C000E8F43A /* PasswordResetMessageRouter.swift */; };
		4E33051C27C194C000E8F43A /* PasswordResetMessageViewController.swift in Sources */ = {isa = PBXBuildFile; fileRef = 4E33051927C194C000E8F43A /* PasswordResetMessageViewController.swift */; };
		4E33051D27C194C000E8F43A /* PasswordResetMessageViewModel.swift in Sources */ = {isa = PBXBuildFile; fileRef = 4E33051A27C194C000E8F43A /* PasswordResetMessageViewModel.swift */; };
		4E33051F27C1962E00E8F43A /* PasswordResetMessageRoute.swift in Sources */ = {isa = PBXBuildFile; fileRef = 4E33051E27C1962E00E8F43A /* PasswordResetMessageRoute.swift */; };
		4E43107C27B991E3002EF700 /* HomeCellModel+Extension.swift in Sources */ = {isa = PBXBuildFile; fileRef = 4E43107B27B991E3002EF700 /* HomeCellModel+Extension.swift */; };
		4E43108627BAD77C002EF700 /* Notification+Extension.swift in Sources */ = {isa = PBXBuildFile; fileRef = 4E43108527BAD77C002EF700 /* Notification+Extension.swift */; };
		4E43108D27BDB22E002EF700 /* ProfileRouter.swift in Sources */ = {isa = PBXBuildFile; fileRef = 4E43108A27BDB22E002EF700 /* ProfileRouter.swift */; };
		4E43108E27BDB22E002EF700 /* ProfileViewController.swift in Sources */ = {isa = PBXBuildFile; fileRef = 4E43108B27BDB22E002EF700 /* ProfileViewController.swift */; };
		4E43108F27BDB22E002EF700 /* ProfileViewModel.swift in Sources */ = {isa = PBXBuildFile; fileRef = 4E43108C27BDB22E002EF700 /* ProfileViewModel.swift */; };
		4E43109127BDB241002EF700 /* ProfileRoute.swift in Sources */ = {isa = PBXBuildFile; fileRef = 4E43109027BDB241002EF700 /* ProfileRoute.swift */; };
		4E96995627B13DD100C4CF8E /* DataProvider.swift in Sources */ = {isa = PBXBuildFile; fileRef = 4E96995327B13DD100C4CF8E /* DataProvider.swift */; };
		4E96995727B13DD100C4CF8E /* APILogger.swift in Sources */ = {isa = PBXBuildFile; fileRef = 4E96995427B13DD100C4CF8E /* APILogger.swift */; };
		4E96995827B13DD100C4CF8E /* APIRequestInterceptor.swift in Sources */ = {isa = PBXBuildFile; fileRef = 4E96995527B13DD100C4CF8E /* APIRequestInterceptor.swift */; };
		4E9699E927B1BFF400C4CF8E /* HomeRoute.swift in Sources */ = {isa = PBXBuildFile; fileRef = 4E9699CC27B1BFF400C4CF8E /* HomeRoute.swift */; };
		4E9699ED27B1BFF400C4CF8E /* HomeViewController.swift in Sources */ = {isa = PBXBuildFile; fileRef = 4E9699D027B1BFF400C4CF8E /* HomeViewController.swift */; };
		4E9699EE27B1BFF400C4CF8E /* HomeRouter.swift in Sources */ = {isa = PBXBuildFile; fileRef = 4E9699D127B1BFF400C4CF8E /* HomeRouter.swift */; };
		4E9699EF27B1BFF400C4CF8E /* RegisterRouter.swift in Sources */ = {isa = PBXBuildFile; fileRef = 4E9699D427B1BFF400C4CF8E /* RegisterRouter.swift */; };
		4E9699F027B1BFF400C4CF8E /* RegisterRoute.swift in Sources */ = {isa = PBXBuildFile; fileRef = 4E9699D527B1BFF400C4CF8E /* RegisterRoute.swift */; };
		4E9699F127B1BFF400C4CF8E /* RegisterViewController.swift in Sources */ = {isa = PBXBuildFile; fileRef = 4E9699D627B1BFF400C4CF8E /* RegisterViewController.swift */; };
		4E9699F227B1BFF400C4CF8E /* RegisterViewModel.swift in Sources */ = {isa = PBXBuildFile; fileRef = 4E9699D727B1BFF400C4CF8E /* RegisterViewModel.swift */; };
		4E9699F327B1BFF400C4CF8E /* PasswordResetViewModel.swift in Sources */ = {isa = PBXBuildFile; fileRef = 4E9699D927B1BFF400C4CF8E /* PasswordResetViewModel.swift */; };
		4E9699F427B1BFF400C4CF8E /* PasswordResetRoute.swift in Sources */ = {isa = PBXBuildFile; fileRef = 4E9699DA27B1BFF400C4CF8E /* PasswordResetRoute.swift */; };
		4E9699F527B1BFF400C4CF8E /* PasswordResetViewController.swift in Sources */ = {isa = PBXBuildFile; fileRef = 4E9699DB27B1BFF400C4CF8E /* PasswordResetViewController.swift */; };
		4E9699F627B1BFF400C4CF8E /* PasswordResetRouter.swift in Sources */ = {isa = PBXBuildFile; fileRef = 4E9699DC27B1BFF400C4CF8E /* PasswordResetRouter.swift */; };
		4E9699F727B1BFF400C4CF8E /* LoginViewModel.swift in Sources */ = {isa = PBXBuildFile; fileRef = 4E9699DE27B1BFF400C4CF8E /* LoginViewModel.swift */; };
		4E9699F827B1BFF400C4CF8E /* LoginViewController.swift in Sources */ = {isa = PBXBuildFile; fileRef = 4E9699DF27B1BFF400C4CF8E /* LoginViewController.swift */; };
		4E9699F927B1BFF400C4CF8E /* LoginRoute.swift in Sources */ = {isa = PBXBuildFile; fileRef = 4E9699E027B1BFF400C4CF8E /* LoginRoute.swift */; };
		4E9699FA27B1BFF400C4CF8E /* LoginRouter.swift in Sources */ = {isa = PBXBuildFile; fileRef = 4E9699E127B1BFF400C4CF8E /* LoginRouter.swift */; };
		4E9699FD27B1BFF400C4CF8E /* BaseViewController.swift in Sources */ = {isa = PBXBuildFile; fileRef = 4E9699E627B1BFF400C4CF8E /* BaseViewController.swift */; };
		4E9699FE27B1BFF400C4CF8E /* BaseViewModel.swift in Sources */ = {isa = PBXBuildFile; fileRef = 4E9699E727B1BFF400C4CF8E /* BaseViewModel.swift */; };
		4E9699FF27B1BFF400C4CF8E /* MainNavigationController.swift in Sources */ = {isa = PBXBuildFile; fileRef = 4E9699E827B1BFF400C4CF8E /* MainNavigationController.swift */; };
		4E969A0727B1C01800C4CF8E /* Validation.swift in Sources */ = {isa = PBXBuildFile; fileRef = 4E969A0127B1C01800C4CF8E /* Validation.swift */; };
		4E969A5027B1C76200C4CF8E /* AppRouter.swift in Sources */ = {isa = PBXBuildFile; fileRef = 4E969A4327B1C76200C4CF8E /* AppRouter.swift */; };
		4E969A5127B1C76200C4CF8E /* Animator.swift in Sources */ = {isa = PBXBuildFile; fileRef = 4E969A4527B1C76200C4CF8E /* Animator.swift */; };
		4E969A5227B1C76200C4CF8E /* Router.swift in Sources */ = {isa = PBXBuildFile; fileRef = 4E969A4627B1C76200C4CF8E /* Router.swift */; };
		4E969A5327B1C76200C4CF8E /* ModalTransition.swift in Sources */ = {isa = PBXBuildFile; fileRef = 4E969A4827B1C76200C4CF8E /* ModalTransition.swift */; };
		4E969A5427B1C76200C4CF8E /* PlaceOnWindowTransition.swift in Sources */ = {isa = PBXBuildFile; fileRef = 4E969A4927B1C76200C4CF8E /* PlaceOnWindowTransition.swift */; };
		4E969A5527B1C76200C4CF8E /* Transition.swift in Sources */ = {isa = PBXBuildFile; fileRef = 4E969A4A27B1C76200C4CF8E /* Transition.swift */; };
		4E969A5627B1C76200C4CF8E /* PushTransition.swift in Sources */ = {isa = PBXBuildFile; fileRef = 4E969A4B27B1C76200C4CF8E /* PushTransition.swift */; };
		4E969A5727B1C76200C4CF8E /* UnfollowAlertViewRoute.swift in Sources */ = {isa = PBXBuildFile; fileRef = 4E969A4D27B1C76200C4CF8E /* UnfollowAlertViewRoute.swift */; };
		4E969A5827B1C76200C4CF8E /* ShareSheetRoute.swift in Sources */ = {isa = PBXBuildFile; fileRef = 4E969A4E27B1C76200C4CF8E /* ShareSheetRoute.swift */; };
		4E969A5927B1C76200C4CF8E /* CommentEditDeleteAlertViewRoute.swift in Sources */ = {isa = PBXBuildFile; fileRef = 4E969A4F27B1C76200C4CF8E /* CommentEditDeleteAlertViewRoute.swift */; };
		4E969A7827B1C79A00C4CF8E /* AlertUtility.swift in Sources */ = {isa = PBXBuildFile; fileRef = 4E969A5C27B1C79A00C4CF8E /* AlertUtility.swift */; };
		4E969A8B27B1C79A00C4CF8E /* DateFormats.swift in Sources */ = {isa = PBXBuildFile; fileRef = 4E969A7427B1C79A00C4CF8E /* DateFormats.swift */; };
		4E969A8C27B1C79A00C4CF8E /* ScreenSize.swift in Sources */ = {isa = PBXBuildFile; fileRef = 4E969A7527B1C79A00C4CF8E /* ScreenSize.swift */; };
		4E969A8D27B1C79A00C4CF8E /* Closures.swift in Sources */ = {isa = PBXBuildFile; fileRef = 4E969A7627B1C79A00C4CF8E /* Closures.swift */; };
		4E969A9127B1C7AB00C4CF8E /* AppDelegate.swift in Sources */ = {isa = PBXBuildFile; fileRef = 4E969A8F27B1C7AB00C4CF8E /* AppDelegate.swift */; };
		4E969A9727B25D1F00C4CF8E /* DetailRouter.swift in Sources */ = {isa = PBXBuildFile; fileRef = 4E969A9427B25D1F00C4CF8E /* DetailRouter.swift */; };
		4E969A9827B25D1F00C4CF8E /* DetailViewController.swift in Sources */ = {isa = PBXBuildFile; fileRef = 4E969A9527B25D1F00C4CF8E /* DetailViewController.swift */; };
		4E969A9927B25D1F00C4CF8E /* DetailViewModel.swift in Sources */ = {isa = PBXBuildFile; fileRef = 4E969A9627B25D1F00C4CF8E /* DetailViewModel.swift */; };
		4E969A9B27B25D3000C4CF8E /* DetailRoute.swift in Sources */ = {isa = PBXBuildFile; fileRef = 4E969A9A27B25D3000C4CF8E /* DetailRoute.swift */; };
		4EAEE99927B083A9001D4A86 /* Assets.xcassets in Resources */ = {isa = PBXBuildFile; fileRef = 4EAEE99827B083A9001D4A86 /* Assets.xcassets */; };
		4EAEE99C27B083A9001D4A86 /* LaunchScreen.storyboard in Resources */ = {isa = PBXBuildFile; fileRef = 4EAEE99A27B083A9001D4A86 /* LaunchScreen.storyboard */; };
		4EAEE9A727B083A9001D4A86 /* NoteMVVMRTests.swift in Sources */ = {isa = PBXBuildFile; fileRef = 4EAEE9A627B083A9001D4A86 /* NoteMVVMRTests.swift */; };
		4EAEE9B127B083A9001D4A86 /* NoteMVVMRUITests.swift in Sources */ = {isa = PBXBuildFile; fileRef = 4EAEE9B027B083A9001D4A86 /* NoteMVVMRUITests.swift */; };
		4EAEE9B327B083A9001D4A86 /* NoteMVVMRUITestsLaunchTests.swift in Sources */ = {isa = PBXBuildFile; fileRef = 4EAEE9B227B083A9001D4A86 /* NoteMVVMRUITestsLaunchTests.swift */; };
		4EAEEAFE27B08AE5001D4A86 /* DataProvider.framework in Frameworks */ = {isa = PBXBuildFile; fileRef = 4EAEEAFD27B08AE5001D4A86 /* DataProvider.framework */; };
		4EAEEAFF27B08AE5001D4A86 /* DataProvider.framework in Embed Frameworks */ = {isa = PBXBuildFile; fileRef = 4EAEEAFD27B08AE5001D4A86 /* DataProvider.framework */; settings = {ATTRIBUTES = (CodeSignOnCopy, RemoveHeadersOnCopy, ); }; };
		4EE2D5EC27B4F5F100E48E60 /* UIComponents.framework in Frameworks */ = {isa = PBXBuildFile; fileRef = 4EE2D5EB27B4F5F100E48E60 /* UIComponents.framework */; };
		4EE2D5ED27B4F5F100E48E60 /* UIComponents.framework in Embed Frameworks */ = {isa = PBXBuildFile; fileRef = 4EE2D5EB27B4F5F100E48E60 /* UIComponents.framework */; settings = {ATTRIBUTES = (CodeSignOnCopy, RemoveHeadersOnCopy, ); }; };
		4EE2D60A27B55BC800E48E60 /* HomeViewModel.swift in Sources */ = {isa = PBXBuildFile; fileRef = 4EE2D60927B55BC800E48E60 /* HomeViewModel.swift */; };
		4EFE0B9D27C0218700623C92 /* ChangePasswordRoute.swift in Sources */ = {isa = PBXBuildFile; fileRef = 4EFE0B9C27C0218700623C92 /* ChangePasswordRoute.swift */; };
		4EFE0BA127C021A100623C92 /* ChangePasswordRouter.swift in Sources */ = {isa = PBXBuildFile; fileRef = 4EFE0B9E27C021A100623C92 /* ChangePasswordRouter.swift */; };
		4EFE0BA227C021A100623C92 /* ChangePasswordViewController.swift in Sources */ = {isa = PBXBuildFile; fileRef = 4EFE0B9F27C021A100623C92 /* ChangePasswordViewController.swift */; };
		4EFE0BA327C021A100623C92 /* ChangePasswordViewModel.swift in Sources */ = {isa = PBXBuildFile; fileRef = 4EFE0BA027C021A100623C92 /* ChangePasswordViewModel.swift */; };
		4F145A137017AA16B07DAD96 /* Pods_NoteMVVMR.framework in Frameworks */ = {isa = PBXBuildFile; fileRef = FD15D0221562FB52C2C5583A /* Pods_NoteMVVMR.framework */; };
		BFBF227BAA06EB5F5B49A33A /* Pods_NoteMVVMR_NoteMVVMRUITests.framework in Frameworks */ = {isa = PBXBuildFile; fileRef = 9A3427BF5D1BACAA2AA60D2A /* Pods_NoteMVVMR_NoteMVVMRUITests.framework */; };
/* End PBXBuildFile section */

/* Begin PBXContainerItemProxy section */
		4EAEE9A327B083A9001D4A86 /* PBXContainerItemProxy */ = {
			isa = PBXContainerItemProxy;
			containerPortal = 4EAEE98427B083A7001D4A86 /* Project object */;
			proxyType = 1;
			remoteGlobalIDString = 4EAEE98B27B083A7001D4A86;
			remoteInfo = NoteMVVMR;
		};
		4EAEE9AD27B083A9001D4A86 /* PBXContainerItemProxy */ = {
			isa = PBXContainerItemProxy;
			containerPortal = 4EAEE98427B083A7001D4A86 /* Project object */;
			proxyType = 1;
			remoteGlobalIDString = 4EAEE98B27B083A7001D4A86;
			remoteInfo = NoteMVVMR;
		};
/* End PBXContainerItemProxy section */

/* Begin PBXCopyFilesBuildPhase section */
		4EAEEB0027B08AE5001D4A86 /* Embed Frameworks */ = {
			isa = PBXCopyFilesBuildPhase;
			buildActionMask = 2147483647;
			dstPath = "";
			dstSubfolderSpec = 10;
			files = (
				4EE2D5ED27B4F5F100E48E60 /* UIComponents.framework in Embed Frameworks */,
				4EAEEAFF27B08AE5001D4A86 /* DataProvider.framework in Embed Frameworks */,
			);
			name = "Embed Frameworks";
			runOnlyForDeploymentPostprocessing = 0;
		};
/* End PBXCopyFilesBuildPhase section */

/* Begin PBXFileReference section */
		221FD75068C88A7A2135DDDB /* Pods-NoteMVVMRTests.release.xcconfig */ = {isa = PBXFileReference; includeInIndex = 1; lastKnownFileType = text.xcconfig; name = "Pods-NoteMVVMRTests.release.xcconfig"; path = "Target Support Files/Pods-NoteMVVMRTests/Pods-NoteMVVMRTests.release.xcconfig"; sourceTree = "<group>"; };
		4E33051827C194C000E8F43A /* PasswordResetMessageRouter.swift */ = {isa = PBXFileReference; lastKnownFileType = sourcecode.swift; path = PasswordResetMessageRouter.swift; sourceTree = "<group>"; };
		4E33051927C194C000E8F43A /* PasswordResetMessageViewController.swift */ = {isa = PBXFileReference; lastKnownFileType = sourcecode.swift; path = PasswordResetMessageViewController.swift; sourceTree = "<group>"; };
		4E33051A27C194C000E8F43A /* PasswordResetMessageViewModel.swift */ = {isa = PBXFileReference; lastKnownFileType = sourcecode.swift; path = PasswordResetMessageViewModel.swift; sourceTree = "<group>"; };
		4E33051E27C1962E00E8F43A /* PasswordResetMessageRoute.swift */ = {isa = PBXFileReference; lastKnownFileType = sourcecode.swift; path = PasswordResetMessageRoute.swift; sourceTree = "<group>"; };
		4E43107B27B991E3002EF700 /* HomeCellModel+Extension.swift */ = {isa = PBXFileReference; lastKnownFileType = sourcecode.swift; path = "HomeCellModel+Extension.swift"; sourceTree = "<group>"; };
		4E43108527BAD77C002EF700 /* Notification+Extension.swift */ = {isa = PBXFileReference; lastKnownFileType = sourcecode.swift; path = "Notification+Extension.swift"; sourceTree = "<group>"; };
		4E43108A27BDB22E002EF700 /* ProfileRouter.swift */ = {isa = PBXFileReference; lastKnownFileType = sourcecode.swift; path = ProfileRouter.swift; sourceTree = "<group>"; };
		4E43108B27BDB22E002EF700 /* ProfileViewController.swift */ = {isa = PBXFileReference; lastKnownFileType = sourcecode.swift; path = ProfileViewController.swift; sourceTree = "<group>"; };
		4E43108C27BDB22E002EF700 /* ProfileViewModel.swift */ = {isa = PBXFileReference; lastKnownFileType = sourcecode.swift; path = ProfileViewModel.swift; sourceTree = "<group>"; };
		4E43109027BDB241002EF700 /* ProfileRoute.swift */ = {isa = PBXFileReference; lastKnownFileType = sourcecode.swift; path = ProfileRoute.swift; sourceTree = "<group>"; };
		4E8D6A2427C770AC00BDBD4B /* tr */ = {isa = PBXFileReference; lastKnownFileType = text.plist.strings; name = tr; path = tr.lproj/LaunchScreen.strings; sourceTree = "<group>"; };
		4E96995327B13DD100C4CF8E /* DataProvider.swift */ = {isa = PBXFileReference; fileEncoding = 4; lastKnownFileType = sourcecode.swift; path = DataProvider.swift; sourceTree = "<group>"; };
		4E96995427B13DD100C4CF8E /* APILogger.swift */ = {isa = PBXFileReference; fileEncoding = 4; lastKnownFileType = sourcecode.swift; path = APILogger.swift; sourceTree = "<group>"; };
		4E96995527B13DD100C4CF8E /* APIRequestInterceptor.swift */ = {isa = PBXFileReference; fileEncoding = 4; lastKnownFileType = sourcecode.swift; path = APIRequestInterceptor.swift; sourceTree = "<group>"; };
		4E9699CC27B1BFF400C4CF8E /* HomeRoute.swift */ = {isa = PBXFileReference; fileEncoding = 4; lastKnownFileType = sourcecode.swift; path = HomeRoute.swift; sourceTree = "<group>"; };
		4E9699D027B1BFF400C4CF8E /* HomeViewController.swift */ = {isa = PBXFileReference; fileEncoding = 4; lastKnownFileType = sourcecode.swift; path = HomeViewController.swift; sourceTree = "<group>"; };
		4E9699D127B1BFF400C4CF8E /* HomeRouter.swift */ = {isa = PBXFileReference; fileEncoding = 4; lastKnownFileType = sourcecode.swift; path = HomeRouter.swift; sourceTree = "<group>"; };
		4E9699D427B1BFF400C4CF8E /* RegisterRouter.swift */ = {isa = PBXFileReference; fileEncoding = 4; lastKnownFileType = sourcecode.swift; path = RegisterRouter.swift; sourceTree = "<group>"; };
		4E9699D527B1BFF400C4CF8E /* RegisterRoute.swift */ = {isa = PBXFileReference; fileEncoding = 4; lastKnownFileType = sourcecode.swift; path = RegisterRoute.swift; sourceTree = "<group>"; };
		4E9699D627B1BFF400C4CF8E /* RegisterViewController.swift */ = {isa = PBXFileReference; fileEncoding = 4; lastKnownFileType = sourcecode.swift; path = RegisterViewController.swift; sourceTree = "<group>"; };
		4E9699D727B1BFF400C4CF8E /* RegisterViewModel.swift */ = {isa = PBXFileReference; fileEncoding = 4; lastKnownFileType = sourcecode.swift; path = RegisterViewModel.swift; sourceTree = "<group>"; };
		4E9699D927B1BFF400C4CF8E /* PasswordResetViewModel.swift */ = {isa = PBXFileReference; fileEncoding = 4; lastKnownFileType = sourcecode.swift; path = PasswordResetViewModel.swift; sourceTree = "<group>"; };
		4E9699DA27B1BFF400C4CF8E /* PasswordResetRoute.swift */ = {isa = PBXFileReference; fileEncoding = 4; lastKnownFileType = sourcecode.swift; path = PasswordResetRoute.swift; sourceTree = "<group>"; };
		4E9699DB27B1BFF400C4CF8E /* PasswordResetViewController.swift */ = {isa = PBXFileReference; fileEncoding = 4; lastKnownFileType = sourcecode.swift; path = PasswordResetViewController.swift; sourceTree = "<group>"; };
		4E9699DC27B1BFF400C4CF8E /* PasswordResetRouter.swift */ = {isa = PBXFileReference; fileEncoding = 4; lastKnownFileType = sourcecode.swift; path = PasswordResetRouter.swift; sourceTree = "<group>"; };
		4E9699DE27B1BFF400C4CF8E /* LoginViewModel.swift */ = {isa = PBXFileReference; fileEncoding = 4; lastKnownFileType = sourcecode.swift; path = LoginViewModel.swift; sourceTree = "<group>"; };
		4E9699DF27B1BFF400C4CF8E /* LoginViewController.swift */ = {isa = PBXFileReference; fileEncoding = 4; lastKnownFileType = sourcecode.swift; path = LoginViewController.swift; sourceTree = "<group>"; };
		4E9699E027B1BFF400C4CF8E /* LoginRoute.swift */ = {isa = PBXFileReference; fileEncoding = 4; lastKnownFileType = sourcecode.swift; path = LoginRoute.swift; sourceTree = "<group>"; };
		4E9699E127B1BFF400C4CF8E /* LoginRouter.swift */ = {isa = PBXFileReference; fileEncoding = 4; lastKnownFileType = sourcecode.swift; path = LoginRouter.swift; sourceTree = "<group>"; };
		4E9699E627B1BFF400C4CF8E /* BaseViewController.swift */ = {isa = PBXFileReference; fileEncoding = 4; lastKnownFileType = sourcecode.swift; path = BaseViewController.swift; sourceTree = "<group>"; };
		4E9699E727B1BFF400C4CF8E /* BaseViewModel.swift */ = {isa = PBXFileReference; fileEncoding = 4; lastKnownFileType = sourcecode.swift; path = BaseViewModel.swift; sourceTree = "<group>"; };
		4E9699E827B1BFF400C4CF8E /* MainNavigationController.swift */ = {isa = PBXFileReference; fileEncoding = 4; lastKnownFileType = sourcecode.swift; path = MainNavigationController.swift; sourceTree = "<group>"; };
		4E969A0127B1C01800C4CF8E /* Validation.swift */ = {isa = PBXFileReference; fileEncoding = 4; lastKnownFileType = sourcecode.swift; path = Validation.swift; sourceTree = "<group>"; };
		4E969A4027B1C66600C4CF8E /* NoteMVVMR-Bridging-Header.h */ = {isa = PBXFileReference; fileEncoding = 4; lastKnownFileType = sourcecode.c.h; path = "NoteMVVMR-Bridging-Header.h"; sourceTree = "<group>"; };
		4E969A4327B1C76200C4CF8E /* AppRouter.swift */ = {isa = PBXFileReference; fileEncoding = 4; lastKnownFileType = sourcecode.swift; path = AppRouter.swift; sourceTree = "<group>"; };
		4E969A4527B1C76200C4CF8E /* Animator.swift */ = {isa = PBXFileReference; fileEncoding = 4; lastKnownFileType = sourcecode.swift; path = Animator.swift; sourceTree = "<group>"; };
		4E969A4627B1C76200C4CF8E /* Router.swift */ = {isa = PBXFileReference; fileEncoding = 4; lastKnownFileType = sourcecode.swift; path = Router.swift; sourceTree = "<group>"; };
		4E969A4827B1C76200C4CF8E /* ModalTransition.swift */ = {isa = PBXFileReference; fileEncoding = 4; lastKnownFileType = sourcecode.swift; path = ModalTransition.swift; sourceTree = "<group>"; };
		4E969A4927B1C76200C4CF8E /* PlaceOnWindowTransition.swift */ = {isa = PBXFileReference; fileEncoding = 4; lastKnownFileType = sourcecode.swift; path = PlaceOnWindowTransition.swift; sourceTree = "<group>"; };
		4E969A4A27B1C76200C4CF8E /* Transition.swift */ = {isa = PBXFileReference; fileEncoding = 4; lastKnownFileType = sourcecode.swift; path = Transition.swift; sourceTree = "<group>"; };
		4E969A4B27B1C76200C4CF8E /* PushTransition.swift */ = {isa = PBXFileReference; fileEncoding = 4; lastKnownFileType = sourcecode.swift; path = PushTransition.swift; sourceTree = "<group>"; };
		4E969A4D27B1C76200C4CF8E /* UnfollowAlertViewRoute.swift */ = {isa = PBXFileReference; fileEncoding = 4; lastKnownFileType = sourcecode.swift; path = UnfollowAlertViewRoute.swift; sourceTree = "<group>"; };
		4E969A4E27B1C76200C4CF8E /* ShareSheetRoute.swift */ = {isa = PBXFileReference; fileEncoding = 4; lastKnownFileType = sourcecode.swift; path = ShareSheetRoute.swift; sourceTree = "<group>"; };
		4E969A4F27B1C76200C4CF8E /* CommentEditDeleteAlertViewRoute.swift */ = {isa = PBXFileReference; fileEncoding = 4; lastKnownFileType = sourcecode.swift; path = CommentEditDeleteAlertViewRoute.swift; sourceTree = "<group>"; };
		4E969A5C27B1C79A00C4CF8E /* AlertUtility.swift */ = {isa = PBXFileReference; fileEncoding = 4; lastKnownFileType = sourcecode.swift; path = AlertUtility.swift; sourceTree = "<group>"; };
		4E969A7427B1C79A00C4CF8E /* DateFormats.swift */ = {isa = PBXFileReference; fileEncoding = 4; lastKnownFileType = sourcecode.swift; path = DateFormats.swift; sourceTree = "<group>"; };
		4E969A7527B1C79A00C4CF8E /* ScreenSize.swift */ = {isa = PBXFileReference; fileEncoding = 4; lastKnownFileType = sourcecode.swift; path = ScreenSize.swift; sourceTree = "<group>"; };
		4E969A7627B1C79A00C4CF8E /* Closures.swift */ = {isa = PBXFileReference; fileEncoding = 4; lastKnownFileType = sourcecode.swift; path = Closures.swift; sourceTree = "<group>"; };
		4E969A8F27B1C7AB00C4CF8E /* AppDelegate.swift */ = {isa = PBXFileReference; fileEncoding = 4; lastKnownFileType = sourcecode.swift; path = AppDelegate.swift; sourceTree = "<group>"; };
		4E969A9427B25D1F00C4CF8E /* DetailRouter.swift */ = {isa = PBXFileReference; lastKnownFileType = sourcecode.swift; path = DetailRouter.swift; sourceTree = "<group>"; };
		4E969A9527B25D1F00C4CF8E /* DetailViewController.swift */ = {isa = PBXFileReference; lastKnownFileType = sourcecode.swift; path = DetailViewController.swift; sourceTree = "<group>"; };
		4E969A9627B25D1F00C4CF8E /* DetailViewModel.swift */ = {isa = PBXFileReference; lastKnownFileType = sourcecode.swift; path = DetailViewModel.swift; sourceTree = "<group>"; };
		4E969A9A27B25D3000C4CF8E /* DetailRoute.swift */ = {isa = PBXFileReference; lastKnownFileType = sourcecode.swift; path = DetailRoute.swift; sourceTree = "<group>"; };
		4EAEE98C27B083A7001D4A86 /* NoteMVVMR.app */ = {isa = PBXFileReference; explicitFileType = wrapper.application; includeInIndex = 0; path = NoteMVVMR.app; sourceTree = BUILT_PRODUCTS_DIR; };
		4EAEE99827B083A9001D4A86 /* Assets.xcassets */ = {isa = PBXFileReference; lastKnownFileType = folder.assetcatalog; path = Assets.xcassets; sourceTree = "<group>"; };
		4EAEE99B27B083A9001D4A86 /* Base */ = {isa = PBXFileReference; lastKnownFileType = file.storyboard; name = Base; path = Base.lproj/LaunchScreen.storyboard; sourceTree = "<group>"; };
		4EAEE99D27B083A9001D4A86 /* Info.plist */ = {isa = PBXFileReference; lastKnownFileType = text.plist.xml; path = Info.plist; sourceTree = "<group>"; };
		4EAEE9A227B083A9001D4A86 /* NoteMVVMRTests.xctest */ = {isa = PBXFileReference; explicitFileType = wrapper.cfbundle; includeInIndex = 0; path = NoteMVVMRTests.xctest; sourceTree = BUILT_PRODUCTS_DIR; };
		4EAEE9A627B083A9001D4A86 /* NoteMVVMRTests.swift */ = {isa = PBXFileReference; lastKnownFileType = sourcecode.swift; path = NoteMVVMRTests.swift; sourceTree = "<group>"; };
		4EAEE9AC27B083A9001D4A86 /* NoteMVVMRUITests.xctest */ = {isa = PBXFileReference; explicitFileType = wrapper.cfbundle; includeInIndex = 0; path = NoteMVVMRUITests.xctest; sourceTree = BUILT_PRODUCTS_DIR; };
		4EAEE9B027B083A9001D4A86 /* NoteMVVMRUITests.swift */ = {isa = PBXFileReference; lastKnownFileType = sourcecode.swift; path = NoteMVVMRUITests.swift; sourceTree = "<group>"; };
		4EAEE9B227B083A9001D4A86 /* NoteMVVMRUITestsLaunchTests.swift */ = {isa = PBXFileReference; lastKnownFileType = sourcecode.swift; path = NoteMVVMRUITestsLaunchTests.swift; sourceTree = "<group>"; };
		4EAEEAFD27B08AE5001D4A86 /* DataProvider.framework */ = {isa = PBXFileReference; explicitFileType = wrapper.framework; path = DataProvider.framework; sourceTree = BUILT_PRODUCTS_DIR; };
		4EAEEB0127B08B76001D4A86 /* DataProviderTests.xctest */ = {isa = PBXFileReference; explicitFileType = wrapper.cfbundle; path = DataProviderTests.xctest; sourceTree = BUILT_PRODUCTS_DIR; };
		4EE2D5EB27B4F5F100E48E60 /* UIComponents.framework */ = {isa = PBXFileReference; explicitFileType = wrapper.framework; path = UIComponents.framework; sourceTree = BUILT_PRODUCTS_DIR; };
		4EE2D60927B55BC800E48E60 /* HomeViewModel.swift */ = {isa = PBXFileReference; fileEncoding = 4; lastKnownFileType = sourcecode.swift; path = HomeViewModel.swift; sourceTree = "<group>"; };
		4EFE0B9C27C0218700623C92 /* ChangePasswordRoute.swift */ = {isa = PBXFileReference; lastKnownFileType = sourcecode.swift; path = ChangePasswordRoute.swift; sourceTree = "<group>"; };
		4EFE0B9E27C021A100623C92 /* ChangePasswordRouter.swift */ = {isa = PBXFileReference; lastKnownFileType = sourcecode.swift; path = ChangePasswordRouter.swift; sourceTree = "<group>"; };
		4EFE0B9F27C021A100623C92 /* ChangePasswordViewController.swift */ = {isa = PBXFileReference; lastKnownFileType = sourcecode.swift; path = ChangePasswordViewController.swift; sourceTree = "<group>"; };
		4EFE0BA027C021A100623C92 /* ChangePasswordViewModel.swift */ = {isa = PBXFileReference; lastKnownFileType = sourcecode.swift; path = ChangePasswordViewModel.swift; sourceTree = "<group>"; };
		76F0A5260D48CB0599B7F436 /* Pods-NoteMVVMR-NoteMVVMRUITests.release.xcconfig */ = {isa = PBXFileReference; includeInIndex = 1; lastKnownFileType = text.xcconfig; name = "Pods-NoteMVVMR-NoteMVVMRUITests.release.xcconfig"; path = "Target Support Files/Pods-NoteMVVMR-NoteMVVMRUITests/Pods-NoteMVVMR-NoteMVVMRUITests.release.xcconfig"; sourceTree = "<group>"; };
		852E5F5E1C5B0E5136CB00C2 /* Pods-NoteMVVMRTests.debug.xcconfig */ = {isa = PBXFileReference; includeInIndex = 1; lastKnownFileType = text.xcconfig; name = "Pods-NoteMVVMRTests.debug.xcconfig"; path = "Target Support Files/Pods-NoteMVVMRTests/Pods-NoteMVVMRTests.debug.xcconfig"; sourceTree = "<group>"; };
		9209839F23B5FDB724A63122 /* Pods_NoteMVVMRTests.framework */ = {isa = PBXFileReference; explicitFileType = wrapper.framework; includeInIndex = 0; path = Pods_NoteMVVMRTests.framework; sourceTree = BUILT_PRODUCTS_DIR; };
		9A3427BF5D1BACAA2AA60D2A /* Pods_NoteMVVMR_NoteMVVMRUITests.framework */ = {isa = PBXFileReference; explicitFileType = wrapper.framework; includeInIndex = 0; path = Pods_NoteMVVMR_NoteMVVMRUITests.framework; sourceTree = BUILT_PRODUCTS_DIR; };
		D3F97D9C1932B05EB142DA2F /* Pods-NoteMVVMR.debug.xcconfig */ = {isa = PBXFileReference; includeInIndex = 1; lastKnownFileType = text.xcconfig; name = "Pods-NoteMVVMR.debug.xcconfig"; path = "Target Support Files/Pods-NoteMVVMR/Pods-NoteMVVMR.debug.xcconfig"; sourceTree = "<group>"; };
		E3BB7A1528CEC7BAC9D241E6 /* Pods-NoteMVVMR.release.xcconfig */ = {isa = PBXFileReference; includeInIndex = 1; lastKnownFileType = text.xcconfig; name = "Pods-NoteMVVMR.release.xcconfig"; path = "Target Support Files/Pods-NoteMVVMR/Pods-NoteMVVMR.release.xcconfig"; sourceTree = "<group>"; };
		E8D1ECD965DC65F355464132 /* Pods-NoteMVVMR-NoteMVVMRUITests.debug.xcconfig */ = {isa = PBXFileReference; includeInIndex = 1; lastKnownFileType = text.xcconfig; name = "Pods-NoteMVVMR-NoteMVVMRUITests.debug.xcconfig"; path = "Target Support Files/Pods-NoteMVVMR-NoteMVVMRUITests/Pods-NoteMVVMR-NoteMVVMRUITests.debug.xcconfig"; sourceTree = "<group>"; };
		FD15D0221562FB52C2C5583A /* Pods_NoteMVVMR.framework */ = {isa = PBXFileReference; explicitFileType = wrapper.framework; includeInIndex = 0; path = Pods_NoteMVVMR.framework; sourceTree = BUILT_PRODUCTS_DIR; };
/* End PBXFileReference section */

/* Begin PBXFrameworksBuildPhase section */
		4EAEE98927B083A7001D4A86 /* Frameworks */ = {
			isa = PBXFrameworksBuildPhase;
			buildActionMask = 2147483647;
			files = (
				4EAEEAFE27B08AE5001D4A86 /* DataProvider.framework in Frameworks */,
				4EE2D5EC27B4F5F100E48E60 /* UIComponents.framework in Frameworks */,
				4F145A137017AA16B07DAD96 /* Pods_NoteMVVMR.framework in Frameworks */,
			);
			runOnlyForDeploymentPostprocessing = 0;
		};
		4EAEE99F27B083A9001D4A86 /* Frameworks */ = {
			isa = PBXFrameworksBuildPhase;
			buildActionMask = 2147483647;
			files = (
				29F50A8966CB526693017127 /* Pods_NoteMVVMRTests.framework in Frameworks */,
			);
			runOnlyForDeploymentPostprocessing = 0;
		};
		4EAEE9A927B083A9001D4A86 /* Frameworks */ = {
			isa = PBXFrameworksBuildPhase;
			buildActionMask = 2147483647;
			files = (
				BFBF227BAA06EB5F5B49A33A /* Pods_NoteMVVMR_NoteMVVMRUITests.framework in Frameworks */,
			);
			runOnlyForDeploymentPostprocessing = 0;
		};
/* End PBXFrameworksBuildPhase section */

/* Begin PBXGroup section */
		4E33051727C1940200E8F43A /* PasswordResetMessage */ = {
			isa = PBXGroup;
			children = (
				4E33051827C194C000E8F43A /* PasswordResetMessageRouter.swift */,
				4E33051927C194C000E8F43A /* PasswordResetMessageViewController.swift */,
				4E33051A27C194C000E8F43A /* PasswordResetMessageViewModel.swift */,
				4E33051E27C1962E00E8F43A /* PasswordResetMessageRoute.swift */,
			);
			path = PasswordResetMessage;
			sourceTree = "<group>";
		};
		4E43108927BDB20C002EF700 /* Profile */ = {
			isa = PBXGroup;
			children = (
				4E43108A27BDB22E002EF700 /* ProfileRouter.swift */,
				4E43108B27BDB22E002EF700 /* ProfileViewController.swift */,
				4E43108C27BDB22E002EF700 /* ProfileViewModel.swift */,
				4E43109027BDB241002EF700 /* ProfileRoute.swift */,
			);
			path = Profile;
			sourceTree = "<group>";
		};
		4E96995227B13DD100C4CF8E /* DataProvider */ = {
			isa = PBXGroup;
			children = (
				4E96995327B13DD100C4CF8E /* DataProvider.swift */,
				4E96995427B13DD100C4CF8E /* APILogger.swift */,
				4E96995527B13DD100C4CF8E /* APIRequestInterceptor.swift */,
			);
			path = DataProvider;
			sourceTree = "<group>";
		};
		4E9699CA27B1BFF400C4CF8E /* Scenes */ = {
			isa = PBXGroup;
			children = (
				4EFE0B9B27C0212900623C92 /* ChangePassword */,
				4E43108927BDB20C002EF700 /* Profile */,
				4E969A9327B25D0000C4CF8E /* Detail */,
				4E9699CB27B1BFF400C4CF8E /* Home */,
				4E9699D227B1BFF400C4CF8E /* Auth */,
				4E9699E527B1BFF400C4CF8E /* Base */,
			);
			path = Scenes;
			sourceTree = "<group>";
		};
		4E9699CB27B1BFF400C4CF8E /* Home */ = {
			isa = PBXGroup;
			children = (
				4EE2D60927B55BC800E48E60 /* HomeViewModel.swift */,
				4E9699D027B1BFF400C4CF8E /* HomeViewController.swift */,
				4E9699D127B1BFF400C4CF8E /* HomeRouter.swift */,
				4E9699CC27B1BFF400C4CF8E /* HomeRoute.swift */,
			);
			path = Home;
			sourceTree = "<group>";
		};
		4E9699D227B1BFF400C4CF8E /* Auth */ = {
			isa = PBXGroup;
			children = (
				4E9699DD27B1BFF400C4CF8E /* Login */,
				4E9699D327B1BFF400C4CF8E /* Register */,
				4E9699D827B1BFF400C4CF8E /* PasswordReset */,
			);
			path = Auth;
			sourceTree = "<group>";
		};
		4E9699D327B1BFF400C4CF8E /* Register */ = {
			isa = PBXGroup;
			children = (
				4E9699D427B1BFF400C4CF8E /* RegisterRouter.swift */,
				4E9699D527B1BFF400C4CF8E /* RegisterRoute.swift */,
				4E9699D627B1BFF400C4CF8E /* RegisterViewController.swift */,
				4E9699D727B1BFF400C4CF8E /* RegisterViewModel.swift */,
			);
			path = Register;
			sourceTree = "<group>";
		};
		4E9699D827B1BFF400C4CF8E /* PasswordReset */ = {
			isa = PBXGroup;
			children = (
				4E9699D927B1BFF400C4CF8E /* PasswordResetViewModel.swift */,
				4E9699DA27B1BFF400C4CF8E /* PasswordResetRoute.swift */,
				4E9699DB27B1BFF400C4CF8E /* PasswordResetViewController.swift */,
				4E9699DC27B1BFF400C4CF8E /* PasswordResetRouter.swift */,
				4E33051727C1940200E8F43A /* PasswordResetMessage */,
			);
			path = PasswordReset;
			sourceTree = "<group>";
		};
		4E9699DD27B1BFF400C4CF8E /* Login */ = {
			isa = PBXGroup;
			children = (
				4E9699DE27B1BFF400C4CF8E /* LoginViewModel.swift */,
				4E9699DF27B1BFF400C4CF8E /* LoginViewController.swift */,
				4E9699E027B1BFF400C4CF8E /* LoginRoute.swift */,
				4E9699E127B1BFF400C4CF8E /* LoginRouter.swift */,
			);
			path = Login;
			sourceTree = "<group>";
		};
		4E9699E527B1BFF400C4CF8E /* Base */ = {
			isa = PBXGroup;
			children = (
				4E9699E627B1BFF400C4CF8E /* BaseViewController.swift */,
				4E9699E727B1BFF400C4CF8E /* BaseViewModel.swift */,
				4E9699E827B1BFF400C4CF8E /* MainNavigationController.swift */,
			);
			path = Base;
			sourceTree = "<group>";
		};
		4E969A0027B1C01800C4CF8E /* Validation */ = {
			isa = PBXGroup;
			children = (
				4E969A0127B1C01800C4CF8E /* Validation.swift */,
			);
			path = Validation;
			sourceTree = "<group>";
		};
		4E969A0227B1C01800C4CF8E /* UIComponents */ = {
			isa = PBXGroup;
			children = (
				4E969A0427B1C01800C4CF8E /* Factory */,
				4E43107B27B991E3002EF700 /* HomeCellModel+Extension.swift */,
			);
			path = UIComponents;
			sourceTree = "<group>";
		};
		4E969A0427B1C01800C4CF8E /* Factory */ = {
			isa = PBXGroup;
			children = (
			);
			path = Factory;
			sourceTree = "<group>";
		};
		4E969A3E27B1C66600C4CF8E /* Configurations */ = {
			isa = PBXGroup;
			children = (
				4E969A3F27B1C66600C4CF8E /* BridgingHeader */,
			);
			path = Configurations;
			sourceTree = "<group>";
		};
		4E969A3F27B1C66600C4CF8E /* BridgingHeader */ = {
			isa = PBXGroup;
			children = (
				4E969A4027B1C66600C4CF8E /* NoteMVVMR-Bridging-Header.h */,
			);
			path = BridgingHeader;
			sourceTree = "<group>";
		};
		4E969A4127B1C76200C4CF8E /* Routing */ = {
			isa = PBXGroup;
			children = (
				4E969A4227B1C76200C4CF8E /* Routers */,
				4E969A4427B1C76200C4CF8E /* Core */,
				4E969A4727B1C76200C4CF8E /* Transitions */,
				4E969A4C27B1C76200C4CF8E /* Routes */,
			);
			path = Routing;
			sourceTree = "<group>";
		};
		4E969A4227B1C76200C4CF8E /* Routers */ = {
			isa = PBXGroup;
			children = (
				4E969A4327B1C76200C4CF8E /* AppRouter.swift */,
			);
			path = Routers;
			sourceTree = "<group>";
		};
		4E969A4427B1C76200C4CF8E /* Core */ = {
			isa = PBXGroup;
			children = (
				4E969A4527B1C76200C4CF8E /* Animator.swift */,
				4E969A4627B1C76200C4CF8E /* Router.swift */,
			);
			path = Core;
			sourceTree = "<group>";
		};
		4E969A4727B1C76200C4CF8E /* Transitions */ = {
			isa = PBXGroup;
			children = (
				4E969A4827B1C76200C4CF8E /* ModalTransition.swift */,
				4E969A4927B1C76200C4CF8E /* PlaceOnWindowTransition.swift */,
				4E969A4A27B1C76200C4CF8E /* Transition.swift */,
				4E969A4B27B1C76200C4CF8E /* PushTransition.swift */,
			);
			path = Transitions;
			sourceTree = "<group>";
		};
		4E969A4C27B1C76200C4CF8E /* Routes */ = {
			isa = PBXGroup;
			children = (
				4E969A4D27B1C76200C4CF8E /* UnfollowAlertViewRoute.swift */,
				4E969A4E27B1C76200C4CF8E /* ShareSheetRoute.swift */,
				4E969A4F27B1C76200C4CF8E /* CommentEditDeleteAlertViewRoute.swift */,
			);
			path = Routes;
			sourceTree = "<group>";
		};
		4E969A5A27B1C79A00C4CF8E /* Extensions */ = {
			isa = PBXGroup;
			children = (
				4E969A5C27B1C79A00C4CF8E /* AlertUtility.swift */,
				4E43108527BAD77C002EF700 /* Notification+Extension.swift */,
			);
			path = Extensions;
			sourceTree = "<group>";
		};
		4E969A7327B1C79A00C4CF8E /* Constants */ = {
			isa = PBXGroup;
			children = (
				4E969A7427B1C79A00C4CF8E /* DateFormats.swift */,
				4E969A7527B1C79A00C4CF8E /* ScreenSize.swift */,
				4E969A7627B1C79A00C4CF8E /* Closures.swift */,
			);
			path = Constants;
			sourceTree = "<group>";
		};
		4E969A8E27B1C7AB00C4CF8E /* AppDelegate */ = {
			isa = PBXGroup;
			children = (
				4E969A8F27B1C7AB00C4CF8E /* AppDelegate.swift */,
			);
			path = AppDelegate;
			sourceTree = "<group>";
		};
		4E969A9327B25D0000C4CF8E /* Detail */ = {
			isa = PBXGroup;
			children = (
				4E969A9527B25D1F00C4CF8E /* DetailViewController.swift */,
				4E969A9627B25D1F00C4CF8E /* DetailViewModel.swift */,
				4E969A9A27B25D3000C4CF8E /* DetailRoute.swift */,
				4E969A9427B25D1F00C4CF8E /* DetailRouter.swift */,
			);
			path = Detail;
			sourceTree = "<group>";
		};
		4EAEE98327B083A7001D4A86 = {
			isa = PBXGroup;
			children = (
				4EAEE98E27B083A7001D4A86 /* NoteMVVMR */,
				4EAEE9A527B083A9001D4A86 /* NoteMVVMRTests */,
				4EAEE9AF27B083A9001D4A86 /* NoteMVVMRUITests */,
				4EAEE98D27B083A7001D4A86 /* Products */,
				DE64E45F84ACFF9A875A38CF /* Pods */,
				BC26178D7CC24CD77E2BA519 /* Frameworks */,
			);
			sourceTree = "<group>";
		};
		4EAEE98D27B083A7001D4A86 /* Products */ = {
			isa = PBXGroup;
			children = (
				4EAEE98C27B083A7001D4A86 /* NoteMVVMR.app */,
				4EAEE9A227B083A9001D4A86 /* NoteMVVMRTests.xctest */,
				4EAEE9AC27B083A9001D4A86 /* NoteMVVMRUITests.xctest */,
			);
			name = Products;
			sourceTree = "<group>";
		};
		4EAEE98E27B083A7001D4A86 /* NoteMVVMR */ = {
			isa = PBXGroup;
			children = (
				4E96995227B13DD100C4CF8E /* DataProvider */,
				4E969A8E27B1C7AB00C4CF8E /* AppDelegate */,
				4E969A0027B1C01800C4CF8E /* Validation */,
				4E969A3E27B1C66600C4CF8E /* Configurations */,
				4E969A7327B1C79A00C4CF8E /* Constants */,
				4E969A4127B1C76200C4CF8E /* Routing */,
				4E969A5A27B1C79A00C4CF8E /* Extensions */,
				4E969A0227B1C01800C4CF8E /* UIComponents */,
				4E9699CA27B1BFF400C4CF8E /* Scenes */,
				4EAEE99827B083A9001D4A86 /* Assets.xcassets */,
				4EAEE99A27B083A9001D4A86 /* LaunchScreen.storyboard */,
				4EAEE99D27B083A9001D4A86 /* Info.plist */,
			);
			path = NoteMVVMR;
			sourceTree = "<group>";
		};
		4EAEE9A527B083A9001D4A86 /* NoteMVVMRTests */ = {
			isa = PBXGroup;
			children = (
				4EAEE9A627B083A9001D4A86 /* NoteMVVMRTests.swift */,
			);
			path = NoteMVVMRTests;
			sourceTree = "<group>";
		};
		4EAEE9AF27B083A9001D4A86 /* NoteMVVMRUITests */ = {
			isa = PBXGroup;
			children = (
				4EAEE9B027B083A9001D4A86 /* NoteMVVMRUITests.swift */,
				4EAEE9B227B083A9001D4A86 /* NoteMVVMRUITestsLaunchTests.swift */,
			);
			path = NoteMVVMRUITests;
			sourceTree = "<group>";
		};
		4EFE0B9B27C0212900623C92 /* ChangePassword */ = {
			isa = PBXGroup;
			children = (
				4EFE0B9C27C0218700623C92 /* ChangePasswordRoute.swift */,
				4EFE0B9E27C021A100623C92 /* ChangePasswordRouter.swift */,
				4EFE0B9F27C021A100623C92 /* ChangePasswordViewController.swift */,
				4EFE0BA027C021A100623C92 /* ChangePasswordViewModel.swift */,
			);
			path = ChangePassword;
			sourceTree = "<group>";
		};
		BC26178D7CC24CD77E2BA519 /* Frameworks */ = {
			isa = PBXGroup;
			children = (
				4EE2D5EB27B4F5F100E48E60 /* UIComponents.framework */,
				4EAEEB0127B08B76001D4A86 /* DataProviderTests.xctest */,
				4EAEEAFD27B08AE5001D4A86 /* DataProvider.framework */,
				FD15D0221562FB52C2C5583A /* Pods_NoteMVVMR.framework */,
				9A3427BF5D1BACAA2AA60D2A /* Pods_NoteMVVMR_NoteMVVMRUITests.framework */,
				9209839F23B5FDB724A63122 /* Pods_NoteMVVMRTests.framework */,
			);
			name = Frameworks;
			sourceTree = "<group>";
		};
		DE64E45F84ACFF9A875A38CF /* Pods */ = {
			isa = PBXGroup;
			children = (
				D3F97D9C1932B05EB142DA2F /* Pods-NoteMVVMR.debug.xcconfig */,
				E3BB7A1528CEC7BAC9D241E6 /* Pods-NoteMVVMR.release.xcconfig */,
				E8D1ECD965DC65F355464132 /* Pods-NoteMVVMR-NoteMVVMRUITests.debug.xcconfig */,
				76F0A5260D48CB0599B7F436 /* Pods-NoteMVVMR-NoteMVVMRUITests.release.xcconfig */,
				852E5F5E1C5B0E5136CB00C2 /* Pods-NoteMVVMRTests.debug.xcconfig */,
				221FD75068C88A7A2135DDDB /* Pods-NoteMVVMRTests.release.xcconfig */,
			);
			path = Pods;
			sourceTree = "<group>";
		};
/* End PBXGroup section */

/* Begin PBXNativeTarget section */
		4EAEE98B27B083A7001D4A86 /* NoteMVVMR */ = {
			isa = PBXNativeTarget;
			buildConfigurationList = 4EAEE9B627B083A9001D4A86 /* Build configuration list for PBXNativeTarget "NoteMVVMR" */;
			buildPhases = (
				834351C659E0746F88DE27A5 /* [CP] Check Pods Manifest.lock */,
				4EAEE98827B083A7001D4A86 /* Sources */,
				4EE2D5F327B50A3000E48E60 /* Swiftlint */,
				4EAEE98927B083A7001D4A86 /* Frameworks */,
				4EAEE98A27B083A7001D4A86 /* Resources */,
				4EAEEB0027B08AE5001D4A86 /* Embed Frameworks */,
				4EEB4F61D7910929FF2E1B6D /* [CP] Embed Pods Frameworks */,
			);
			buildRules = (
			);
			dependencies = (
			);
			name = NoteMVVMR;
			productName = NoteMVVMR;
			productReference = 4EAEE98C27B083A7001D4A86 /* NoteMVVMR.app */;
			productType = "com.apple.product-type.application";
		};
		4EAEE9A127B083A9001D4A86 /* NoteMVVMRTests */ = {
			isa = PBXNativeTarget;
			buildConfigurationList = 4EAEE9B927B083A9001D4A86 /* Build configuration list for PBXNativeTarget "NoteMVVMRTests" */;
			buildPhases = (
				E6B6FFB14D4096C2B4E13905 /* [CP] Check Pods Manifest.lock */,
				4EAEE99E27B083A9001D4A86 /* Sources */,
				4EAEE99F27B083A9001D4A86 /* Frameworks */,
				4EAEE9A027B083A9001D4A86 /* Resources */,
			);
			buildRules = (
			);
			dependencies = (
				4EAEE9A427B083A9001D4A86 /* PBXTargetDependency */,
			);
			name = NoteMVVMRTests;
			productName = NoteMVVMRTests;
			productReference = 4EAEE9A227B083A9001D4A86 /* NoteMVVMRTests.xctest */;
			productType = "com.apple.product-type.bundle.unit-test";
		};
		4EAEE9AB27B083A9001D4A86 /* NoteMVVMRUITests */ = {
			isa = PBXNativeTarget;
			buildConfigurationList = 4EAEE9BC27B083A9001D4A86 /* Build configuration list for PBXNativeTarget "NoteMVVMRUITests" */;
			buildPhases = (
				4DD18E045765A2E32765B341 /* [CP] Check Pods Manifest.lock */,
				4EAEE9A827B083A9001D4A86 /* Sources */,
				4EAEE9A927B083A9001D4A86 /* Frameworks */,
				4EAEE9AA27B083A9001D4A86 /* Resources */,
				CD6E5E427ED5BA65D5C3FE41 /* [CP] Embed Pods Frameworks */,
			);
			buildRules = (
			);
			dependencies = (
				4EAEE9AE27B083A9001D4A86 /* PBXTargetDependency */,
			);
			name = NoteMVVMRUITests;
			productName = NoteMVVMRUITests;
			productReference = 4EAEE9AC27B083A9001D4A86 /* NoteMVVMRUITests.xctest */;
			productType = "com.apple.product-type.bundle.ui-testing";
		};
/* End PBXNativeTarget section */

/* Begin PBXProject section */
		4EAEE98427B083A7001D4A86 /* Project object */ = {
			isa = PBXProject;
			attributes = {
				BuildIndependentTargetsInParallel = 1;
				LastSwiftUpdateCheck = 1320;
				LastUpgradeCheck = 1320;
				TargetAttributes = {
					4EAEE98B27B083A7001D4A86 = {
						CreatedOnToolsVersion = 13.2.1;
						LastSwiftMigration = 1320;
					};
					4EAEE9A127B083A9001D4A86 = {
						CreatedOnToolsVersion = 13.2.1;
						TestTargetID = 4EAEE98B27B083A7001D4A86;
					};
					4EAEE9AB27B083A9001D4A86 = {
						CreatedOnToolsVersion = 13.2.1;
						TestTargetID = 4EAEE98B27B083A7001D4A86;
					};
				};
			};
			buildConfigurationList = 4EAEE98727B083A7001D4A86 /* Build configuration list for PBXProject "NoteMVVMR" */;
			compatibilityVersion = "Xcode 13.0";
			developmentRegion = en;
			hasScannedForEncodings = 0;
			knownRegions = (
				en,
				Base,
				tr,
			);
			mainGroup = 4EAEE98327B083A7001D4A86;
			productRefGroup = 4EAEE98D27B083A7001D4A86 /* Products */;
			projectDirPath = "";
			projectRoot = "";
			targets = (
				4EAEE98B27B083A7001D4A86 /* NoteMVVMR */,
				4EAEE9A127B083A9001D4A86 /* NoteMVVMRTests */,
				4EAEE9AB27B083A9001D4A86 /* NoteMVVMRUITests */,
			);
		};
/* End PBXProject section */

/* Begin PBXResourcesBuildPhase section */
		4EAEE98A27B083A7001D4A86 /* Resources */ = {
			isa = PBXResourcesBuildPhase;
			buildActionMask = 2147483647;
			files = (
				4EAEE99C27B083A9001D4A86 /* LaunchScreen.storyboard in Resources */,
				4EAEE99927B083A9001D4A86 /* Assets.xcassets in Resources */,
			);
			runOnlyForDeploymentPostprocessing = 0;
		};
		4EAEE9A027B083A9001D4A86 /* Resources */ = {
			isa = PBXResourcesBuildPhase;
			buildActionMask = 2147483647;
			files = (
			);
			runOnlyForDeploymentPostprocessing = 0;
		};
		4EAEE9AA27B083A9001D4A86 /* Resources */ = {
			isa = PBXResourcesBuildPhase;
			buildActionMask = 2147483647;
			files = (
			);
			runOnlyForDeploymentPostprocessing = 0;
		};
/* End PBXResourcesBuildPhase section */

/* Begin PBXShellScriptBuildPhase section */
		4DD18E045765A2E32765B341 /* [CP] Check Pods Manifest.lock */ = {
			isa = PBXShellScriptBuildPhase;
			buildActionMask = 2147483647;
			files = (
			);
			inputFileListPaths = (
			);
			inputPaths = (
				"${PODS_PODFILE_DIR_PATH}/Podfile.lock",
				"${PODS_ROOT}/Manifest.lock",
			);
			name = "[CP] Check Pods Manifest.lock";
			outputFileListPaths = (
			);
			outputPaths = (
				"$(DERIVED_FILE_DIR)/Pods-NoteMVVMR-NoteMVVMRUITests-checkManifestLockResult.txt",
			);
			runOnlyForDeploymentPostprocessing = 0;
			shellPath = /bin/sh;
			shellScript = "diff \"${PODS_PODFILE_DIR_PATH}/Podfile.lock\" \"${PODS_ROOT}/Manifest.lock\" > /dev/null\nif [ $? != 0 ] ; then\n    # print error to STDERR\n    echo \"error: The sandbox is not in sync with the Podfile.lock. Run 'pod install' or update your CocoaPods installation.\" >&2\n    exit 1\nfi\n# This output is used by Xcode 'outputs' to avoid re-running this script phase.\necho \"SUCCESS\" > \"${SCRIPT_OUTPUT_FILE_0}\"\n";
			showEnvVarsInLog = 0;
		};
		4EE2D5F327B50A3000E48E60 /* Swiftlint */ = {
			isa = PBXShellScriptBuildPhase;
			buildActionMask = 2147483647;
			files = (
			);
			inputFileListPaths = (
			);
			inputPaths = (
			);
			name = Swiftlint;
			outputFileListPaths = (
			);
			outputPaths = (
			);
			runOnlyForDeploymentPostprocessing = 0;
			shellPath = /bin/sh;
			shellScript = "\"${PODS_ROOT}/SwiftLint/swiftlint\"\n";
		};
		4EEB4F61D7910929FF2E1B6D /* [CP] Embed Pods Frameworks */ = {
			isa = PBXShellScriptBuildPhase;
			buildActionMask = 2147483647;
			files = (
			);
			inputFileListPaths = (
				"${PODS_ROOT}/Target Support Files/Pods-NoteMVVMR/Pods-NoteMVVMR-frameworks-${CONFIGURATION}-input-files.xcfilelist",
			);
			name = "[CP] Embed Pods Frameworks";
			outputFileListPaths = (
				"${PODS_ROOT}/Target Support Files/Pods-NoteMVVMR/Pods-NoteMVVMR-frameworks-${CONFIGURATION}-output-files.xcfilelist",
			);
			runOnlyForDeploymentPostprocessing = 0;
			shellPath = /bin/sh;
			shellScript = "\"${PODS_ROOT}/Target Support Files/Pods-NoteMVVMR/Pods-NoteMVVMR-frameworks.sh\"\n";
			showEnvVarsInLog = 0;
		};
		834351C659E0746F88DE27A5 /* [CP] Check Pods Manifest.lock */ = {
			isa = PBXShellScriptBuildPhase;
			buildActionMask = 2147483647;
			files = (
			);
			inputFileListPaths = (
			);
			inputPaths = (
				"${PODS_PODFILE_DIR_PATH}/Podfile.lock",
				"${PODS_ROOT}/Manifest.lock",
			);
			name = "[CP] Check Pods Manifest.lock";
			outputFileListPaths = (
			);
			outputPaths = (
				"$(DERIVED_FILE_DIR)/Pods-NoteMVVMR-checkManifestLockResult.txt",
			);
			runOnlyForDeploymentPostprocessing = 0;
			shellPath = /bin/sh;
			shellScript = "diff \"${PODS_PODFILE_DIR_PATH}/Podfile.lock\" \"${PODS_ROOT}/Manifest.lock\" > /dev/null\nif [ $? != 0 ] ; then\n    # print error to STDERR\n    echo \"error: The sandbox is not in sync with the Podfile.lock. Run 'pod install' or update your CocoaPods installation.\" >&2\n    exit 1\nfi\n# This output is used by Xcode 'outputs' to avoid re-running this script phase.\necho \"SUCCESS\" > \"${SCRIPT_OUTPUT_FILE_0}\"\n";
			showEnvVarsInLog = 0;
		};
		CD6E5E427ED5BA65D5C3FE41 /* [CP] Embed Pods Frameworks */ = {
			isa = PBXShellScriptBuildPhase;
			buildActionMask = 2147483647;
			files = (
			);
			inputFileListPaths = (
				"${PODS_ROOT}/Target Support Files/Pods-NoteMVVMR-NoteMVVMRUITests/Pods-NoteMVVMR-NoteMVVMRUITests-frameworks-${CONFIGURATION}-input-files.xcfilelist",
			);
			name = "[CP] Embed Pods Frameworks";
			outputFileListPaths = (
				"${PODS_ROOT}/Target Support Files/Pods-NoteMVVMR-NoteMVVMRUITests/Pods-NoteMVVMR-NoteMVVMRUITests-frameworks-${CONFIGURATION}-output-files.xcfilelist",
			);
			runOnlyForDeploymentPostprocessing = 0;
			shellPath = /bin/sh;
			shellScript = "\"${PODS_ROOT}/Target Support Files/Pods-NoteMVVMR-NoteMVVMRUITests/Pods-NoteMVVMR-NoteMVVMRUITests-frameworks.sh\"\n";
			showEnvVarsInLog = 0;
		};
		E6B6FFB14D4096C2B4E13905 /* [CP] Check Pods Manifest.lock */ = {
			isa = PBXShellScriptBuildPhase;
			buildActionMask = 2147483647;
			files = (
			);
			inputFileListPaths = (
			);
			inputPaths = (
				"${PODS_PODFILE_DIR_PATH}/Podfile.lock",
				"${PODS_ROOT}/Manifest.lock",
			);
			name = "[CP] Check Pods Manifest.lock";
			outputFileListPaths = (
			);
			outputPaths = (
				"$(DERIVED_FILE_DIR)/Pods-NoteMVVMRTests-checkManifestLockResult.txt",
			);
			runOnlyForDeploymentPostprocessing = 0;
			shellPath = /bin/sh;
			shellScript = "diff \"${PODS_PODFILE_DIR_PATH}/Podfile.lock\" \"${PODS_ROOT}/Manifest.lock\" > /dev/null\nif [ $? != 0 ] ; then\n    # print error to STDERR\n    echo \"error: The sandbox is not in sync with the Podfile.lock. Run 'pod install' or update your CocoaPods installation.\" >&2\n    exit 1\nfi\n# This output is used by Xcode 'outputs' to avoid re-running this script phase.\necho \"SUCCESS\" > \"${SCRIPT_OUTPUT_FILE_0}\"\n";
			showEnvVarsInLog = 0;
		};
/* End PBXShellScriptBuildPhase section */

/* Begin PBXSourcesBuildPhase section */
		4EAEE98827B083A7001D4A86 /* Sources */ = {
			isa = PBXSourcesBuildPhase;
			buildActionMask = 2147483647;
			files = (
				4E43108D27BDB22E002EF700 /* ProfileRouter.swift in Sources */,
				4E9699F127B1BFF400C4CF8E /* RegisterViewController.swift in Sources */,
				4E9699ED27B1BFF400C4CF8E /* HomeViewController.swift in Sources */,
				4E969A5727B1C76200C4CF8E /* UnfollowAlertViewRoute.swift in Sources */,
				4E33051D27C194C000E8F43A /* PasswordResetMessageViewModel.swift in Sources */,
				4E96995727B13DD100C4CF8E /* APILogger.swift in Sources */,
				4E96995827B13DD100C4CF8E /* APIRequestInterceptor.swift in Sources */,
				4E969A5527B1C76200C4CF8E /* Transition.swift in Sources */,
				4E9699FD27B1BFF400C4CF8E /* BaseViewController.swift in Sources */,
				4E969A9827B25D1F00C4CF8E /* DetailViewController.swift in Sources */,
				4E9699F627B1BFF400C4CF8E /* PasswordResetRouter.swift in Sources */,
				4E9699FE27B1BFF400C4CF8E /* BaseViewModel.swift in Sources */,
				4E9699F427B1BFF400C4CF8E /* PasswordResetRoute.swift in Sources */,
				4E969A5027B1C76200C4CF8E /* AppRouter.swift in Sources */,
				4E43108F27BDB22E002EF700 /* ProfileViewModel.swift in Sources */,
				4E969A9127B1C7AB00C4CF8E /* AppDelegate.swift in Sources */,
				4E969A0727B1C01800C4CF8E /* Validation.swift in Sources */,
				4E9699F727B1BFF400C4CF8E /* LoginViewModel.swift in Sources */,
				4E33051B27C194C000E8F43A /* PasswordResetMessageRouter.swift in Sources */,
				4E969A5127B1C76200C4CF8E /* Animator.swift in Sources */,
				4E43108627BAD77C002EF700 /* Notification+Extension.swift in Sources */,
				4E9699EE27B1BFF400C4CF8E /* HomeRouter.swift in Sources */,
				4E33051C27C194C000E8F43A /* PasswordResetMessageViewController.swift in Sources */,
				4E969A5827B1C76200C4CF8E /* ShareSheetRoute.swift in Sources */,
				4E969A5227B1C76200C4CF8E /* Router.swift in Sources */,
				4E43107C27B991E3002EF700 /* HomeCellModel+Extension.swift in Sources */,
				4E969A5927B1C76200C4CF8E /* CommentEditDeleteAlertViewRoute.swift in Sources */,
				4EFE0B9D27C0218700623C92 /* ChangePasswordRoute.swift in Sources */,
				4E9699F927B1BFF400C4CF8E /* LoginRoute.swift in Sources */,
				4E9699F027B1BFF400C4CF8E /* RegisterRoute.swift in Sources */,
				4E969A9B27B25D3000C4CF8E /* DetailRoute.swift in Sources */,
				4E9699FF27B1BFF400C4CF8E /* MainNavigationController.swift in Sources */,
				4E33051F27C1962E00E8F43A /* PasswordResetMessageRoute.swift in Sources */,
				4E9699F327B1BFF400C4CF8E /* PasswordResetViewModel.swift in Sources */,
				4EFE0BA327C021A100623C92 /* ChangePasswordViewModel.swift in Sources */,
				4E9699F527B1BFF400C4CF8E /* PasswordResetViewController.swift in Sources */,
				4E9699E927B1BFF400C4CF8E /* HomeRoute.swift in Sources */,
				4E43108E27BDB22E002EF700 /* ProfileViewController.swift in Sources */,
				4E969A9727B25D1F00C4CF8E /* DetailRouter.swift in Sources */,
				4EFE0BA127C021A100623C92 /* ChangePasswordRouter.swift in Sources */,
				4E969A8B27B1C79A00C4CF8E /* DateFormats.swift in Sources */,
				4EE2D60A27B55BC800E48E60 /* HomeViewModel.swift in Sources */,
				4E43109127BDB241002EF700 /* ProfileRoute.swift in Sources */,
				4EFE0BA227C021A100623C92 /* ChangePasswordViewController.swift in Sources */,
				4E969A7827B1C79A00C4CF8E /* AlertUtility.swift in Sources */,
				4E969A5627B1C76200C4CF8E /* PushTransition.swift in Sources */,
				4E969A8C27B1C79A00C4CF8E /* ScreenSize.swift in Sources */,
				4E9699F227B1BFF400C4CF8E /* RegisterViewModel.swift in Sources */,
				4E96995627B13DD100C4CF8E /* DataProvider.swift in Sources */,
				4E969A8D27B1C79A00C4CF8E /* Closures.swift in Sources */,
				4E969A5327B1C76200C4CF8E /* ModalTransition.swift in Sources */,
				4E9699F827B1BFF400C4CF8E /* LoginViewController.swift in Sources */,
				4E969A5427B1C76200C4CF8E /* PlaceOnWindowTransition.swift in Sources */,
				4E9699FA27B1BFF400C4CF8E /* LoginRouter.swift in Sources */,
				4E969A9927B25D1F00C4CF8E /* DetailViewModel.swift in Sources */,
				4E9699EF27B1BFF400C4CF8E /* RegisterRouter.swift in Sources */,
			);
			runOnlyForDeploymentPostprocessing = 0;
		};
		4EAEE99E27B083A9001D4A86 /* Sources */ = {
			isa = PBXSourcesBuildPhase;
			buildActionMask = 2147483647;
			files = (
				4EAEE9A727B083A9001D4A86 /* NoteMVVMRTests.swift in Sources */,
			);
			runOnlyForDeploymentPostprocessing = 0;
		};
		4EAEE9A827B083A9001D4A86 /* Sources */ = {
			isa = PBXSourcesBuildPhase;
			buildActionMask = 2147483647;
			files = (
				4EAEE9B127B083A9001D4A86 /* NoteMVVMRUITests.swift in Sources */,
				4EAEE9B327B083A9001D4A86 /* NoteMVVMRUITestsLaunchTests.swift in Sources */,
			);
			runOnlyForDeploymentPostprocessing = 0;
		};
/* End PBXSourcesBuildPhase section */

/* Begin PBXTargetDependency section */
		4EAEE9A427B083A9001D4A86 /* PBXTargetDependency */ = {
			isa = PBXTargetDependency;
			target = 4EAEE98B27B083A7001D4A86 /* NoteMVVMR */;
			targetProxy = 4EAEE9A327B083A9001D4A86 /* PBXContainerItemProxy */;
		};
		4EAEE9AE27B083A9001D4A86 /* PBXTargetDependency */ = {
			isa = PBXTargetDependency;
			target = 4EAEE98B27B083A7001D4A86 /* NoteMVVMR */;
			targetProxy = 4EAEE9AD27B083A9001D4A86 /* PBXContainerItemProxy */;
		};
/* End PBXTargetDependency section */

/* Begin PBXVariantGroup section */
		4EAEE99A27B083A9001D4A86 /* LaunchScreen.storyboard */ = {
			isa = PBXVariantGroup;
			children = (
				4EAEE99B27B083A9001D4A86 /* Base */,
				4E8D6A2427C770AC00BDBD4B /* tr */,
			);
			name = LaunchScreen.storyboard;
			sourceTree = "<group>";
		};
/* End PBXVariantGroup section */

/* Begin XCBuildConfiguration section */
		4EAEE9B427B083A9001D4A86 /* Debug */ = {
			isa = XCBuildConfiguration;
			buildSettings = {
				ALWAYS_SEARCH_USER_PATHS = NO;
				CLANG_ANALYZER_LOCALIZABILITY_NONLOCALIZED = YES;
				CLANG_ANALYZER_NONNULL = YES;
				CLANG_ANALYZER_NUMBER_OBJECT_CONVERSION = YES_AGGRESSIVE;
				CLANG_CXX_LANGUAGE_STANDARD = "gnu++17";
				CLANG_CXX_LIBRARY = "libc++";
				CLANG_ENABLE_MODULES = YES;
				CLANG_ENABLE_OBJC_ARC = YES;
				CLANG_ENABLE_OBJC_WEAK = YES;
				CLANG_WARN_BLOCK_CAPTURE_AUTORELEASING = YES;
				CLANG_WARN_BOOL_CONVERSION = YES;
				CLANG_WARN_COMMA = YES;
				CLANG_WARN_CONSTANT_CONVERSION = YES;
				CLANG_WARN_DEPRECATED_OBJC_IMPLEMENTATIONS = YES;
				CLANG_WARN_DIRECT_OBJC_ISA_USAGE = YES_ERROR;
				CLANG_WARN_DOCUMENTATION_COMMENTS = YES;
				CLANG_WARN_EMPTY_BODY = YES;
				CLANG_WARN_ENUM_CONVERSION = YES;
				CLANG_WARN_INFINITE_RECURSION = YES;
				CLANG_WARN_INT_CONVERSION = YES;
				CLANG_WARN_NON_LITERAL_NULL_CONVERSION = YES;
				CLANG_WARN_OBJC_IMPLICIT_RETAIN_SELF = YES;
				CLANG_WARN_OBJC_LITERAL_CONVERSION = YES;
				CLANG_WARN_OBJC_ROOT_CLASS = YES_ERROR;
				CLANG_WARN_QUOTED_INCLUDE_IN_FRAMEWORK_HEADER = YES;
				CLANG_WARN_RANGE_LOOP_ANALYSIS = YES;
				CLANG_WARN_STRICT_PROTOTYPES = YES;
				CLANG_WARN_SUSPICIOUS_MOVE = YES;
				CLANG_WARN_UNGUARDED_AVAILABILITY = YES_AGGRESSIVE;
				CLANG_WARN_UNREACHABLE_CODE = YES;
				CLANG_WARN__DUPLICATE_METHOD_MATCH = YES;
				COPY_PHASE_STRIP = NO;
				DEBUG_INFORMATION_FORMAT = dwarf;
				ENABLE_STRICT_OBJC_MSGSEND = YES;
				ENABLE_TESTABILITY = YES;
				GCC_C_LANGUAGE_STANDARD = gnu11;
				GCC_DYNAMIC_NO_PIC = NO;
				GCC_NO_COMMON_BLOCKS = YES;
				GCC_OPTIMIZATION_LEVEL = 0;
				GCC_PREPROCESSOR_DEFINITIONS = (
					"DEBUG=1",
					"$(inherited)",
				);
				GCC_WARN_64_TO_32_BIT_CONVERSION = YES;
				GCC_WARN_ABOUT_RETURN_TYPE = YES_ERROR;
				GCC_WARN_UNDECLARED_SELECTOR = YES;
				GCC_WARN_UNINITIALIZED_AUTOS = YES_AGGRESSIVE;
				GCC_WARN_UNUSED_FUNCTION = YES;
				GCC_WARN_UNUSED_VARIABLE = YES;
				IPHONEOS_DEPLOYMENT_TARGET = 15.2;
				MTL_ENABLE_DEBUG_INFO = INCLUDE_SOURCE;
				MTL_FAST_MATH = YES;
				ONLY_ACTIVE_ARCH = YES;
				SDKROOT = iphoneos;
				SWIFT_ACTIVE_COMPILATION_CONDITIONS = DEBUG;
				SWIFT_OPTIMIZATION_LEVEL = "-Onone";
			};
			name = Debug;
		};
		4EAEE9B527B083A9001D4A86 /* Release */ = {
			isa = XCBuildConfiguration;
			buildSettings = {
				ALWAYS_SEARCH_USER_PATHS = NO;
				CLANG_ANALYZER_LOCALIZABILITY_NONLOCALIZED = YES;
				CLANG_ANALYZER_NONNULL = YES;
				CLANG_ANALYZER_NUMBER_OBJECT_CONVERSION = YES_AGGRESSIVE;
				CLANG_CXX_LANGUAGE_STANDARD = "gnu++17";
				CLANG_CXX_LIBRARY = "libc++";
				CLANG_ENABLE_MODULES = YES;
				CLANG_ENABLE_OBJC_ARC = YES;
				CLANG_ENABLE_OBJC_WEAK = YES;
				CLANG_WARN_BLOCK_CAPTURE_AUTORELEASING = YES;
				CLANG_WARN_BOOL_CONVERSION = YES;
				CLANG_WARN_COMMA = YES;
				CLANG_WARN_CONSTANT_CONVERSION = YES;
				CLANG_WARN_DEPRECATED_OBJC_IMPLEMENTATIONS = YES;
				CLANG_WARN_DIRECT_OBJC_ISA_USAGE = YES_ERROR;
				CLANG_WARN_DOCUMENTATION_COMMENTS = YES;
				CLANG_WARN_EMPTY_BODY = YES;
				CLANG_WARN_ENUM_CONVERSION = YES;
				CLANG_WARN_INFINITE_RECURSION = YES;
				CLANG_WARN_INT_CONVERSION = YES;
				CLANG_WARN_NON_LITERAL_NULL_CONVERSION = YES;
				CLANG_WARN_OBJC_IMPLICIT_RETAIN_SELF = YES;
				CLANG_WARN_OBJC_LITERAL_CONVERSION = YES;
				CLANG_WARN_OBJC_ROOT_CLASS = YES_ERROR;
				CLANG_WARN_QUOTED_INCLUDE_IN_FRAMEWORK_HEADER = YES;
				CLANG_WARN_RANGE_LOOP_ANALYSIS = YES;
				CLANG_WARN_STRICT_PROTOTYPES = YES;
				CLANG_WARN_SUSPICIOUS_MOVE = YES;
				CLANG_WARN_UNGUARDED_AVAILABILITY = YES_AGGRESSIVE;
				CLANG_WARN_UNREACHABLE_CODE = YES;
				CLANG_WARN__DUPLICATE_METHOD_MATCH = YES;
				COPY_PHASE_STRIP = NO;
				DEBUG_INFORMATION_FORMAT = "dwarf-with-dsym";
				ENABLE_NS_ASSERTIONS = NO;
				ENABLE_STRICT_OBJC_MSGSEND = YES;
				GCC_C_LANGUAGE_STANDARD = gnu11;
				GCC_NO_COMMON_BLOCKS = YES;
				GCC_WARN_64_TO_32_BIT_CONVERSION = YES;
				GCC_WARN_ABOUT_RETURN_TYPE = YES_ERROR;
				GCC_WARN_UNDECLARED_SELECTOR = YES;
				GCC_WARN_UNINITIALIZED_AUTOS = YES_AGGRESSIVE;
				GCC_WARN_UNUSED_FUNCTION = YES;
				GCC_WARN_UNUSED_VARIABLE = YES;
				IPHONEOS_DEPLOYMENT_TARGET = 15.2;
				MTL_ENABLE_DEBUG_INFO = NO;
				MTL_FAST_MATH = YES;
				SDKROOT = iphoneos;
				SWIFT_COMPILATION_MODE = wholemodule;
				SWIFT_OPTIMIZATION_LEVEL = "-O";
				VALIDATE_PRODUCT = YES;
			};
			name = Release;
		};
		4EAEE9B727B083A9001D4A86 /* Debug */ = {
			isa = XCBuildConfiguration;
			baseConfigurationReference = D3F97D9C1932B05EB142DA2F /* Pods-NoteMVVMR.debug.xcconfig */;
			buildSettings = {
				ASSETCATALOG_COMPILER_APPICON_NAME = AppIcon;
				ASSETCATALOG_COMPILER_GLOBAL_ACCENT_COLOR_NAME = AccentColor;
				CLANG_ENABLE_MODULES = YES;
				CODE_SIGN_STYLE = Automatic;
				CURRENT_PROJECT_VERSION = 1;
				DEVELOPMENT_TEAM = 68W3SBSH6G;
				GENERATE_INFOPLIST_FILE = YES;
				INFOPLIST_FILE = NoteMVVMR/Info.plist;
				INFOPLIST_KEY_UIApplicationSupportsIndirectInputEvents = YES;
				INFOPLIST_KEY_UILaunchStoryboardName = LaunchScreen;
				INFOPLIST_KEY_UISupportedInterfaceOrientations_iPad = "UIInterfaceOrientationPortrait UIInterfaceOrientationPortraitUpsideDown UIInterfaceOrientationLandscapeLeft UIInterfaceOrientationLandscapeRight";
				INFOPLIST_KEY_UISupportedInterfaceOrientations_iPhone = "UIInterfaceOrientationPortrait UIInterfaceOrientationLandscapeLeft UIInterfaceOrientationLandscapeRight";
				IPHONEOS_DEPLOYMENT_TARGET = 15.2;
				LD_RUNPATH_SEARCH_PATHS = (
					"$(inherited)",
					"@executable_path/Frameworks",
				);
				MARKETING_VERSION = 1.0;
				PRODUCT_BUNDLE_IDENTIFIER = amber.NoteMVVMR;
				PRODUCT_NAME = "$(TARGET_NAME)";
				SWIFT_EMIT_LOC_STRINGS = YES;
				SWIFT_OBJC_BRIDGING_HEADER = "NoteMVVMR/Configurations/BridgingHeader/NoteMVVMR-Bridging-Header.h";
				SWIFT_OPTIMIZATION_LEVEL = "-Onone";
				SWIFT_VERSION = 5.0;
				TARGETED_DEVICE_FAMILY = "1,2";
			};
			name = Debug;
		};
		4EAEE9B827B083A9001D4A86 /* Release */ = {
			isa = XCBuildConfiguration;
			baseConfigurationReference = E3BB7A1528CEC7BAC9D241E6 /* Pods-NoteMVVMR.release.xcconfig */;
			buildSettings = {
				ASSETCATALOG_COMPILER_APPICON_NAME = AppIcon;
				ASSETCATALOG_COMPILER_GLOBAL_ACCENT_COLOR_NAME = AccentColor;
				CLANG_ENABLE_MODULES = YES;
				CODE_SIGN_STYLE = Automatic;
				CURRENT_PROJECT_VERSION = 1;
				DEVELOPMENT_TEAM = 68W3SBSH6G;
				GENERATE_INFOPLIST_FILE = YES;
				INFOPLIST_FILE = NoteMVVMR/Info.plist;
				INFOPLIST_KEY_UIApplicationSupportsIndirectInputEvents = YES;
				INFOPLIST_KEY_UILaunchStoryboardName = LaunchScreen;
				INFOPLIST_KEY_UISupportedInterfaceOrientations_iPad = "UIInterfaceOrientationPortrait UIInterfaceOrientationPortraitUpsideDown UIInterfaceOrientationLandscapeLeft UIInterfaceOrientationLandscapeRight";
				INFOPLIST_KEY_UISupportedInterfaceOrientations_iPhone = "UIInterfaceOrientationPortrait UIInterfaceOrientationLandscapeLeft UIInterfaceOrientationLandscapeRight";
				IPHONEOS_DEPLOYMENT_TARGET = 15.2;
				LD_RUNPATH_SEARCH_PATHS = (
					"$(inherited)",
					"@executable_path/Frameworks",
				);
				MARKETING_VERSION = 1.0;
				PRODUCT_BUNDLE_IDENTIFIER = amber.NoteMVVMR;
				PRODUCT_NAME = "$(TARGET_NAME)";
				SWIFT_EMIT_LOC_STRINGS = YES;
				SWIFT_OBJC_BRIDGING_HEADER = "NoteMVVMR/Configurations/BridgingHeader/NoteMVVMR-Bridging-Header.h";
				SWIFT_VERSION = 5.0;
				TARGETED_DEVICE_FAMILY = "1,2";
			};
			name = Release;
		};
		4EAEE9BA27B083A9001D4A86 /* Debug */ = {
			isa = XCBuildConfiguration;
			baseConfigurationReference = 852E5F5E1C5B0E5136CB00C2 /* Pods-NoteMVVMRTests.debug.xcconfig */;
			buildSettings = {
				ALWAYS_EMBED_SWIFT_STANDARD_LIBRARIES = YES;
				BUNDLE_LOADER = "$(TEST_HOST)";
				CODE_SIGN_STYLE = Automatic;
				CURRENT_PROJECT_VERSION = 1;
				DEVELOPMENT_TEAM = 68W3SBSH6G;
				GENERATE_INFOPLIST_FILE = YES;
				IPHONEOS_DEPLOYMENT_TARGET = 15.2;
				MARKETING_VERSION = 1.0;
				PRODUCT_BUNDLE_IDENTIFIER = amber.NoteMVVMRTests;
				PRODUCT_NAME = "$(TARGET_NAME)";
				SWIFT_EMIT_LOC_STRINGS = NO;
				SWIFT_VERSION = 5.0;
				TARGETED_DEVICE_FAMILY = "1,2";
				TEST_HOST = "$(BUILT_PRODUCTS_DIR)/NoteMVVMR.app/NoteMVVMR";
			};
			name = Debug;
		};
		4EAEE9BB27B083A9001D4A86 /* Release */ = {
			isa = XCBuildConfiguration;
			baseConfigurationReference = 221FD75068C88A7A2135DDDB /* Pods-NoteMVVMRTests.release.xcconfig */;
			buildSettings = {
				ALWAYS_EMBED_SWIFT_STANDARD_LIBRARIES = YES;
				BUNDLE_LOADER = "$(TEST_HOST)";
				CODE_SIGN_STYLE = Automatic;
				CURRENT_PROJECT_VERSION = 1;
				DEVELOPMENT_TEAM = 68W3SBSH6G;
				GENERATE_INFOPLIST_FILE = YES;
				IPHONEOS_DEPLOYMENT_TARGET = 15.2;
				MARKETING_VERSION = 1.0;
				PRODUCT_BUNDLE_IDENTIFIER = amber.NoteMVVMRTests;
				PRODUCT_NAME = "$(TARGET_NAME)";
				SWIFT_EMIT_LOC_STRINGS = NO;
				SWIFT_VERSION = 5.0;
				TARGETED_DEVICE_FAMILY = "1,2";
				TEST_HOST = "$(BUILT_PRODUCTS_DIR)/NoteMVVMR.app/NoteMVVMR";
			};
			name = Release;
		};
		4EAEE9BD27B083A9001D4A86 /* Debug */ = {
			isa = XCBuildConfiguration;
			baseConfigurationReference = E8D1ECD965DC65F355464132 /* Pods-NoteMVVMR-NoteMVVMRUITests.debug.xcconfig */;
			buildSettings = {
				ALWAYS_EMBED_SWIFT_STANDARD_LIBRARIES = YES;
				CODE_SIGN_STYLE = Automatic;
				CURRENT_PROJECT_VERSION = 1;
				DEVELOPMENT_TEAM = 68W3SBSH6G;
				GENERATE_INFOPLIST_FILE = YES;
				MARKETING_VERSION = 1.0;
				PRODUCT_BUNDLE_IDENTIFIER = amber.NoteMVVMRUITests;
				PRODUCT_NAME = "$(TARGET_NAME)";
				SWIFT_EMIT_LOC_STRINGS = NO;
				SWIFT_VERSION = 5.0;
				TARGETED_DEVICE_FAMILY = "1,2";
				TEST_TARGET_NAME = NoteMVVMR;
			};
			name = Debug;
		};
		4EAEE9BE27B083A9001D4A86 /* Release */ = {
			isa = XCBuildConfiguration;
			baseConfigurationReference = 76F0A5260D48CB0599B7F436 /* Pods-NoteMVVMR-NoteMVVMRUITests.release.xcconfig */;
			buildSettings = {
				ALWAYS_EMBED_SWIFT_STANDARD_LIBRARIES = YES;
				CODE_SIGN_STYLE = Automatic;
				CURRENT_PROJECT_VERSION = 1;
				DEVELOPMENT_TEAM = 68W3SBSH6G;
				GENERATE_INFOPLIST_FILE = YES;
				MARKETING_VERSION = 1.0;
				PRODUCT_BUNDLE_IDENTIFIER = amber.NoteMVVMRUITests;
				PRODUCT_NAME = "$(TARGET_NAME)";
				SWIFT_EMIT_LOC_STRINGS = NO;
				SWIFT_VERSION = 5.0;
				TARGETED_DEVICE_FAMILY = "1,2";
				TEST_TARGET_NAME = NoteMVVMR;
			};
			name = Release;
		};
/* End XCBuildConfiguration section */

/* Begin XCConfigurationList section */
		4EAEE98727B083A7001D4A86 /* Build configuration list for PBXProject "NoteMVVMR" */ = {
			isa = XCConfigurationList;
			buildConfigurations = (
				4EAEE9B427B083A9001D4A86 /* Debug */,
				4EAEE9B527B083A9001D4A86 /* Release */,
			);
			defaultConfigurationIsVisible = 0;
			defaultConfigurationName = Release;
		};
		4EAEE9B627B083A9001D4A86 /* Build configuration list for PBXNativeTarget "NoteMVVMR" */ = {
			isa = XCConfigurationList;
			buildConfigurations = (
				4EAEE9B727B083A9001D4A86 /* Debug */,
				4EAEE9B827B083A9001D4A86 /* Release */,
			);
			defaultConfigurationIsVisible = 0;
			defaultConfigurationName = Release;
		};
		4EAEE9B927B083A9001D4A86 /* Build configuration list for PBXNativeTarget "NoteMVVMRTests" */ = {
			isa = XCConfigurationList;
			buildConfigurations = (
				4EAEE9BA27B083A9001D4A86 /* Debug */,
				4EAEE9BB27B083A9001D4A86 /* Release */,
			);
			defaultConfigurationIsVisible = 0;
			defaultConfigurationName = Release;
		};
		4EAEE9BC27B083A9001D4A86 /* Build configuration list for PBXNativeTarget "NoteMVVMRUITests" */ = {
			isa = XCConfigurationList;
			buildConfigurations = (
				4EAEE9BD27B083A9001D4A86 /* Debug */,
				4EAEE9BE27B083A9001D4A86 /* Release */,
			);
			defaultConfigurationIsVisible = 0;
			defaultConfigurationName = Release;
		};
/* End XCConfigurationList section */
	};
	rootObject = 4EAEE98427B083A7001D4A86 /* Project object */;
}
