// !$*UTF8*$!
{
	archiveVersion = 1;
	classes = {
	};
	objectVersion = 55;
	objects = {

/* Begin PBXBuildFile section */
		4E96992527B11F9100C4CF8E /* Service.swift in Sources */ = {isa = PBXBuildFile; fileRef = 4E96992427B11F9100C4CF8E /* Service.swift */; };
		4E96992D27B120AE00C4CF8E /* DecodableResponseRequest.swift in Sources */ = {isa = PBXBuildFile; fileRef = 4E96992727B120AE00C4CF8E /* DecodableResponseRequest.swift */; };
		4E96992E27B120AE00C4CF8E /* Typealias.swift in Sources */ = {isa = PBXBuildFile; fileRef = 4E96992827B120AE00C4CF8E /* Typealias.swift */; };
		4E96992F27B120AE00C4CF8E /* RequestProtocol.swift in Sources */ = {isa = PBXBuildFile; fileRef = 4E96992927B120AE00C4CF8E /* RequestProtocol.swift */; };
		4E96993027B120AE00C4CF8E /* RequestMethod.swift in Sources */ = {isa = PBXBuildFile; fileRef = 4E96992A27B120AE00C4CF8E /* RequestMethod.swift */; };
		4E96993127B120AE00C4CF8E /* RequestEncoding.swift in Sources */ = {isa = PBXBuildFile; fileRef = 4E96992B27B120AE00C4CF8E /* RequestEncoding.swift */; };
		4E96993227B120AE00C4CF8E /* DataProviderProtocol.swift in Sources */ = {isa = PBXBuildFile; fileRef = 4E96992C27B120AE00C4CF8E /* DataProviderProtocol.swift */; };
		4E96993427B123A600C4CF8E /* RegisterRequest.swift in Sources */ = {isa = PBXBuildFile; fileRef = 4E96993327B123A600C4CF8E /* RegisterRequest.swift */; };
		4E96993727B123F100C4CF8E /* Auth.swift in Sources */ = {isa = PBXBuildFile; fileRef = 4E96993627B123F100C4CF8E /* Auth.swift */; };
		4E96993927B1267300C4CF8E /* LoginRequest.swift in Sources */ = {isa = PBXBuildFile; fileRef = 4E96993827B1267300C4CF8E /* LoginRequest.swift */; };
		4E96993B27B1271800C4CF8E /* APIDecodableResponseRequest.swift in Sources */ = {isa = PBXBuildFile; fileRef = 4E96993A27B1271800C4CF8E /* APIDecodableResponseRequest.swift */; };
		4EAEE99927B083A9001D4A86 /* Assets.xcassets in Resources */ = {isa = PBXBuildFile; fileRef = 4EAEE99827B083A9001D4A86 /* Assets.xcassets */; };
		4EAEE99C27B083A9001D4A86 /* LaunchScreen.storyboard in Resources */ = {isa = PBXBuildFile; fileRef = 4EAEE99A27B083A9001D4A86 /* LaunchScreen.storyboard */; };
		4EAEE9A727B083A9001D4A86 /* NoteMVVMRTests.swift in Sources */ = {isa = PBXBuildFile; fileRef = 4EAEE9A627B083A9001D4A86 /* NoteMVVMRTests.swift */; };
		4EAEE9B127B083A9001D4A86 /* NoteMVVMRUITests.swift in Sources */ = {isa = PBXBuildFile; fileRef = 4EAEE9B027B083A9001D4A86 /* NoteMVVMRUITests.swift */; };
		4EAEE9B327B083A9001D4A86 /* NoteMVVMRUITestsLaunchTests.swift in Sources */ = {isa = PBXBuildFile; fileRef = 4EAEE9B227B083A9001D4A86 /* NoteMVVMRUITestsLaunchTests.swift */; };
		4EAEEA8827B08505001D4A86 /* RegisterRouter.swift in Sources */ = {isa = PBXBuildFile; fileRef = 4EAEEA4727B08504001D4A86 /* RegisterRouter.swift */; };
		4EAEEA8927B08505001D4A86 /* RegisterRoute.swift in Sources */ = {isa = PBXBuildFile; fileRef = 4EAEEA4827B08504001D4A86 /* RegisterRoute.swift */; };
		4EAEEA8A27B08505001D4A86 /* RegisterViewController.swift in Sources */ = {isa = PBXBuildFile; fileRef = 4EAEEA4927B08504001D4A86 /* RegisterViewController.swift */; };
		4EAEEA8B27B08505001D4A86 /* RegisterViewModel.swift in Sources */ = {isa = PBXBuildFile; fileRef = 4EAEEA4A27B08504001D4A86 /* RegisterViewModel.swift */; };
		4EAEEA8C27B08505001D4A86 /* PasswordResetViewModel.swift in Sources */ = {isa = PBXBuildFile; fileRef = 4EAEEA4C27B08504001D4A86 /* PasswordResetViewModel.swift */; };
		4EAEEA8D27B08505001D4A86 /* PasswordResetRoute.swift in Sources */ = {isa = PBXBuildFile; fileRef = 4EAEEA4D27B08504001D4A86 /* PasswordResetRoute.swift */; };
		4EAEEA8E27B08505001D4A86 /* PasswordResetViewController.swift in Sources */ = {isa = PBXBuildFile; fileRef = 4EAEEA4E27B08504001D4A86 /* PasswordResetViewController.swift */; };
		4EAEEA8F27B08505001D4A86 /* PasswordResetRouter.swift in Sources */ = {isa = PBXBuildFile; fileRef = 4EAEEA4F27B08504001D4A86 /* PasswordResetRouter.swift */; };
		4EAEEA9027B08505001D4A86 /* LoginViewModel.swift in Sources */ = {isa = PBXBuildFile; fileRef = 4EAEEA5127B08504001D4A86 /* LoginViewModel.swift */; };
		4EAEEA9127B08505001D4A86 /* LoginViewController.swift in Sources */ = {isa = PBXBuildFile; fileRef = 4EAEEA5227B08504001D4A86 /* LoginViewController.swift */; };
		4EAEEA9227B08505001D4A86 /* LoginRoute.swift in Sources */ = {isa = PBXBuildFile; fileRef = 4EAEEA5327B08504001D4A86 /* LoginRoute.swift */; };
		4EAEEA9327B08505001D4A86 /* LoginRouter.swift in Sources */ = {isa = PBXBuildFile; fileRef = 4EAEEA5427B08504001D4A86 /* LoginRouter.swift */; };
		4EAEEA9427B08505001D4A86 /* MainTabBarController.swift in Sources */ = {isa = PBXBuildFile; fileRef = 4EAEEA5627B08504001D4A86 /* MainTabBarController.swift */; };
		4EAEEA9527B08505001D4A86 /* MainTabBarRoute.swift in Sources */ = {isa = PBXBuildFile; fileRef = 4EAEEA5727B08504001D4A86 /* MainTabBarRoute.swift */; };
		4EAEEA9627B08505001D4A86 /* BaseViewController.swift in Sources */ = {isa = PBXBuildFile; fileRef = 4EAEEA5927B08504001D4A86 /* BaseViewController.swift */; };
		4EAEEA9727B08505001D4A86 /* BaseViewModel.swift in Sources */ = {isa = PBXBuildFile; fileRef = 4EAEEA5A27B08504001D4A86 /* BaseViewModel.swift */; };
		4EAEEA9827B08505001D4A86 /* MainNavigationController.swift in Sources */ = {isa = PBXBuildFile; fileRef = 4EAEEA5B27B08504001D4A86 /* MainNavigationController.swift */; };
		4EAEEA9927B08505001D4A86 /* Validation.swift in Sources */ = {isa = PBXBuildFile; fileRef = 4EAEEA5D27B08504001D4A86 /* Validation.swift */; };
		4EAEEA9A27B08505001D4A86 /* AppRouter.swift in Sources */ = {isa = PBXBuildFile; fileRef = 4EAEEA6027B08504001D4A86 /* AppRouter.swift */; };
		4EAEEA9B27B08505001D4A86 /* Animator.swift in Sources */ = {isa = PBXBuildFile; fileRef = 4EAEEA6227B08504001D4A86 /* Animator.swift */; };
		4EAEEA9C27B08505001D4A86 /* Router.swift in Sources */ = {isa = PBXBuildFile; fileRef = 4EAEEA6327B08504001D4A86 /* Router.swift */; };
		4EAEEA9D27B08505001D4A86 /* ModalTransition.swift in Sources */ = {isa = PBXBuildFile; fileRef = 4EAEEA6527B08504001D4A86 /* ModalTransition.swift */; };
		4EAEEA9E27B08505001D4A86 /* PlaceOnWindowTransition.swift in Sources */ = {isa = PBXBuildFile; fileRef = 4EAEEA6627B08504001D4A86 /* PlaceOnWindowTransition.swift */; };
		4EAEEA9F27B08505001D4A86 /* Transition.swift in Sources */ = {isa = PBXBuildFile; fileRef = 4EAEEA6727B08504001D4A86 /* Transition.swift */; };
		4EAEEAA027B08505001D4A86 /* PushTransition.swift in Sources */ = {isa = PBXBuildFile; fileRef = 4EAEEA6827B08504001D4A86 /* PushTransition.swift */; };
		4EAEEAA127B08505001D4A86 /* UnfollowAlertViewRoute.swift in Sources */ = {isa = PBXBuildFile; fileRef = 4EAEEA6A27B08504001D4A86 /* UnfollowAlertViewRoute.swift */; };
		4EAEEAA227B08505001D4A86 /* ShareSheetRoute.swift in Sources */ = {isa = PBXBuildFile; fileRef = 4EAEEA6B27B08504001D4A86 /* ShareSheetRoute.swift */; };
		4EAEEAA327B08505001D4A86 /* CommentEditDeleteAlertViewRoute.swift in Sources */ = {isa = PBXBuildFile; fileRef = 4EAEEA6C27B08504001D4A86 /* CommentEditDeleteAlertViewRoute.swift */; };
		4EAEEAA427B08505001D4A86 /* Modules.strings in Resources */ = {isa = PBXBuildFile; fileRef = 4EAEEA6F27B08505001D4A86 /* Modules.strings */; };
		4EAEEAA527B08505001D4A86 /* Componenets.strings in Resources */ = {isa = PBXBuildFile; fileRef = 4EAEEA7027B08505001D4A86 /* Componenets.strings */; };
		4EAEEAA627B08505001D4A86 /* General.strings in Resources */ = {isa = PBXBuildFile; fileRef = 4EAEEA7127B08505001D4A86 /* General.strings */; };
		4EAEEAA727B08505001D4A86 /* StringConstants.swift in Sources */ = {isa = PBXBuildFile; fileRef = 4EAEEA7227B08505001D4A86 /* StringConstants.swift */; };
		4EAEEAA827B08505001D4A86 /* Error.strings in Resources */ = {isa = PBXBuildFile; fileRef = 4EAEEA7327B08505001D4A86 /* Error.strings */; };
		4EAEEAA927B08505001D4A86 /* Placeholder.strings in Resources */ = {isa = PBXBuildFile; fileRef = 4EAEEA7427B08505001D4A86 /* Placeholder.strings */; };
		4EAEEAAA27B08505001D4A86 /* UIFont+Extensions.swift in Sources */ = {isa = PBXBuildFile; fileRef = 4EAEEA7627B08505001D4A86 /* UIFont+Extensions.swift */; };
		4EAEEAAB27B08505001D4A86 /* Nunito-ExtraBold.ttf in Resources */ = {isa = PBXBuildFile; fileRef = 4EAEEA7727B08505001D4A86 /* Nunito-ExtraBold.ttf */; };
		4EAEEAAC27B08505001D4A86 /* Nunito-SemiBold.ttf in Resources */ = {isa = PBXBuildFile; fileRef = 4EAEEA7827B08505001D4A86 /* Nunito-SemiBold.ttf */; };
		4EAEEAAD27B08505001D4A86 /* Nunito-Bold.ttf in Resources */ = {isa = PBXBuildFile; fileRef = 4EAEEA7927B08505001D4A86 /* Nunito-Bold.ttf */; };
		4EAEEAAE27B08505001D4A86 /* Fonts.swift in Sources */ = {isa = PBXBuildFile; fileRef = 4EAEEA7A27B08505001D4A86 /* Fonts.swift */; };
		4EAEEAAF27B08505001D4A86 /* Assets.swift in Sources */ = {isa = PBXBuildFile; fileRef = 4EAEEA7C27B08505001D4A86 /* Assets.swift */; };
		4EAEEAB027B08505001D4A86 /* UIImage+Icons.swift in Sources */ = {isa = PBXBuildFile; fileRef = 4EAEEA7D27B08505001D4A86 /* UIImage+Icons.swift */; };
		4EAEEAB127B08505001D4A86 /* Colors.xcassets in Resources */ = {isa = PBXBuildFile; fileRef = 4EAEEA7E27B08505001D4A86 /* Colors.xcassets */; };
		4EAEEAB227B08505001D4A86 /* UIImage+Images.swift in Sources */ = {isa = PBXBuildFile; fileRef = 4EAEEA7F27B08505001D4A86 /* UIImage+Images.swift */; };
		4EAEEAB327B08505001D4A86 /* Icons.xcassets in Resources */ = {isa = PBXBuildFile; fileRef = 4EAEEA8027B08505001D4A86 /* Icons.xcassets */; };
		4EAEEAB427B08505001D4A86 /* UIColor+Colors.swift in Sources */ = {isa = PBXBuildFile; fileRef = 4EAEEA8127B08505001D4A86 /* UIColor+Colors.swift */; };
		4EAEEAB527B08505001D4A86 /* Images.xcassets in Resources */ = {isa = PBXBuildFile; fileRef = 4EAEEA8227B08505001D4A86 /* Images.xcassets */; };
		4EAEEAB627B08505001D4A86 /* ButtonFactory.swift in Sources */ = {isa = PBXBuildFile; fileRef = 4EAEEA8627B08505001D4A86 /* ButtonFactory.swift */; };
		4EAEEAC227B0850C001D4A86 /* AppDelegate.swift in Sources */ = {isa = PBXBuildFile; fileRef = 4EAEEAB827B0850C001D4A86 /* AppDelegate.swift */; };
		4EAEEAC327B0850C001D4A86 /* AppDelegate+IQKeyboardManager.swift in Sources */ = {isa = PBXBuildFile; fileRef = 4EAEEAB927B0850C001D4A86 /* AppDelegate+IQKeyboardManager.swift */; };
		4EAEEAC427B0850C001D4A86 /* DateFormats.swift in Sources */ = {isa = PBXBuildFile; fileRef = 4EAEEABC27B0850C001D4A86 /* DateFormats.swift */; };
		4EAEEAC527B0850C001D4A86 /* ScreenSize.swift in Sources */ = {isa = PBXBuildFile; fileRef = 4EAEEABD27B0850C001D4A86 /* ScreenSize.swift */; };
		4EAEEAC627B0850C001D4A86 /* Closures.swift in Sources */ = {isa = PBXBuildFile; fileRef = 4EAEEABE27B0850C001D4A86 /* Closures.swift */; };
		4EAEEAC727B0850C001D4A86 /* Extensions+UITextfield.swift in Sources */ = {isa = PBXBuildFile; fileRef = 4EAEEAC027B0850C001D4A86 /* Extensions+UITextfield.swift */; };
		4EAEEAC827B0850C001D4A86 /* AlertUtility.swift in Sources */ = {isa = PBXBuildFile; fileRef = 4EAEEAC127B0850C001D4A86 /* AlertUtility.swift */; };
		4EAEEAFE27B08AE5001D4A86 /* DataProvider.framework in Frameworks */ = {isa = PBXBuildFile; fileRef = 4EAEEAFD27B08AE5001D4A86 /* DataProvider.framework */; };
		4EAEEAFF27B08AE5001D4A86 /* DataProvider.framework in Embed Frameworks */ = {isa = PBXBuildFile; fileRef = 4EAEEAFD27B08AE5001D4A86 /* DataProvider.framework */; settings = {ATTRIBUTES = (CodeSignOnCopy, RemoveHeadersOnCopy, ); }; };
		4EAEEB0227B08B76001D4A86 /* DataProviderTests.xctest in Embed PlugIns */ = {isa = PBXBuildFile; fileRef = 4EAEEB0127B08B76001D4A86 /* DataProviderTests.xctest */; settings = {ATTRIBUTES = (CodeSignOnCopy, RemoveHeadersOnCopy, ); }; };
		A04EDA5B0CC857935120F65F /* Pods_NoteMVVMR.framework in Frameworks */ = {isa = PBXBuildFile; fileRef = C311DB406AD0DBC643E61A19 /* Pods_NoteMVVMR.framework */; };
		D7777AB01C271C7F27689E60 /* Pods_NoteMVVMR_NoteMVVMRUITests.framework in Frameworks */ = {isa = PBXBuildFile; fileRef = 355555EC9D819686BB9C0772 /* Pods_NoteMVVMR_NoteMVVMRUITests.framework */; };
		FC27F077F1EC201D7E86FC65 /* Pods_NoteMVVMRTests.framework in Frameworks */ = {isa = PBXBuildFile; fileRef = E90E7D2B41A21672867B000C /* Pods_NoteMVVMRTests.framework */; };
/* End PBXBuildFile section */

/* Begin PBXContainerItemProxy section */
		4EAEE9A327B083A9001D4A86 /* PBXContainerItemProxy */ = {
			isa = PBXContainerItemProxy;
			containerPortal = 4EAEE98427B083A7001D4A86 /* Project object */;
			proxyType = 1;
			remoteGlobalIDString = 4EAEE98B27B083A7001D4A86;
			remoteInfo = NoteMVVMR;
		};
		4EAEE9AD27B083A9001D4A86 /* PBXContainerItemProxy */ = {
			isa = PBXContainerItemProxy;
			containerPortal = 4EAEE98427B083A7001D4A86 /* Project object */;
			proxyType = 1;
			remoteGlobalIDString = 4EAEE98B27B083A7001D4A86;
			remoteInfo = NoteMVVMR;
		};
/* End PBXContainerItemProxy section */

/* Begin PBXCopyFilesBuildPhase section */
		4EAEEB0027B08AE5001D4A86 /* Embed Frameworks */ = {
			isa = PBXCopyFilesBuildPhase;
			buildActionMask = 2147483647;
			dstPath = "";
			dstSubfolderSpec = 10;
			files = (
				4EAEEAFF27B08AE5001D4A86 /* DataProvider.framework in Embed Frameworks */,
			);
			name = "Embed Frameworks";
			runOnlyForDeploymentPostprocessing = 0;
		};
		4EAEEB0327B08B76001D4A86 /* Embed PlugIns */ = {
			isa = PBXCopyFilesBuildPhase;
			buildActionMask = 2147483647;
			dstPath = "";
			dstSubfolderSpec = 13;
			files = (
				4EAEEB0227B08B76001D4A86 /* DataProviderTests.xctest in Embed PlugIns */,
			);
			name = "Embed PlugIns";
			runOnlyForDeploymentPostprocessing = 0;
		};
/* End PBXCopyFilesBuildPhase section */

/* Begin PBXFileReference section */
		21C664CA641CEDAC9DF11056 /* Pods-NoteMVVMR.debug.xcconfig */ = {isa = PBXFileReference; includeInIndex = 1; lastKnownFileType = text.xcconfig; name = "Pods-NoteMVVMR.debug.xcconfig"; path = "Target Support Files/Pods-NoteMVVMR/Pods-NoteMVVMR.debug.xcconfig"; sourceTree = "<group>"; };
		355555EC9D819686BB9C0772 /* Pods_NoteMVVMR_NoteMVVMRUITests.framework */ = {isa = PBXFileReference; explicitFileType = wrapper.framework; includeInIndex = 0; path = Pods_NoteMVVMR_NoteMVVMRUITests.framework; sourceTree = BUILT_PRODUCTS_DIR; };
		4E96992427B11F9100C4CF8E /* Service.swift */ = {isa = PBXFileReference; lastKnownFileType = sourcecode.swift; path = Service.swift; sourceTree = "<group>"; };
		4E96992727B120AE00C4CF8E /* DecodableResponseRequest.swift */ = {isa = PBXFileReference; fileEncoding = 4; lastKnownFileType = sourcecode.swift; path = DecodableResponseRequest.swift; sourceTree = "<group>"; };
		4E96992827B120AE00C4CF8E /* Typealias.swift */ = {isa = PBXFileReference; fileEncoding = 4; lastKnownFileType = sourcecode.swift; path = Typealias.swift; sourceTree = "<group>"; };
		4E96992927B120AE00C4CF8E /* RequestProtocol.swift */ = {isa = PBXFileReference; fileEncoding = 4; lastKnownFileType = sourcecode.swift; path = RequestProtocol.swift; sourceTree = "<group>"; };
		4E96992A27B120AE00C4CF8E /* RequestMethod.swift */ = {isa = PBXFileReference; fileEncoding = 4; lastKnownFileType = sourcecode.swift; path = RequestMethod.swift; sourceTree = "<group>"; };
		4E96992B27B120AE00C4CF8E /* RequestEncoding.swift */ = {isa = PBXFileReference; fileEncoding = 4; lastKnownFileType = sourcecode.swift; path = RequestEncoding.swift; sourceTree = "<group>"; };
		4E96992C27B120AE00C4CF8E /* DataProviderProtocol.swift */ = {isa = PBXFileReference; fileEncoding = 4; lastKnownFileType = sourcecode.swift; path = DataProviderProtocol.swift; sourceTree = "<group>"; };
		4E96993327B123A600C4CF8E /* RegisterRequest.swift */ = {isa = PBXFileReference; lastKnownFileType = sourcecode.swift; path = RegisterRequest.swift; sourceTree = "<group>"; };
		4E96993627B123F100C4CF8E /* Auth.swift */ = {isa = PBXFileReference; lastKnownFileType = sourcecode.swift; path = Auth.swift; sourceTree = "<group>"; };
		4E96993827B1267300C4CF8E /* LoginRequest.swift */ = {isa = PBXFileReference; lastKnownFileType = sourcecode.swift; path = LoginRequest.swift; sourceTree = "<group>"; };
		4E96993A27B1271800C4CF8E /* APIDecodableResponseRequest.swift */ = {isa = PBXFileReference; lastKnownFileType = sourcecode.swift; path = APIDecodableResponseRequest.swift; sourceTree = "<group>"; };
		4EAEE98C27B083A7001D4A86 /* NoteMVVMR.app */ = {isa = PBXFileReference; explicitFileType = wrapper.application; includeInIndex = 0; path = NoteMVVMR.app; sourceTree = BUILT_PRODUCTS_DIR; };
		4EAEE99827B083A9001D4A86 /* Assets.xcassets */ = {isa = PBXFileReference; lastKnownFileType = folder.assetcatalog; path = Assets.xcassets; sourceTree = "<group>"; };
		4EAEE99B27B083A9001D4A86 /* Base */ = {isa = PBXFileReference; lastKnownFileType = file.storyboard; name = Base; path = Base.lproj/LaunchScreen.storyboard; sourceTree = "<group>"; };
		4EAEE99D27B083A9001D4A86 /* Info.plist */ = {isa = PBXFileReference; lastKnownFileType = text.plist.xml; path = Info.plist; sourceTree = "<group>"; };
		4EAEE9A227B083A9001D4A86 /* NoteMVVMRTests.xctest */ = {isa = PBXFileReference; explicitFileType = wrapper.cfbundle; includeInIndex = 0; path = NoteMVVMRTests.xctest; sourceTree = BUILT_PRODUCTS_DIR; };
		4EAEE9A627B083A9001D4A86 /* NoteMVVMRTests.swift */ = {isa = PBXFileReference; lastKnownFileType = sourcecode.swift; path = NoteMVVMRTests.swift; sourceTree = "<group>"; };
		4EAEE9AC27B083A9001D4A86 /* NoteMVVMRUITests.xctest */ = {isa = PBXFileReference; explicitFileType = wrapper.cfbundle; includeInIndex = 0; path = NoteMVVMRUITests.xctest; sourceTree = BUILT_PRODUCTS_DIR; };
		4EAEE9B027B083A9001D4A86 /* NoteMVVMRUITests.swift */ = {isa = PBXFileReference; lastKnownFileType = sourcecode.swift; path = NoteMVVMRUITests.swift; sourceTree = "<group>"; };
		4EAEE9B227B083A9001D4A86 /* NoteMVVMRUITestsLaunchTests.swift */ = {isa = PBXFileReference; lastKnownFileType = sourcecode.swift; path = NoteMVVMRUITestsLaunchTests.swift; sourceTree = "<group>"; };
		4EAEEA4727B08504001D4A86 /* RegisterRouter.swift */ = {isa = PBXFileReference; fileEncoding = 4; lastKnownFileType = sourcecode.swift; path = RegisterRouter.swift; sourceTree = "<group>"; };
		4EAEEA4827B08504001D4A86 /* RegisterRoute.swift */ = {isa = PBXFileReference; fileEncoding = 4; lastKnownFileType = sourcecode.swift; path = RegisterRoute.swift; sourceTree = "<group>"; };
		4EAEEA4927B08504001D4A86 /* RegisterViewController.swift */ = {isa = PBXFileReference; fileEncoding = 4; lastKnownFileType = sourcecode.swift; path = RegisterViewController.swift; sourceTree = "<group>"; };
		4EAEEA4A27B08504001D4A86 /* RegisterViewModel.swift */ = {isa = PBXFileReference; fileEncoding = 4; lastKnownFileType = sourcecode.swift; path = RegisterViewModel.swift; sourceTree = "<group>"; };
		4EAEEA4C27B08504001D4A86 /* PasswordResetViewModel.swift */ = {isa = PBXFileReference; fileEncoding = 4; lastKnownFileType = sourcecode.swift; path = PasswordResetViewModel.swift; sourceTree = "<group>"; };
		4EAEEA4D27B08504001D4A86 /* PasswordResetRoute.swift */ = {isa = PBXFileReference; fileEncoding = 4; lastKnownFileType = sourcecode.swift; path = PasswordResetRoute.swift; sourceTree = "<group>"; };
		4EAEEA4E27B08504001D4A86 /* PasswordResetViewController.swift */ = {isa = PBXFileReference; fileEncoding = 4; lastKnownFileType = sourcecode.swift; path = PasswordResetViewController.swift; sourceTree = "<group>"; };
		4EAEEA4F27B08504001D4A86 /* PasswordResetRouter.swift */ = {isa = PBXFileReference; fileEncoding = 4; lastKnownFileType = sourcecode.swift; path = PasswordResetRouter.swift; sourceTree = "<group>"; };
		4EAEEA5127B08504001D4A86 /* LoginViewModel.swift */ = {isa = PBXFileReference; fileEncoding = 4; lastKnownFileType = sourcecode.swift; path = LoginViewModel.swift; sourceTree = "<group>"; };
		4EAEEA5227B08504001D4A86 /* LoginViewController.swift */ = {isa = PBXFileReference; fileEncoding = 4; lastKnownFileType = sourcecode.swift; path = LoginViewController.swift; sourceTree = "<group>"; };
		4EAEEA5327B08504001D4A86 /* LoginRoute.swift */ = {isa = PBXFileReference; fileEncoding = 4; lastKnownFileType = sourcecode.swift; path = LoginRoute.swift; sourceTree = "<group>"; };
		4EAEEA5427B08504001D4A86 /* LoginRouter.swift */ = {isa = PBXFileReference; fileEncoding = 4; lastKnownFileType = sourcecode.swift; path = LoginRouter.swift; sourceTree = "<group>"; };
		4EAEEA5627B08504001D4A86 /* MainTabBarController.swift */ = {isa = PBXFileReference; fileEncoding = 4; lastKnownFileType = sourcecode.swift; path = MainTabBarController.swift; sourceTree = "<group>"; };
		4EAEEA5727B08504001D4A86 /* MainTabBarRoute.swift */ = {isa = PBXFileReference; fileEncoding = 4; lastKnownFileType = sourcecode.swift; path = MainTabBarRoute.swift; sourceTree = "<group>"; };
		4EAEEA5927B08504001D4A86 /* BaseViewController.swift */ = {isa = PBXFileReference; fileEncoding = 4; lastKnownFileType = sourcecode.swift; path = BaseViewController.swift; sourceTree = "<group>"; };
		4EAEEA5A27B08504001D4A86 /* BaseViewModel.swift */ = {isa = PBXFileReference; fileEncoding = 4; lastKnownFileType = sourcecode.swift; path = BaseViewModel.swift; sourceTree = "<group>"; };
		4EAEEA5B27B08504001D4A86 /* MainNavigationController.swift */ = {isa = PBXFileReference; fileEncoding = 4; lastKnownFileType = sourcecode.swift; path = MainNavigationController.swift; sourceTree = "<group>"; };
		4EAEEA5D27B08504001D4A86 /* Validation.swift */ = {isa = PBXFileReference; fileEncoding = 4; lastKnownFileType = sourcecode.swift; path = Validation.swift; sourceTree = "<group>"; };
		4EAEEA6027B08504001D4A86 /* AppRouter.swift */ = {isa = PBXFileReference; fileEncoding = 4; lastKnownFileType = sourcecode.swift; path = AppRouter.swift; sourceTree = "<group>"; };
		4EAEEA6227B08504001D4A86 /* Animator.swift */ = {isa = PBXFileReference; fileEncoding = 4; lastKnownFileType = sourcecode.swift; path = Animator.swift; sourceTree = "<group>"; };
		4EAEEA6327B08504001D4A86 /* Router.swift */ = {isa = PBXFileReference; fileEncoding = 4; lastKnownFileType = sourcecode.swift; path = Router.swift; sourceTree = "<group>"; };
		4EAEEA6527B08504001D4A86 /* ModalTransition.swift */ = {isa = PBXFileReference; fileEncoding = 4; lastKnownFileType = sourcecode.swift; path = ModalTransition.swift; sourceTree = "<group>"; };
		4EAEEA6627B08504001D4A86 /* PlaceOnWindowTransition.swift */ = {isa = PBXFileReference; fileEncoding = 4; lastKnownFileType = sourcecode.swift; path = PlaceOnWindowTransition.swift; sourceTree = "<group>"; };
		4EAEEA6727B08504001D4A86 /* Transition.swift */ = {isa = PBXFileReference; fileEncoding = 4; lastKnownFileType = sourcecode.swift; path = Transition.swift; sourceTree = "<group>"; };
		4EAEEA6827B08504001D4A86 /* PushTransition.swift */ = {isa = PBXFileReference; fileEncoding = 4; lastKnownFileType = sourcecode.swift; path = PushTransition.swift; sourceTree = "<group>"; };
		4EAEEA6A27B08504001D4A86 /* UnfollowAlertViewRoute.swift */ = {isa = PBXFileReference; fileEncoding = 4; lastKnownFileType = sourcecode.swift; path = UnfollowAlertViewRoute.swift; sourceTree = "<group>"; };
		4EAEEA6B27B08504001D4A86 /* ShareSheetRoute.swift */ = {isa = PBXFileReference; fileEncoding = 4; lastKnownFileType = sourcecode.swift; path = ShareSheetRoute.swift; sourceTree = "<group>"; };
		4EAEEA6C27B08504001D4A86 /* CommentEditDeleteAlertViewRoute.swift */ = {isa = PBXFileReference; fileEncoding = 4; lastKnownFileType = sourcecode.swift; path = CommentEditDeleteAlertViewRoute.swift; sourceTree = "<group>"; };
		4EAEEA6F27B08505001D4A86 /* Modules.strings */ = {isa = PBXFileReference; fileEncoding = 4; lastKnownFileType = text.plist.strings; path = Modules.strings; sourceTree = "<group>"; };
		4EAEEA7027B08505001D4A86 /* Componenets.strings */ = {isa = PBXFileReference; fileEncoding = 4; lastKnownFileType = text.plist.strings; path = Componenets.strings; sourceTree = "<group>"; };
		4EAEEA7127B08505001D4A86 /* General.strings */ = {isa = PBXFileReference; fileEncoding = 4; lastKnownFileType = text.plist.strings; path = General.strings; sourceTree = "<group>"; };
		4EAEEA7227B08505001D4A86 /* StringConstants.swift */ = {isa = PBXFileReference; fileEncoding = 4; lastKnownFileType = sourcecode.swift; path = StringConstants.swift; sourceTree = "<group>"; };
		4EAEEA7327B08505001D4A86 /* Error.strings */ = {isa = PBXFileReference; fileEncoding = 4; lastKnownFileType = text.plist.strings; path = Error.strings; sourceTree = "<group>"; };
		4EAEEA7427B08505001D4A86 /* Placeholder.strings */ = {isa = PBXFileReference; fileEncoding = 4; lastKnownFileType = text.plist.strings; path = Placeholder.strings; sourceTree = "<group>"; };
		4EAEEA7627B08505001D4A86 /* UIFont+Extensions.swift */ = {isa = PBXFileReference; fileEncoding = 4; lastKnownFileType = sourcecode.swift; path = "UIFont+Extensions.swift"; sourceTree = "<group>"; };
		4EAEEA7727B08505001D4A86 /* Nunito-ExtraBold.ttf */ = {isa = PBXFileReference; lastKnownFileType = file; path = "Nunito-ExtraBold.ttf"; sourceTree = "<group>"; };
		4EAEEA7827B08505001D4A86 /* Nunito-SemiBold.ttf */ = {isa = PBXFileReference; lastKnownFileType = file; path = "Nunito-SemiBold.ttf"; sourceTree = "<group>"; };
		4EAEEA7927B08505001D4A86 /* Nunito-Bold.ttf */ = {isa = PBXFileReference; lastKnownFileType = file; path = "Nunito-Bold.ttf"; sourceTree = "<group>"; };
		4EAEEA7A27B08505001D4A86 /* Fonts.swift */ = {isa = PBXFileReference; fileEncoding = 4; lastKnownFileType = sourcecode.swift; path = Fonts.swift; sourceTree = "<group>"; };
		4EAEEA7C27B08505001D4A86 /* Assets.swift */ = {isa = PBXFileReference; fileEncoding = 4; lastKnownFileType = sourcecode.swift; path = Assets.swift; sourceTree = "<group>"; };
		4EAEEA7D27B08505001D4A86 /* UIImage+Icons.swift */ = {isa = PBXFileReference; fileEncoding = 4; lastKnownFileType = sourcecode.swift; path = "UIImage+Icons.swift"; sourceTree = "<group>"; };
		4EAEEA7E27B08505001D4A86 /* Colors.xcassets */ = {isa = PBXFileReference; lastKnownFileType = folder.assetcatalog; path = Colors.xcassets; sourceTree = "<group>"; };
		4EAEEA7F27B08505001D4A86 /* UIImage+Images.swift */ = {isa = PBXFileReference; fileEncoding = 4; lastKnownFileType = sourcecode.swift; path = "UIImage+Images.swift"; sourceTree = "<group>"; };
		4EAEEA8027B08505001D4A86 /* Icons.xcassets */ = {isa = PBXFileReference; lastKnownFileType = folder.assetcatalog; path = Icons.xcassets; sourceTree = "<group>"; };
		4EAEEA8127B08505001D4A86 /* UIColor+Colors.swift */ = {isa = PBXFileReference; fileEncoding = 4; lastKnownFileType = sourcecode.swift; path = "UIColor+Colors.swift"; sourceTree = "<group>"; };
		4EAEEA8227B08505001D4A86 /* Images.xcassets */ = {isa = PBXFileReference; lastKnownFileType = folder.assetcatalog; path = Images.xcassets; sourceTree = "<group>"; };
		4EAEEA8627B08505001D4A86 /* ButtonFactory.swift */ = {isa = PBXFileReference; fileEncoding = 4; lastKnownFileType = sourcecode.swift; path = ButtonFactory.swift; sourceTree = "<group>"; };
		4EAEEAB827B0850C001D4A86 /* AppDelegate.swift */ = {isa = PBXFileReference; fileEncoding = 4; lastKnownFileType = sourcecode.swift; path = AppDelegate.swift; sourceTree = "<group>"; };
		4EAEEAB927B0850C001D4A86 /* AppDelegate+IQKeyboardManager.swift */ = {isa = PBXFileReference; fileEncoding = 4; lastKnownFileType = sourcecode.swift; path = "AppDelegate+IQKeyboardManager.swift"; sourceTree = "<group>"; };
		4EAEEABC27B0850C001D4A86 /* DateFormats.swift */ = {isa = PBXFileReference; fileEncoding = 4; lastKnownFileType = sourcecode.swift; path = DateFormats.swift; sourceTree = "<group>"; };
		4EAEEABD27B0850C001D4A86 /* ScreenSize.swift */ = {isa = PBXFileReference; fileEncoding = 4; lastKnownFileType = sourcecode.swift; path = ScreenSize.swift; sourceTree = "<group>"; };
		4EAEEABE27B0850C001D4A86 /* Closures.swift */ = {isa = PBXFileReference; fileEncoding = 4; lastKnownFileType = sourcecode.swift; path = Closures.swift; sourceTree = "<group>"; };
		4EAEEAC027B0850C001D4A86 /* Extensions+UITextfield.swift */ = {isa = PBXFileReference; fileEncoding = 4; lastKnownFileType = sourcecode.swift; path = "Extensions+UITextfield.swift"; sourceTree = "<group>"; };
		4EAEEAC127B0850C001D4A86 /* AlertUtility.swift */ = {isa = PBXFileReference; fileEncoding = 4; lastKnownFileType = sourcecode.swift; path = AlertUtility.swift; sourceTree = "<group>"; };
		4EAEEAFC27B08A90001D4A86 /* NoteMVVMR_Bridging_Header.h */ = {isa = PBXFileReference; lastKnownFileType = sourcecode.c.h; path = NoteMVVMR_Bridging_Header.h; sourceTree = "<group>"; };
		4EAEEAFD27B08AE5001D4A86 /* DataProvider.framework */ = {isa = PBXFileReference; explicitFileType = wrapper.framework; path = DataProvider.framework; sourceTree = BUILT_PRODUCTS_DIR; };
		4EAEEB0127B08B76001D4A86 /* DataProviderTests.xctest */ = {isa = PBXFileReference; explicitFileType = wrapper.cfbundle; path = DataProviderTests.xctest; sourceTree = BUILT_PRODUCTS_DIR; };
		6F36D4B83BA67F903D77FDEF /* Pods-NoteMVVMR.release.xcconfig */ = {isa = PBXFileReference; includeInIndex = 1; lastKnownFileType = text.xcconfig; name = "Pods-NoteMVVMR.release.xcconfig"; path = "Target Support Files/Pods-NoteMVVMR/Pods-NoteMVVMR.release.xcconfig"; sourceTree = "<group>"; };
		8E686B4322131D479FBCA1EC /* Pods-NoteMVVMR-NoteMVVMRUITests.release.xcconfig */ = {isa = PBXFileReference; includeInIndex = 1; lastKnownFileType = text.xcconfig; name = "Pods-NoteMVVMR-NoteMVVMRUITests.release.xcconfig"; path = "Target Support Files/Pods-NoteMVVMR-NoteMVVMRUITests/Pods-NoteMVVMR-NoteMVVMRUITests.release.xcconfig"; sourceTree = "<group>"; };
		A8D6ED56F37DB788319E436F /* Pods-NoteMVVMRTests.debug.xcconfig */ = {isa = PBXFileReference; includeInIndex = 1; lastKnownFileType = text.xcconfig; name = "Pods-NoteMVVMRTests.debug.xcconfig"; path = "Target Support Files/Pods-NoteMVVMRTests/Pods-NoteMVVMRTests.debug.xcconfig"; sourceTree = "<group>"; };
		C311DB406AD0DBC643E61A19 /* Pods_NoteMVVMR.framework */ = {isa = PBXFileReference; explicitFileType = wrapper.framework; includeInIndex = 0; path = Pods_NoteMVVMR.framework; sourceTree = BUILT_PRODUCTS_DIR; };
		D1A955A74A1F72732A673327 /* Pods-NoteMVVMR-NoteMVVMRUITests.debug.xcconfig */ = {isa = PBXFileReference; includeInIndex = 1; lastKnownFileType = text.xcconfig; name = "Pods-NoteMVVMR-NoteMVVMRUITests.debug.xcconfig"; path = "Target Support Files/Pods-NoteMVVMR-NoteMVVMRUITests/Pods-NoteMVVMR-NoteMVVMRUITests.debug.xcconfig"; sourceTree = "<group>"; };
		E90E7D2B41A21672867B000C /* Pods_NoteMVVMRTests.framework */ = {isa = PBXFileReference; explicitFileType = wrapper.framework; includeInIndex = 0; path = Pods_NoteMVVMRTests.framework; sourceTree = BUILT_PRODUCTS_DIR; };
		FBFD17F0165E4300C7E2C0DD /* Pods-NoteMVVMRTests.release.xcconfig */ = {isa = PBXFileReference; includeInIndex = 1; lastKnownFileType = text.xcconfig; name = "Pods-NoteMVVMRTests.release.xcconfig"; path = "Target Support Files/Pods-NoteMVVMRTests/Pods-NoteMVVMRTests.release.xcconfig"; sourceTree = "<group>"; };
/* End PBXFileReference section */

/* Begin PBXFrameworksBuildPhase section */
		4EAEE98927B083A7001D4A86 /* Frameworks */ = {
			isa = PBXFrameworksBuildPhase;
			buildActionMask = 2147483647;
			files = (
				A04EDA5B0CC857935120F65F /* Pods_NoteMVVMR.framework in Frameworks */,
				4EAEEAFE27B08AE5001D4A86 /* DataProvider.framework in Frameworks */,
			);
			runOnlyForDeploymentPostprocessing = 0;
		};
		4EAEE99F27B083A9001D4A86 /* Frameworks */ = {
			isa = PBXFrameworksBuildPhase;
			buildActionMask = 2147483647;
			files = (
				FC27F077F1EC201D7E86FC65 /* Pods_NoteMVVMRTests.framework in Frameworks */,
			);
			runOnlyForDeploymentPostprocessing = 0;
		};
		4EAEE9A927B083A9001D4A86 /* Frameworks */ = {
			isa = PBXFrameworksBuildPhase;
			buildActionMask = 2147483647;
			files = (
				D7777AB01C271C7F27689E60 /* Pods_NoteMVVMR_NoteMVVMRUITests.framework in Frameworks */,
			);
			runOnlyForDeploymentPostprocessing = 0;
		};
/* End PBXFrameworksBuildPhase section */

/* Begin PBXGroup section */
		4E96990B27B11DA200C4CF8E /* DataProvider */ = {
			isa = PBXGroup;
			children = (
				4E96993527B123E500C4CF8E /* Model */,
				4E96992627B120AE00C4CF8E /* Core */,
				4E96990C27B11DCB00C4CF8E /* Manager */,
				4E96990E27B11DCB00C4CF8E /* Request */,
			);
			path = DataProvider;
			sourceTree = "<group>";
		};
		4E96990C27B11DCB00C4CF8E /* Manager */ = {
			isa = PBXGroup;
			children = (
				4E96992427B11F9100C4CF8E /* Service.swift */,
				4E96993A27B1271800C4CF8E /* APIDecodableResponseRequest.swift */,
			);
			name = Manager;
			path = DataProvider/Manager;
			sourceTree = SOURCE_ROOT;
		};
		4E96990E27B11DCB00C4CF8E /* Request */ = {
			isa = PBXGroup;
			children = (
				4E96993327B123A600C4CF8E /* RegisterRequest.swift */,
				4E96993827B1267300C4CF8E /* LoginRequest.swift */,
			);
			name = Request;
			path = DataProvider/Request;
			sourceTree = SOURCE_ROOT;
		};
		4E96992627B120AE00C4CF8E /* Core */ = {
			isa = PBXGroup;
			children = (
				4E96992727B120AE00C4CF8E /* DecodableResponseRequest.swift */,
				4E96992827B120AE00C4CF8E /* Typealias.swift */,
				4E96992927B120AE00C4CF8E /* RequestProtocol.swift */,
				4E96992A27B120AE00C4CF8E /* RequestMethod.swift */,
				4E96992B27B120AE00C4CF8E /* RequestEncoding.swift */,
				4E96992C27B120AE00C4CF8E /* DataProviderProtocol.swift */,
			);
			path = Core;
			sourceTree = "<group>";
		};
		4E96993527B123E500C4CF8E /* Model */ = {
			isa = PBXGroup;
			children = (
				4E96993627B123F100C4CF8E /* Auth.swift */,
			);
			path = Model;
			sourceTree = "<group>";
		};
		4EAEE98327B083A7001D4A86 = {
			isa = PBXGroup;
			children = (
				4EAEE98E27B083A7001D4A86 /* NoteMVVMR */,
				4EAEE9A527B083A9001D4A86 /* NoteMVVMRTests */,
				4EAEE9AF27B083A9001D4A86 /* NoteMVVMRUITests */,
				4EAEE98D27B083A7001D4A86 /* Products */,
				DE64E45F84ACFF9A875A38CF /* Pods */,
				BC26178D7CC24CD77E2BA519 /* Frameworks */,
			);
			sourceTree = "<group>";
		};
		4EAEE98D27B083A7001D4A86 /* Products */ = {
			isa = PBXGroup;
			children = (
				4EAEE98C27B083A7001D4A86 /* NoteMVVMR.app */,
				4EAEE9A227B083A9001D4A86 /* NoteMVVMRTests.xctest */,
				4EAEE9AC27B083A9001D4A86 /* NoteMVVMRUITests.xctest */,
			);
			name = Products;
			sourceTree = "<group>";
		};
		4EAEE98E27B083A7001D4A86 /* NoteMVVMR */ = {
			isa = PBXGroup;
			children = (
				4E96990B27B11DA200C4CF8E /* DataProvider */,
				4EAEEAB727B0850C001D4A86 /* AppDelegate */,
				4EAEEABA27B0850C001D4A86 /* Configurations */,
				4EAEEABB27B0850C001D4A86 /* Constants */,
				4EAEEABF27B0850C001D4A86 /* Extensions */,
				4EAEEA6D27B08505001D4A86 /* Resources */,
				4EAEEA5E27B08504001D4A86 /* Routing */,
				4EAEEA4427B08504001D4A86 /* Scenes */,
				4EAEEA8327B08505001D4A86 /* UIComponents */,
				4EAEEA5C27B08504001D4A86 /* Validation */,
				4EAEE99827B083A9001D4A86 /* Assets.xcassets */,
				4EAEE99A27B083A9001D4A86 /* LaunchScreen.storyboard */,
				4EAEE99D27B083A9001D4A86 /* Info.plist */,
				4EAEEAFC27B08A90001D4A86 /* NoteMVVMR_Bridging_Header.h */,
			);
			path = NoteMVVMR;
			sourceTree = "<group>";
		};
		4EAEE9A527B083A9001D4A86 /* NoteMVVMRTests */ = {
			isa = PBXGroup;
			children = (
				4EAEE9A627B083A9001D4A86 /* NoteMVVMRTests.swift */,
			);
			path = NoteMVVMRTests;
			sourceTree = "<group>";
		};
		4EAEE9AF27B083A9001D4A86 /* NoteMVVMRUITests */ = {
			isa = PBXGroup;
			children = (
				4EAEE9B027B083A9001D4A86 /* NoteMVVMRUITests.swift */,
				4EAEE9B227B083A9001D4A86 /* NoteMVVMRUITestsLaunchTests.swift */,
			);
			path = NoteMVVMRUITests;
			sourceTree = "<group>";
		};
		4EAEEA4427B08504001D4A86 /* Scenes */ = {
			isa = PBXGroup;
			children = (
				4EAEEA4527B08504001D4A86 /* Auth */,
				4EAEEA5527B08504001D4A86 /* Main */,
				4EAEEA5827B08504001D4A86 /* Base */,
			);
			path = Scenes;
			sourceTree = SOURCE_ROOT;
		};
		4EAEEA4527B08504001D4A86 /* Auth */ = {
			isa = PBXGroup;
			children = (
				4EAEEA4627B08504001D4A86 /* Register */,
				4EAEEA4B27B08504001D4A86 /* PasswordReset */,
				4EAEEA5027B08504001D4A86 /* Login */,
			);
			path = Auth;
			sourceTree = "<group>";
		};
		4EAEEA4627B08504001D4A86 /* Register */ = {
			isa = PBXGroup;
			children = (
				4EAEEA4727B08504001D4A86 /* RegisterRouter.swift */,
				4EAEEA4827B08504001D4A86 /* RegisterRoute.swift */,
				4EAEEA4927B08504001D4A86 /* RegisterViewController.swift */,
				4EAEEA4A27B08504001D4A86 /* RegisterViewModel.swift */,
			);
			path = Register;
			sourceTree = "<group>";
		};
		4EAEEA4B27B08504001D4A86 /* PasswordReset */ = {
			isa = PBXGroup;
			children = (
				4EAEEA4C27B08504001D4A86 /* PasswordResetViewModel.swift */,
				4EAEEA4D27B08504001D4A86 /* PasswordResetRoute.swift */,
				4EAEEA4E27B08504001D4A86 /* PasswordResetViewController.swift */,
				4EAEEA4F27B08504001D4A86 /* PasswordResetRouter.swift */,
			);
			path = PasswordReset;
			sourceTree = "<group>";
		};
		4EAEEA5027B08504001D4A86 /* Login */ = {
			isa = PBXGroup;
			children = (
				4EAEEA5127B08504001D4A86 /* LoginViewModel.swift */,
				4EAEEA5227B08504001D4A86 /* LoginViewController.swift */,
				4EAEEA5327B08504001D4A86 /* LoginRoute.swift */,
				4EAEEA5427B08504001D4A86 /* LoginRouter.swift */,
			);
			path = Login;
			sourceTree = "<group>";
		};
		4EAEEA5527B08504001D4A86 /* Main */ = {
			isa = PBXGroup;
			children = (
				4EAEEA5627B08504001D4A86 /* MainTabBarController.swift */,
				4EAEEA5727B08504001D4A86 /* MainTabBarRoute.swift */,
			);
			path = Main;
			sourceTree = "<group>";
		};
		4EAEEA5827B08504001D4A86 /* Base */ = {
			isa = PBXGroup;
			children = (
				4EAEEA5927B08504001D4A86 /* BaseViewController.swift */,
				4EAEEA5A27B08504001D4A86 /* BaseViewModel.swift */,
				4EAEEA5B27B08504001D4A86 /* MainNavigationController.swift */,
			);
			path = Base;
			sourceTree = "<group>";
		};
		4EAEEA5C27B08504001D4A86 /* Validation */ = {
			isa = PBXGroup;
			children = (
				4EAEEA5D27B08504001D4A86 /* Validation.swift */,
			);
			path = Validation;
			sourceTree = SOURCE_ROOT;
		};
		4EAEEA5E27B08504001D4A86 /* Routing */ = {
			isa = PBXGroup;
			children = (
				4EAEEA5F27B08504001D4A86 /* Routers */,
				4EAEEA6127B08504001D4A86 /* Core */,
				4EAEEA6427B08504001D4A86 /* Transitions */,
				4EAEEA6927B08504001D4A86 /* Routes */,
			);
			path = Routing;
			sourceTree = SOURCE_ROOT;
		};
		4EAEEA5F27B08504001D4A86 /* Routers */ = {
			isa = PBXGroup;
			children = (
				4EAEEA6027B08504001D4A86 /* AppRouter.swift */,
			);
			path = Routers;
			sourceTree = "<group>";
		};
		4EAEEA6127B08504001D4A86 /* Core */ = {
			isa = PBXGroup;
			children = (
				4EAEEA6227B08504001D4A86 /* Animator.swift */,
				4EAEEA6327B08504001D4A86 /* Router.swift */,
			);
			path = Core;
			sourceTree = "<group>";
		};
		4EAEEA6427B08504001D4A86 /* Transitions */ = {
			isa = PBXGroup;
			children = (
				4EAEEA6527B08504001D4A86 /* ModalTransition.swift */,
				4EAEEA6627B08504001D4A86 /* PlaceOnWindowTransition.swift */,
				4EAEEA6727B08504001D4A86 /* Transition.swift */,
				4EAEEA6827B08504001D4A86 /* PushTransition.swift */,
			);
			path = Transitions;
			sourceTree = "<group>";
		};
		4EAEEA6927B08504001D4A86 /* Routes */ = {
			isa = PBXGroup;
			children = (
				4EAEEA6A27B08504001D4A86 /* UnfollowAlertViewRoute.swift */,
				4EAEEA6B27B08504001D4A86 /* ShareSheetRoute.swift */,
				4EAEEA6C27B08504001D4A86 /* CommentEditDeleteAlertViewRoute.swift */,
			);
			path = Routes;
			sourceTree = "<group>";
		};
		4EAEEA6D27B08505001D4A86 /* Resources */ = {
			isa = PBXGroup;
			children = (
				4EAEEA6E27B08505001D4A86 /* Strings */,
				4EAEEA7527B08505001D4A86 /* Fonts */,
				4EAEEA7B27B08505001D4A86 /* Assets */,
			);
			path = Resources;
			sourceTree = SOURCE_ROOT;
		};
		4EAEEA6E27B08505001D4A86 /* Strings */ = {
			isa = PBXGroup;
			children = (
				4EAEEA6F27B08505001D4A86 /* Modules.strings */,
				4EAEEA7027B08505001D4A86 /* Componenets.strings */,
				4EAEEA7127B08505001D4A86 /* General.strings */,
				4EAEEA7227B08505001D4A86 /* StringConstants.swift */,
				4EAEEA7327B08505001D4A86 /* Error.strings */,
				4EAEEA7427B08505001D4A86 /* Placeholder.strings */,
			);
			path = Strings;
			sourceTree = "<group>";
		};
		4EAEEA7527B08505001D4A86 /* Fonts */ = {
			isa = PBXGroup;
			children = (
				4EAEEA7627B08505001D4A86 /* UIFont+Extensions.swift */,
				4EAEEA7727B08505001D4A86 /* Nunito-ExtraBold.ttf */,
				4EAEEA7827B08505001D4A86 /* Nunito-SemiBold.ttf */,
				4EAEEA7927B08505001D4A86 /* Nunito-Bold.ttf */,
				4EAEEA7A27B08505001D4A86 /* Fonts.swift */,
			);
			path = Fonts;
			sourceTree = "<group>";
		};
		4EAEEA7B27B08505001D4A86 /* Assets */ = {
			isa = PBXGroup;
			children = (
				4EAEEA7C27B08505001D4A86 /* Assets.swift */,
				4EAEEA7D27B08505001D4A86 /* UIImage+Icons.swift */,
				4EAEEA7E27B08505001D4A86 /* Colors.xcassets */,
				4EAEEA7F27B08505001D4A86 /* UIImage+Images.swift */,
				4EAEEA8027B08505001D4A86 /* Icons.xcassets */,
				4EAEEA8127B08505001D4A86 /* UIColor+Colors.swift */,
				4EAEEA8227B08505001D4A86 /* Images.xcassets */,
			);
			path = Assets;
			sourceTree = "<group>";
		};
		4EAEEA8327B08505001D4A86 /* UIComponents */ = {
			isa = PBXGroup;
			children = (
				4EAEEA8427B08505001D4A86 /* UIButton */,
				4EAEEA8527B08505001D4A86 /* Factory */,
				4EAEEA8727B08505001D4A86 /* UITextField */,
			);
			path = UIComponents;
			sourceTree = SOURCE_ROOT;
		};
		4EAEEA8427B08505001D4A86 /* UIButton */ = {
			isa = PBXGroup;
			children = (
			);
			path = UIButton;
			sourceTree = "<group>";
		};
		4EAEEA8527B08505001D4A86 /* Factory */ = {
			isa = PBXGroup;
			children = (
				4EAEEA8627B08505001D4A86 /* ButtonFactory.swift */,
			);
			path = Factory;
			sourceTree = "<group>";
		};
		4EAEEA8727B08505001D4A86 /* UITextField */ = {
			isa = PBXGroup;
			children = (
			);
			path = UITextField;
			sourceTree = "<group>";
		};
		4EAEEAB727B0850C001D4A86 /* AppDelegate */ = {
			isa = PBXGroup;
			children = (
				4EAEEAB827B0850C001D4A86 /* AppDelegate.swift */,
				4EAEEAB927B0850C001D4A86 /* AppDelegate+IQKeyboardManager.swift */,
			);
			path = AppDelegate;
			sourceTree = SOURCE_ROOT;
		};
		4EAEEABA27B0850C001D4A86 /* Configurations */ = {
			isa = PBXGroup;
			children = (
			);
			path = Configurations;
			sourceTree = SOURCE_ROOT;
		};
		4EAEEABB27B0850C001D4A86 /* Constants */ = {
			isa = PBXGroup;
			children = (
				4EAEEABC27B0850C001D4A86 /* DateFormats.swift */,
				4EAEEABD27B0850C001D4A86 /* ScreenSize.swift */,
				4EAEEABE27B0850C001D4A86 /* Closures.swift */,
			);
			path = Constants;
			sourceTree = SOURCE_ROOT;
		};
		4EAEEABF27B0850C001D4A86 /* Extensions */ = {
			isa = PBXGroup;
			children = (
				4EAEEAC027B0850C001D4A86 /* Extensions+UITextfield.swift */,
				4EAEEAC127B0850C001D4A86 /* AlertUtility.swift */,
			);
			path = Extensions;
			sourceTree = SOURCE_ROOT;
		};
		BC26178D7CC24CD77E2BA519 /* Frameworks */ = {
			isa = PBXGroup;
			children = (
				4EAEEB0127B08B76001D4A86 /* DataProviderTests.xctest */,
				4EAEEAFD27B08AE5001D4A86 /* DataProvider.framework */,
				C311DB406AD0DBC643E61A19 /* Pods_NoteMVVMR.framework */,
				355555EC9D819686BB9C0772 /* Pods_NoteMVVMR_NoteMVVMRUITests.framework */,
				E90E7D2B41A21672867B000C /* Pods_NoteMVVMRTests.framework */,
			);
			name = Frameworks;
			sourceTree = "<group>";
		};
		DE64E45F84ACFF9A875A38CF /* Pods */ = {
			isa = PBXGroup;
			children = (
				21C664CA641CEDAC9DF11056 /* Pods-NoteMVVMR.debug.xcconfig */,
				6F36D4B83BA67F903D77FDEF /* Pods-NoteMVVMR.release.xcconfig */,
				D1A955A74A1F72732A673327 /* Pods-NoteMVVMR-NoteMVVMRUITests.debug.xcconfig */,
				8E686B4322131D479FBCA1EC /* Pods-NoteMVVMR-NoteMVVMRUITests.release.xcconfig */,
				A8D6ED56F37DB788319E436F /* Pods-NoteMVVMRTests.debug.xcconfig */,
				FBFD17F0165E4300C7E2C0DD /* Pods-NoteMVVMRTests.release.xcconfig */,
			);
			path = Pods;
			sourceTree = "<group>";
		};
/* End PBXGroup section */

/* Begin PBXNativeTarget section */
		4EAEE98B27B083A7001D4A86 /* NoteMVVMR */ = {
			isa = PBXNativeTarget;
			buildConfigurationList = 4EAEE9B627B083A9001D4A86 /* Build configuration list for PBXNativeTarget "NoteMVVMR" */;
			buildPhases = (
				FAD098CB61F51F0939D9E587 /* [CP] Check Pods Manifest.lock */,
				4EAEE98827B083A7001D4A86 /* Sources */,
				4EAEE98927B083A7001D4A86 /* Frameworks */,
				4EAEE98A27B083A7001D4A86 /* Resources */,
				802D35AD17CE723D85042D3E /* [CP] Embed Pods Frameworks */,
				4EAEEB0027B08AE5001D4A86 /* Embed Frameworks */,
				4EAEEB0327B08B76001D4A86 /* Embed PlugIns */,
			);
			buildRules = (
			);
			dependencies = (
			);
			name = NoteMVVMR;
			productName = NoteMVVMR;
			productReference = 4EAEE98C27B083A7001D4A86 /* NoteMVVMR.app */;
			productType = "com.apple.product-type.application";
		};
		4EAEE9A127B083A9001D4A86 /* NoteMVVMRTests */ = {
			isa = PBXNativeTarget;
			buildConfigurationList = 4EAEE9B927B083A9001D4A86 /* Build configuration list for PBXNativeTarget "NoteMVVMRTests" */;
			buildPhases = (
				209A8E7F61122DE220FF9556 /* [CP] Check Pods Manifest.lock */,
				4EAEE99E27B083A9001D4A86 /* Sources */,
				4EAEE99F27B083A9001D4A86 /* Frameworks */,
				4EAEE9A027B083A9001D4A86 /* Resources */,
			);
			buildRules = (
			);
			dependencies = (
				4EAEE9A427B083A9001D4A86 /* PBXTargetDependency */,
			);
			name = NoteMVVMRTests;
			productName = NoteMVVMRTests;
			productReference = 4EAEE9A227B083A9001D4A86 /* NoteMVVMRTests.xctest */;
			productType = "com.apple.product-type.bundle.unit-test";
		};
		4EAEE9AB27B083A9001D4A86 /* NoteMVVMRUITests */ = {
			isa = PBXNativeTarget;
			buildConfigurationList = 4EAEE9BC27B083A9001D4A86 /* Build configuration list for PBXNativeTarget "NoteMVVMRUITests" */;
			buildPhases = (
				F6149A5BB07699877B2C86EA /* [CP] Check Pods Manifest.lock */,
				4EAEE9A827B083A9001D4A86 /* Sources */,
				4EAEE9A927B083A9001D4A86 /* Frameworks */,
				4EAEE9AA27B083A9001D4A86 /* Resources */,
				5BBC06C9824824A218C5E450 /* [CP] Embed Pods Frameworks */,
			);
			buildRules = (
			);
			dependencies = (
				4EAEE9AE27B083A9001D4A86 /* PBXTargetDependency */,
			);
			name = NoteMVVMRUITests;
			productName = NoteMVVMRUITests;
			productReference = 4EAEE9AC27B083A9001D4A86 /* NoteMVVMRUITests.xctest */;
			productType = "com.apple.product-type.bundle.ui-testing";
		};
/* End PBXNativeTarget section */

/* Begin PBXProject section */
		4EAEE98427B083A7001D4A86 /* Project object */ = {
			isa = PBXProject;
			attributes = {
				BuildIndependentTargetsInParallel = 1;
				LastSwiftUpdateCheck = 1320;
				LastUpgradeCheck = 1320;
				TargetAttributes = {
					4EAEE98B27B083A7001D4A86 = {
						CreatedOnToolsVersion = 13.2.1;
					};
					4EAEE9A127B083A9001D4A86 = {
						CreatedOnToolsVersion = 13.2.1;
						TestTargetID = 4EAEE98B27B083A7001D4A86;
					};
					4EAEE9AB27B083A9001D4A86 = {
						CreatedOnToolsVersion = 13.2.1;
						TestTargetID = 4EAEE98B27B083A7001D4A86;
					};
				};
			};
			buildConfigurationList = 4EAEE98727B083A7001D4A86 /* Build configuration list for PBXProject "NoteMVVMR" */;
			compatibilityVersion = "Xcode 13.0";
			developmentRegion = en;
			hasScannedForEncodings = 0;
			knownRegions = (
				en,
				Base,
			);
			mainGroup = 4EAEE98327B083A7001D4A86;
			productRefGroup = 4EAEE98D27B083A7001D4A86 /* Products */;
			projectDirPath = "";
			projectRoot = "";
			targets = (
				4EAEE98B27B083A7001D4A86 /* NoteMVVMR */,
				4EAEE9A127B083A9001D4A86 /* NoteMVVMRTests */,
				4EAEE9AB27B083A9001D4A86 /* NoteMVVMRUITests */,
			);
		};
/* End PBXProject section */

/* Begin PBXResourcesBuildPhase section */
		4EAEE98A27B083A7001D4A86 /* Resources */ = {
			isa = PBXResourcesBuildPhase;
			buildActionMask = 2147483647;
			files = (
				4EAEEAA927B08505001D4A86 /* Placeholder.strings in Resources */,
				4EAEEAA427B08505001D4A86 /* Modules.strings in Resources */,
				4EAEEAB127B08505001D4A86 /* Colors.xcassets in Resources */,
				4EAEEAB527B08505001D4A86 /* Images.xcassets in Resources */,
				4EAEE99C27B083A9001D4A86 /* LaunchScreen.storyboard in Resources */,
				4EAEEAAC27B08505001D4A86 /* Nunito-SemiBold.ttf in Resources */,
				4EAEEAA527B08505001D4A86 /* Componenets.strings in Resources */,
				4EAEEAA827B08505001D4A86 /* Error.strings in Resources */,
				4EAEEAAD27B08505001D4A86 /* Nunito-Bold.ttf in Resources */,
				4EAEE99927B083A9001D4A86 /* Assets.xcassets in Resources */,
				4EAEEAA627B08505001D4A86 /* General.strings in Resources */,
				4EAEEAB327B08505001D4A86 /* Icons.xcassets in Resources */,
				4EAEEAAB27B08505001D4A86 /* Nunito-ExtraBold.ttf in Resources */,
			);
			runOnlyForDeploymentPostprocessing = 0;
		};
		4EAEE9A027B083A9001D4A86 /* Resources */ = {
			isa = PBXResourcesBuildPhase;
			buildActionMask = 2147483647;
			files = (
			);
			runOnlyForDeploymentPostprocessing = 0;
		};
		4EAEE9AA27B083A9001D4A86 /* Resources */ = {
			isa = PBXResourcesBuildPhase;
			buildActionMask = 2147483647;
			files = (
			);
			runOnlyForDeploymentPostprocessing = 0;
		};
/* End PBXResourcesBuildPhase section */

/* Begin PBXShellScriptBuildPhase section */
		209A8E7F61122DE220FF9556 /* [CP] Check Pods Manifest.lock */ = {
			isa = PBXShellScriptBuildPhase;
			buildActionMask = 2147483647;
			files = (
			);
			inputFileListPaths = (
			);
			inputPaths = (
				"${PODS_PODFILE_DIR_PATH}/Podfile.lock",
				"${PODS_ROOT}/Manifest.lock",
			);
			name = "[CP] Check Pods Manifest.lock";
			outputFileListPaths = (
			);
			outputPaths = (
				"$(DERIVED_FILE_DIR)/Pods-NoteMVVMRTests-checkManifestLockResult.txt",
			);
			runOnlyForDeploymentPostprocessing = 0;
			shellPath = /bin/sh;
			shellScript = "diff \"${PODS_PODFILE_DIR_PATH}/Podfile.lock\" \"${PODS_ROOT}/Manifest.lock\" > /dev/null\nif [ $? != 0 ] ; then\n    # print error to STDERR\n    echo \"error: The sandbox is not in sync with the Podfile.lock. Run 'pod install' or update your CocoaPods installation.\" >&2\n    exit 1\nfi\n# This output is used by Xcode 'outputs' to avoid re-running this script phase.\necho \"SUCCESS\" > \"${SCRIPT_OUTPUT_FILE_0}\"\n";
			showEnvVarsInLog = 0;
		};
		5BBC06C9824824A218C5E450 /* [CP] Embed Pods Frameworks */ = {
			isa = PBXShellScriptBuildPhase;
			buildActionMask = 2147483647;
			files = (
			);
			inputFileListPaths = (
				"${PODS_ROOT}/Target Support Files/Pods-NoteMVVMR-NoteMVVMRUITests/Pods-NoteMVVMR-NoteMVVMRUITests-frameworks-${CONFIGURATION}-input-files.xcfilelist",
			);
			name = "[CP] Embed Pods Frameworks";
			outputFileListPaths = (
				"${PODS_ROOT}/Target Support Files/Pods-NoteMVVMR-NoteMVVMRUITests/Pods-NoteMVVMR-NoteMVVMRUITests-frameworks-${CONFIGURATION}-output-files.xcfilelist",
			);
			runOnlyForDeploymentPostprocessing = 0;
			shellPath = /bin/sh;
			shellScript = "\"${PODS_ROOT}/Target Support Files/Pods-NoteMVVMR-NoteMVVMRUITests/Pods-NoteMVVMR-NoteMVVMRUITests-frameworks.sh\"\n";
			showEnvVarsInLog = 0;
		};
		802D35AD17CE723D85042D3E /* [CP] Embed Pods Frameworks */ = {
			isa = PBXShellScriptBuildPhase;
			buildActionMask = 2147483647;
			files = (
			);
			inputFileListPaths = (
				"${PODS_ROOT}/Target Support Files/Pods-NoteMVVMR/Pods-NoteMVVMR-frameworks-${CONFIGURATION}-input-files.xcfilelist",
			);
			name = "[CP] Embed Pods Frameworks";
			outputFileListPaths = (
				"${PODS_ROOT}/Target Support Files/Pods-NoteMVVMR/Pods-NoteMVVMR-frameworks-${CONFIGURATION}-output-files.xcfilelist",
			);
			runOnlyForDeploymentPostprocessing = 0;
			shellPath = /bin/sh;
			shellScript = "\"${PODS_ROOT}/Target Support Files/Pods-NoteMVVMR/Pods-NoteMVVMR-frameworks.sh\"\n";
			showEnvVarsInLog = 0;
		};
		F6149A5BB07699877B2C86EA /* [CP] Check Pods Manifest.lock */ = {
			isa = PBXShellScriptBuildPhase;
			buildActionMask = 2147483647;
			files = (
			);
			inputFileListPaths = (
			);
			inputPaths = (
				"${PODS_PODFILE_DIR_PATH}/Podfile.lock",
				"${PODS_ROOT}/Manifest.lock",
			);
			name = "[CP] Check Pods Manifest.lock";
			outputFileListPaths = (
			);
			outputPaths = (
				"$(DERIVED_FILE_DIR)/Pods-NoteMVVMR-NoteMVVMRUITests-checkManifestLockResult.txt",
			);
			runOnlyForDeploymentPostprocessing = 0;
			shellPath = /bin/sh;
			shellScript = "diff \"${PODS_PODFILE_DIR_PATH}/Podfile.lock\" \"${PODS_ROOT}/Manifest.lock\" > /dev/null\nif [ $? != 0 ] ; then\n    # print error to STDERR\n    echo \"error: The sandbox is not in sync with the Podfile.lock. Run 'pod install' or update your CocoaPods installation.\" >&2\n    exit 1\nfi\n# This output is used by Xcode 'outputs' to avoid re-running this script phase.\necho \"SUCCESS\" > \"${SCRIPT_OUTPUT_FILE_0}\"\n";
			showEnvVarsInLog = 0;
		};
		FAD098CB61F51F0939D9E587 /* [CP] Check Pods Manifest.lock */ = {
			isa = PBXShellScriptBuildPhase;
			buildActionMask = 2147483647;
			files = (
			);
			inputFileListPaths = (
			);
			inputPaths = (
				"${PODS_PODFILE_DIR_PATH}/Podfile.lock",
				"${PODS_ROOT}/Manifest.lock",
			);
			name = "[CP] Check Pods Manifest.lock";
			outputFileListPaths = (
			);
			outputPaths = (
				"$(DERIVED_FILE_DIR)/Pods-NoteMVVMR-checkManifestLockResult.txt",
			);
			runOnlyForDeploymentPostprocessing = 0;
			shellPath = /bin/sh;
			shellScript = "diff \"${PODS_PODFILE_DIR_PATH}/Podfile.lock\" \"${PODS_ROOT}/Manifest.lock\" > /dev/null\nif [ $? != 0 ] ; then\n    # print error to STDERR\n    echo \"error: The sandbox is not in sync with the Podfile.lock. Run 'pod install' or update your CocoaPods installation.\" >&2\n    exit 1\nfi\n# This output is used by Xcode 'outputs' to avoid re-running this script phase.\necho \"SUCCESS\" > \"${SCRIPT_OUTPUT_FILE_0}\"\n";
			showEnvVarsInLog = 0;
		};
/* End PBXShellScriptBuildPhase section */

/* Begin PBXSourcesBuildPhase section */
		4EAEE98827B083A7001D4A86 /* Sources */ = {
			isa = PBXSourcesBuildPhase;
			buildActionMask = 2147483647;
			files = (
				4E96993027B120AE00C4CF8E /* RequestMethod.swift in Sources */,
				4EAEEA9B27B08505001D4A86 /* Animator.swift in Sources */,
				4EAEEA9527B08505001D4A86 /* MainTabBarRoute.swift in Sources */,
				4E96993227B120AE00C4CF8E /* DataProviderProtocol.swift in Sources */,
				4EAEEAC827B0850C001D4A86 /* AlertUtility.swift in Sources */,
				4EAEEAA727B08505001D4A86 /* StringConstants.swift in Sources */,
				4EAEEA8D27B08505001D4A86 /* PasswordResetRoute.swift in Sources */,
				4E96992D27B120AE00C4CF8E /* DecodableResponseRequest.swift in Sources */,
				4EAEEA9A27B08505001D4A86 /* AppRouter.swift in Sources */,
				4EAEEAC327B0850C001D4A86 /* AppDelegate+IQKeyboardManager.swift in Sources */,
				4EAEEAB027B08505001D4A86 /* UIImage+Icons.swift in Sources */,
				4EAEEA8C27B08505001D4A86 /* PasswordResetViewModel.swift in Sources */,
				4EAEEA9327B08505001D4A86 /* LoginRouter.swift in Sources */,
				4EAEEA9F27B08505001D4A86 /* Transition.swift in Sources */,
				4EAEEA9927B08505001D4A86 /* Validation.swift in Sources */,
				4E96992E27B120AE00C4CF8E /* Typealias.swift in Sources */,
				4E96992F27B120AE00C4CF8E /* RequestProtocol.swift in Sources */,
				4EAEEA8E27B08505001D4A86 /* PasswordResetViewController.swift in Sources */,
				4EAEEAA227B08505001D4A86 /* ShareSheetRoute.swift in Sources */,
				4EAEEA9727B08505001D4A86 /* BaseViewModel.swift in Sources */,
				4EAEEAC227B0850C001D4A86 /* AppDelegate.swift in Sources */,
				4EAEEAA027B08505001D4A86 /* PushTransition.swift in Sources */,
				4EAEEAA127B08505001D4A86 /* UnfollowAlertViewRoute.swift in Sources */,
				4EAEEA9627B08505001D4A86 /* BaseViewController.swift in Sources */,
				4EAEEA9C27B08505001D4A86 /* Router.swift in Sources */,
				4EAEEAB427B08505001D4A86 /* UIColor+Colors.swift in Sources */,
				4EAEEAB627B08505001D4A86 /* ButtonFactory.swift in Sources */,
				4EAEEA8F27B08505001D4A86 /* PasswordResetRouter.swift in Sources */,
				4EAEEA9827B08505001D4A86 /* MainNavigationController.swift in Sources */,
				4E96993427B123A600C4CF8E /* RegisterRequest.swift in Sources */,
				4E96992527B11F9100C4CF8E /* Service.swift in Sources */,
				4EAEEAB227B08505001D4A86 /* UIImage+Images.swift in Sources */,
				4EAEEA8A27B08505001D4A86 /* RegisterViewController.swift in Sources */,
				4EAEEA9D27B08505001D4A86 /* ModalTransition.swift in Sources */,
				4EAEEA8927B08505001D4A86 /* RegisterRoute.swift in Sources */,
				4E96993127B120AE00C4CF8E /* RequestEncoding.swift in Sources */,
				4EAEEAC727B0850C001D4A86 /* Extensions+UITextfield.swift in Sources */,
				4E96993B27B1271800C4CF8E /* APIDecodableResponseRequest.swift in Sources */,
				4EAEEA9427B08505001D4A86 /* MainTabBarController.swift in Sources */,
				4EAEEA8827B08505001D4A86 /* RegisterRouter.swift in Sources */,
				4E96993727B123F100C4CF8E /* Auth.swift in Sources */,
				4EAEEA8B27B08505001D4A86 /* RegisterViewModel.swift in Sources */,
				4EAEEAC527B0850C001D4A86 /* ScreenSize.swift in Sources */,
				4EAEEAC427B0850C001D4A86 /* DateFormats.swift in Sources */,
				4EAEEAAE27B08505001D4A86 /* Fonts.swift in Sources */,
				4EAEEA9127B08505001D4A86 /* LoginViewController.swift in Sources */,
				4EAEEAAF27B08505001D4A86 /* Assets.swift in Sources */,
				4EAEEA9027B08505001D4A86 /* LoginViewModel.swift in Sources */,
				4EAEEA9227B08505001D4A86 /* LoginRoute.swift in Sources */,
				4EAEEAA327B08505001D4A86 /* CommentEditDeleteAlertViewRoute.swift in Sources */,
				4EAEEAAA27B08505001D4A86 /* UIFont+Extensions.swift in Sources */,
				4EAEEAC627B0850C001D4A86 /* Closures.swift in Sources */,
				4EAEEA9E27B08505001D4A86 /* PlaceOnWindowTransition.swift in Sources */,
				4E96993927B1267300C4CF8E /* LoginRequest.swift in Sources */,
			);
			runOnlyForDeploymentPostprocessing = 0;
		};
		4EAEE99E27B083A9001D4A86 /* Sources */ = {
			isa = PBXSourcesBuildPhase;
			buildActionMask = 2147483647;
			files = (
				4EAEE9A727B083A9001D4A86 /* NoteMVVMRTests.swift in Sources */,
			);
			runOnlyForDeploymentPostprocessing = 0;
		};
		4EAEE9A827B083A9001D4A86 /* Sources */ = {
			isa = PBXSourcesBuildPhase;
			buildActionMask = 2147483647;
			files = (
				4EAEE9B127B083A9001D4A86 /* NoteMVVMRUITests.swift in Sources */,
				4EAEE9B327B083A9001D4A86 /* NoteMVVMRUITestsLaunchTests.swift in Sources */,
			);
			runOnlyForDeploymentPostprocessing = 0;
		};
/* End PBXSourcesBuildPhase section */

/* Begin PBXTargetDependency section */
		4EAEE9A427B083A9001D4A86 /* PBXTargetDependency */ = {
			isa = PBXTargetDependency;
			target = 4EAEE98B27B083A7001D4A86 /* NoteMVVMR */;
			targetProxy = 4EAEE9A327B083A9001D4A86 /* PBXContainerItemProxy */;
		};
		4EAEE9AE27B083A9001D4A86 /* PBXTargetDependency */ = {
			isa = PBXTargetDependency;
			target = 4EAEE98B27B083A7001D4A86 /* NoteMVVMR */;
			targetProxy = 4EAEE9AD27B083A9001D4A86 /* PBXContainerItemProxy */;
		};
/* End PBXTargetDependency section */

/* Begin PBXVariantGroup section */
		4EAEE99A27B083A9001D4A86 /* LaunchScreen.storyboard */ = {
			isa = PBXVariantGroup;
			children = (
				4EAEE99B27B083A9001D4A86 /* Base */,
			);
			name = LaunchScreen.storyboard;
			sourceTree = "<group>";
		};
/* End PBXVariantGroup section */

/* Begin XCBuildConfiguration section */
		4EAEE9B427B083A9001D4A86 /* Debug */ = {
			isa = XCBuildConfiguration;
			buildSettings = {
				ALWAYS_SEARCH_USER_PATHS = NO;
				CLANG_ANALYZER_NONNULL = YES;
				CLANG_ANALYZER_NUMBER_OBJECT_CONVERSION = YES_AGGRESSIVE;
				CLANG_CXX_LANGUAGE_STANDARD = "gnu++17";
				CLANG_CXX_LIBRARY = "libc++";
				CLANG_ENABLE_MODULES = YES;
				CLANG_ENABLE_OBJC_ARC = YES;
				CLANG_ENABLE_OBJC_WEAK = YES;
				CLANG_WARN_BLOCK_CAPTURE_AUTORELEASING = YES;
				CLANG_WARN_BOOL_CONVERSION = YES;
				CLANG_WARN_COMMA = YES;
				CLANG_WARN_CONSTANT_CONVERSION = YES;
				CLANG_WARN_DEPRECATED_OBJC_IMPLEMENTATIONS = YES;
				CLANG_WARN_DIRECT_OBJC_ISA_USAGE = YES_ERROR;
				CLANG_WARN_DOCUMENTATION_COMMENTS = YES;
				CLANG_WARN_EMPTY_BODY = YES;
				CLANG_WARN_ENUM_CONVERSION = YES;
				CLANG_WARN_INFINITE_RECURSION = YES;
				CLANG_WARN_INT_CONVERSION = YES;
				CLANG_WARN_NON_LITERAL_NULL_CONVERSION = YES;
				CLANG_WARN_OBJC_IMPLICIT_RETAIN_SELF = YES;
				CLANG_WARN_OBJC_LITERAL_CONVERSION = YES;
				CLANG_WARN_OBJC_ROOT_CLASS = YES_ERROR;
				CLANG_WARN_QUOTED_INCLUDE_IN_FRAMEWORK_HEADER = YES;
				CLANG_WARN_RANGE_LOOP_ANALYSIS = YES;
				CLANG_WARN_STRICT_PROTOTYPES = YES;
				CLANG_WARN_SUSPICIOUS_MOVE = YES;
				CLANG_WARN_UNGUARDED_AVAILABILITY = YES_AGGRESSIVE;
				CLANG_WARN_UNREACHABLE_CODE = YES;
				CLANG_WARN__DUPLICATE_METHOD_MATCH = YES;
				COPY_PHASE_STRIP = NO;
				DEBUG_INFORMATION_FORMAT = dwarf;
				ENABLE_STRICT_OBJC_MSGSEND = YES;
				ENABLE_TESTABILITY = YES;
				GCC_C_LANGUAGE_STANDARD = gnu11;
				GCC_DYNAMIC_NO_PIC = NO;
				GCC_NO_COMMON_BLOCKS = YES;
				GCC_OPTIMIZATION_LEVEL = 0;
				GCC_PREPROCESSOR_DEFINITIONS = (
					"DEBUG=1",
					"$(inherited)",
				);
				GCC_WARN_64_TO_32_BIT_CONVERSION = YES;
				GCC_WARN_ABOUT_RETURN_TYPE = YES_ERROR;
				GCC_WARN_UNDECLARED_SELECTOR = YES;
				GCC_WARN_UNINITIALIZED_AUTOS = YES_AGGRESSIVE;
				GCC_WARN_UNUSED_FUNCTION = YES;
				GCC_WARN_UNUSED_VARIABLE = YES;
				IPHONEOS_DEPLOYMENT_TARGET = 15.2;
				MTL_ENABLE_DEBUG_INFO = INCLUDE_SOURCE;
				MTL_FAST_MATH = YES;
				ONLY_ACTIVE_ARCH = YES;
				SDKROOT = iphoneos;
				SWIFT_ACTIVE_COMPILATION_CONDITIONS = DEBUG;
				SWIFT_OPTIMIZATION_LEVEL = "-Onone";
			};
			name = Debug;
		};
		4EAEE9B527B083A9001D4A86 /* Release */ = {
			isa = XCBuildConfiguration;
			buildSettings = {
				ALWAYS_SEARCH_USER_PATHS = NO;
				CLANG_ANALYZER_NONNULL = YES;
				CLANG_ANALYZER_NUMBER_OBJECT_CONVERSION = YES_AGGRESSIVE;
				CLANG_CXX_LANGUAGE_STANDARD = "gnu++17";
				CLANG_CXX_LIBRARY = "libc++";
				CLANG_ENABLE_MODULES = YES;
				CLANG_ENABLE_OBJC_ARC = YES;
				CLANG_ENABLE_OBJC_WEAK = YES;
				CLANG_WARN_BLOCK_CAPTURE_AUTORELEASING = YES;
				CLANG_WARN_BOOL_CONVERSION = YES;
				CLANG_WARN_COMMA = YES;
				CLANG_WARN_CONSTANT_CONVERSION = YES;
				CLANG_WARN_DEPRECATED_OBJC_IMPLEMENTATIONS = YES;
				CLANG_WARN_DIRECT_OBJC_ISA_USAGE = YES_ERROR;
				CLANG_WARN_DOCUMENTATION_COMMENTS = YES;
				CLANG_WARN_EMPTY_BODY = YES;
				CLANG_WARN_ENUM_CONVERSION = YES;
				CLANG_WARN_INFINITE_RECURSION = YES;
				CLANG_WARN_INT_CONVERSION = YES;
				CLANG_WARN_NON_LITERAL_NULL_CONVERSION = YES;
				CLANG_WARN_OBJC_IMPLICIT_RETAIN_SELF = YES;
				CLANG_WARN_OBJC_LITERAL_CONVERSION = YES;
				CLANG_WARN_OBJC_ROOT_CLASS = YES_ERROR;
				CLANG_WARN_QUOTED_INCLUDE_IN_FRAMEWORK_HEADER = YES;
				CLANG_WARN_RANGE_LOOP_ANALYSIS = YES;
				CLANG_WARN_STRICT_PROTOTYPES = YES;
				CLANG_WARN_SUSPICIOUS_MOVE = YES;
				CLANG_WARN_UNGUARDED_AVAILABILITY = YES_AGGRESSIVE;
				CLANG_WARN_UNREACHABLE_CODE = YES;
				CLANG_WARN__DUPLICATE_METHOD_MATCH = YES;
				COPY_PHASE_STRIP = NO;
				DEBUG_INFORMATION_FORMAT = "dwarf-with-dsym";
				ENABLE_NS_ASSERTIONS = NO;
				ENABLE_STRICT_OBJC_MSGSEND = YES;
				GCC_C_LANGUAGE_STANDARD = gnu11;
				GCC_NO_COMMON_BLOCKS = YES;
				GCC_WARN_64_TO_32_BIT_CONVERSION = YES;
				GCC_WARN_ABOUT_RETURN_TYPE = YES_ERROR;
				GCC_WARN_UNDECLARED_SELECTOR = YES;
				GCC_WARN_UNINITIALIZED_AUTOS = YES_AGGRESSIVE;
				GCC_WARN_UNUSED_FUNCTION = YES;
				GCC_WARN_UNUSED_VARIABLE = YES;
				IPHONEOS_DEPLOYMENT_TARGET = 15.2;
				MTL_ENABLE_DEBUG_INFO = NO;
				MTL_FAST_MATH = YES;
				SDKROOT = iphoneos;
				SWIFT_COMPILATION_MODE = wholemodule;
				SWIFT_OPTIMIZATION_LEVEL = "-O";
				VALIDATE_PRODUCT = YES;
			};
			name = Release;
		};
		4EAEE9B727B083A9001D4A86 /* Debug */ = {
			isa = XCBuildConfiguration;
			baseConfigurationReference = 21C664CA641CEDAC9DF11056 /* Pods-NoteMVVMR.debug.xcconfig */;
			buildSettings = {
				ASSETCATALOG_COMPILER_APPICON_NAME = AppIcon;
				ASSETCATALOG_COMPILER_GLOBAL_ACCENT_COLOR_NAME = AccentColor;
				CODE_SIGN_STYLE = Automatic;
				CURRENT_PROJECT_VERSION = 1;
				DEVELOPMENT_TEAM = 68W3SBSH6G;
				GENERATE_INFOPLIST_FILE = YES;
				INFOPLIST_FILE = NoteMVVMR/Info.plist;
				INFOPLIST_KEY_UIApplicationSupportsIndirectInputEvents = YES;
				INFOPLIST_KEY_UILaunchStoryboardName = LaunchScreen;
				INFOPLIST_KEY_UISupportedInterfaceOrientations_iPad = "UIInterfaceOrientationPortrait UIInterfaceOrientationPortraitUpsideDown UIInterfaceOrientationLandscapeLeft UIInterfaceOrientationLandscapeRight";
				INFOPLIST_KEY_UISupportedInterfaceOrientations_iPhone = "UIInterfaceOrientationPortrait UIInterfaceOrientationLandscapeLeft UIInterfaceOrientationLandscapeRight";
				IPHONEOS_DEPLOYMENT_TARGET = 15.2;
				LD_RUNPATH_SEARCH_PATHS = (
					"$(inherited)",
					"@executable_path/Frameworks",
				);
				MARKETING_VERSION = 1.0;
				PRODUCT_BUNDLE_IDENTIFIER = amber.NoteMVVMR;
				PRODUCT_NAME = "$(TARGET_NAME)";
				SWIFT_EMIT_LOC_STRINGS = YES;
				SWIFT_VERSION = 5.0;
				TARGETED_DEVICE_FAMILY = "1,2";
			};
			name = Debug;
		};
		4EAEE9B827B083A9001D4A86 /* Release */ = {
			isa = XCBuildConfiguration;
			baseConfigurationReference = 6F36D4B83BA67F903D77FDEF /* Pods-NoteMVVMR.release.xcconfig */;
			buildSettings = {
				ASSETCATALOG_COMPILER_APPICON_NAME = AppIcon;
				ASSETCATALOG_COMPILER_GLOBAL_ACCENT_COLOR_NAME = AccentColor;
				CODE_SIGN_STYLE = Automatic;
				CURRENT_PROJECT_VERSION = 1;
				DEVELOPMENT_TEAM = 68W3SBSH6G;
				GENERATE_INFOPLIST_FILE = YES;
				INFOPLIST_FILE = NoteMVVMR/Info.plist;
				INFOPLIST_KEY_UIApplicationSupportsIndirectInputEvents = YES;
				INFOPLIST_KEY_UILaunchStoryboardName = LaunchScreen;
				INFOPLIST_KEY_UISupportedInterfaceOrientations_iPad = "UIInterfaceOrientationPortrait UIInterfaceOrientationPortraitUpsideDown UIInterfaceOrientationLandscapeLeft UIInterfaceOrientationLandscapeRight";
				INFOPLIST_KEY_UISupportedInterfaceOrientations_iPhone = "UIInterfaceOrientationPortrait UIInterfaceOrientationLandscapeLeft UIInterfaceOrientationLandscapeRight";
				IPHONEOS_DEPLOYMENT_TARGET = 15.2;
				LD_RUNPATH_SEARCH_PATHS = (
					"$(inherited)",
					"@executable_path/Frameworks",
				);
				MARKETING_VERSION = 1.0;
				PRODUCT_BUNDLE_IDENTIFIER = amber.NoteMVVMR;
				PRODUCT_NAME = "$(TARGET_NAME)";
				SWIFT_EMIT_LOC_STRINGS = YES;
				SWIFT_VERSION = 5.0;
				TARGETED_DEVICE_FAMILY = "1,2";
			};
			name = Release;
		};
		4EAEE9BA27B083A9001D4A86 /* Debug */ = {
			isa = XCBuildConfiguration;
			baseConfigurationReference = A8D6ED56F37DB788319E436F /* Pods-NoteMVVMRTests.debug.xcconfig */;
			buildSettings = {
				ALWAYS_EMBED_SWIFT_STANDARD_LIBRARIES = YES;
				BUNDLE_LOADER = "$(TEST_HOST)";
				CODE_SIGN_STYLE = Automatic;
				CURRENT_PROJECT_VERSION = 1;
				DEVELOPMENT_TEAM = 68W3SBSH6G;
				GENERATE_INFOPLIST_FILE = YES;
				IPHONEOS_DEPLOYMENT_TARGET = 15.2;
				MARKETING_VERSION = 1.0;
				PRODUCT_BUNDLE_IDENTIFIER = amber.NoteMVVMRTests;
				PRODUCT_NAME = "$(TARGET_NAME)";
				SWIFT_EMIT_LOC_STRINGS = NO;
				SWIFT_VERSION = 5.0;
				TARGETED_DEVICE_FAMILY = "1,2";
				TEST_HOST = "$(BUILT_PRODUCTS_DIR)/NoteMVVMR.app/NoteMVVMR";
			};
			name = Debug;
		};
		4EAEE9BB27B083A9001D4A86 /* Release */ = {
			isa = XCBuildConfiguration;
			baseConfigurationReference = FBFD17F0165E4300C7E2C0DD /* Pods-NoteMVVMRTests.release.xcconfig */;
			buildSettings = {
				ALWAYS_EMBED_SWIFT_STANDARD_LIBRARIES = YES;
				BUNDLE_LOADER = "$(TEST_HOST)";
				CODE_SIGN_STYLE = Automatic;
				CURRENT_PROJECT_VERSION = 1;
				DEVELOPMENT_TEAM = 68W3SBSH6G;
				GENERATE_INFOPLIST_FILE = YES;
				IPHONEOS_DEPLOYMENT_TARGET = 15.2;
				MARKETING_VERSION = 1.0;
				PRODUCT_BUNDLE_IDENTIFIER = amber.NoteMVVMRTests;
				PRODUCT_NAME = "$(TARGET_NAME)";
				SWIFT_EMIT_LOC_STRINGS = NO;
				SWIFT_VERSION = 5.0;
				TARGETED_DEVICE_FAMILY = "1,2";
				TEST_HOST = "$(BUILT_PRODUCTS_DIR)/NoteMVVMR.app/NoteMVVMR";
			};
			name = Release;
		};
		4EAEE9BD27B083A9001D4A86 /* Debug */ = {
			isa = XCBuildConfiguration;
			baseConfigurationReference = D1A955A74A1F72732A673327 /* Pods-NoteMVVMR-NoteMVVMRUITests.debug.xcconfig */;
			buildSettings = {
				ALWAYS_EMBED_SWIFT_STANDARD_LIBRARIES = YES;
				CODE_SIGN_STYLE = Automatic;
				CURRENT_PROJECT_VERSION = 1;
				DEVELOPMENT_TEAM = 68W3SBSH6G;
				GENERATE_INFOPLIST_FILE = YES;
				MARKETING_VERSION = 1.0;
				PRODUCT_BUNDLE_IDENTIFIER = amber.NoteMVVMRUITests;
				PRODUCT_NAME = "$(TARGET_NAME)";
				SWIFT_EMIT_LOC_STRINGS = NO;
				SWIFT_VERSION = 5.0;
				TARGETED_DEVICE_FAMILY = "1,2";
				TEST_TARGET_NAME = NoteMVVMR;
			};
			name = Debug;
		};
		4EAEE9BE27B083A9001D4A86 /* Release */ = {
			isa = XCBuildConfiguration;
			baseConfigurationReference = 8E686B4322131D479FBCA1EC /* Pods-NoteMVVMR-NoteMVVMRUITests.release.xcconfig */;
			buildSettings = {
				ALWAYS_EMBED_SWIFT_STANDARD_LIBRARIES = YES;
				CODE_SIGN_STYLE = Automatic;
				CURRENT_PROJECT_VERSION = 1;
				DEVELOPMENT_TEAM = 68W3SBSH6G;
				GENERATE_INFOPLIST_FILE = YES;
				MARKETING_VERSION = 1.0;
				PRODUCT_BUNDLE_IDENTIFIER = amber.NoteMVVMRUITests;
				PRODUCT_NAME = "$(TARGET_NAME)";
				SWIFT_EMIT_LOC_STRINGS = NO;
				SWIFT_VERSION = 5.0;
				TARGETED_DEVICE_FAMILY = "1,2";
				TEST_TARGET_NAME = NoteMVVMR;
			};
			name = Release;
		};
/* End XCBuildConfiguration section */

/* Begin XCConfigurationList section */
		4EAEE98727B083A7001D4A86 /* Build configuration list for PBXProject "NoteMVVMR" */ = {
			isa = XCConfigurationList;
			buildConfigurations = (
				4EAEE9B427B083A9001D4A86 /* Debug */,
				4EAEE9B527B083A9001D4A86 /* Release */,
			);
			defaultConfigurationIsVisible = 0;
			defaultConfigurationName = Release;
		};
		4EAEE9B627B083A9001D4A86 /* Build configuration list for PBXNativeTarget "NoteMVVMR" */ = {
			isa = XCConfigurationList;
			buildConfigurations = (
				4EAEE9B727B083A9001D4A86 /* Debug */,
				4EAEE9B827B083A9001D4A86 /* Release */,
			);
			defaultConfigurationIsVisible = 0;
			defaultConfigurationName = Release;
		};
		4EAEE9B927B083A9001D4A86 /* Build configuration list for PBXNativeTarget "NoteMVVMRTests" */ = {
			isa = XCConfigurationList;
			buildConfigurations = (
				4EAEE9BA27B083A9001D4A86 /* Debug */,
				4EAEE9BB27B083A9001D4A86 /* Release */,
			);
			defaultConfigurationIsVisible = 0;
			defaultConfigurationName = Release;
		};
		4EAEE9BC27B083A9001D4A86 /* Build configuration list for PBXNativeTarget "NoteMVVMRUITests" */ = {
			isa = XCConfigurationList;
			buildConfigurations = (
				4EAEE9BD27B083A9001D4A86 /* Debug */,
				4EAEE9BE27B083A9001D4A86 /* Release */,
			);
			defaultConfigurationIsVisible = 0;
			defaultConfigurationName = Release;
		};
/* End XCConfigurationList section */
	};
	rootObject = 4EAEE98427B083A7001D4A86 /* Project object */;
}
